
Microsoft Visual Studio Solution File, Format Version 12.00
# Visual Studio 15
VisualStudioVersion = 15.0.26124.0
MinimumVisualStudioVersion = 15.0.26124.0
Project("{2150E333-8FDC-42A3-9474-1A3956D46DE8}") = "src", "src", "{AEC6EB74-4406-47BF-9B92-0BFFDFBA4BA4}"
EndProject
Project("{9A19103F-16F7-4668-BE54-9A1E7A4F7556}") = "GradeBook", "src\GradeBook\GradeBook.csproj", "{5E0A987E-2B5C-4BA5-A73A-BB0A3BA096F8}"
EndProject
Project("{2150E333-8FDC-42A3-9474-1A3956D46DE8}") = "test", "test", "{77951D19-0FD9-44B4-ADE8-ED2A74945E86}"
EndProject
Project("{9A19103F-16F7-4668-BE54-9A1E7A4F7556}") = "GradeBook.Tests", "test\GradeBook.Tests\GradeBook.Tests.csproj", "{D18F1404-1342-4456-A51B-65CCC050B0DD}"
EndProject
Project("{9A19103F-16F7-4668-BE54-9A1E7A4F7556}") = "NUnitTests", "NUnitTests\NUnitTests.csproj", "{C2B17D5F-7CB0-41DB-93EE-AD4FA7C796EC}"
EndProject
Project("{FAE04EC0-301F-11D3-BF4B-00C04F79EFBC}") = "ACM.BL", "ACM.BL\ACM.BL.csproj", "{2EB80161-5B70-4396-8E1A-474041FDCA5A}"
EndProject
Global
	GlobalSection(SolutionConfigurationPlatforms) = preSolution
		Debug|Any CPU = Debug|Any CPU
		Debug|x64 = Debug|x64
		Debug|x86 = Debug|x86
		Release|Any CPU = Release|Any CPU
		Release|x64 = Release|x64
		Release|x86 = Release|x86
	EndGlobalSection
	GlobalSection(ProjectConfigurationPlatforms) = postSolution
		{5E0A987E-2B5C-4BA5-A73A-BB0A3BA096F8}.Debug|Any CPU.ActiveCfg = Debug|Any CPU
		{5E0A987E-2B5C-4BA5-A73A-BB0A3BA096F8}.Debug|Any CPU.Build.0 = Debug|Any CPU
		{5E0A987E-2B5C-4BA5-A73A-BB0A3BA096F8}.Debug|x64.ActiveCfg = Debug|Any CPU
		{5E0A987E-2B5C-4BA5-A73A-BB0A3BA096F8}.Debug|x64.Build.0 = Debug|Any CPU
		{5E0A987E-2B5C-4BA5-A73A-BB0A3BA096F8}.Debug|x86.ActiveCfg = Debug|Any CPU
		{5E0A987E-2B5C-4BA5-A73A-BB0A3BA096F8}.Debug|x86.Build.0 = Debug|Any CPU
		{5E0A987E-2B5C-4BA5-A73A-BB0A3BA096F8}.Release|Any CPU.ActiveCfg = Release|Any CPU
		{5E0A987E-2B5C-4BA5-A73A-BB0A3BA096F8}.Release|Any CPU.Build.0 = Release|Any CPU
		{5E0A987E-2B5C-4BA5-A73A-BB0A3BA096F8}.Release|x64.ActiveCfg = Release|Any CPU
		{5E0A987E-2B5C-4BA5-A73A-BB0A3BA096F8}.Release|x64.Build.0 = Release|Any CPU
		{5E0A987E-2B5C-4BA5-A73A-BB0A3BA096F8}.Release|x86.ActiveCfg = Release|Any CPU
		{5E0A987E-2B5C-4BA5-A73A-BB0A3BA096F8}.Release|x86.Build.0 = Release|Any CPU
		{D18F1404-1342-4456-A51B-65CCC050B0DD}.Debug|Any CPU.ActiveCfg = Debug|Any CPU
		{D18F1404-1342-4456-A51B-65CCC050B0DD}.Debug|Any CPU.Build.0 = Debug|Any CPU
		{D18F1404-1342-4456-A51B-65CCC050B0DD}.Debug|x64.ActiveCfg = Debug|Any CPU
		{D18F1404-1342-4456-A51B-65CCC050B0DD}.Debug|x64.Build.0 = Debug|Any CPU
		{D18F1404-1342-4456-A51B-65CCC050B0DD}.Debug|x86.ActiveCfg = Debug|Any CPU
		{D18F1404-1342-4456-A51B-65CCC050B0DD}.Debug|x86.Build.0 = Debug|Any CPU
		{D18F1404-1342-4456-A51B-65CCC050B0DD}.Release|Any CPU.ActiveCfg = Release|Any CPU
		{D18F1404-1342-4456-A51B-65CCC050B0DD}.Release|Any CPU.Build.0 = Release|Any CPU
		{D18F1404-1342-4456-A51B-65CCC050B0DD}.Release|x64.ActiveCfg = Release|Any CPU
		{D18F1404-1342-4456-A51B-65CCC050B0DD}.Release|x64.Build.0 = Release|Any CPU
		{D18F1404-1342-4456-A51B-65CCC050B0DD}.Release|x86.ActiveCfg = Release|Any CPU
		{D18F1404-1342-4456-A51B-65CCC050B0DD}.Release|x86.Build.0 = Release|Any CPU
		{C2B17D5F-7CB0-41DB-93EE-AD4FA7C796EC}.Debug|Any CPU.ActiveCfg = Debug|Any CPU
		{C2B17D5F-7CB0-41DB-93EE-AD4FA7C796EC}.Debug|Any CPU.Build.0 = Debug|Any CPU
		{C2B17D5F-7CB0-41DB-93EE-AD4FA7C796EC}.Debug|x64.ActiveCfg = Debug|Any CPU
		{C2B17D5F-7CB0-41DB-93EE-AD4FA7C796EC}.Debug|x64.Build.0 = Debug|Any CPU
		{C2B17D5F-7CB0-41DB-93EE-AD4FA7C796EC}.Debug|x86.ActiveCfg = Debug|Any CPU
		{C2B17D5F-7CB0-41DB-93EE-AD4FA7C796EC}.Debug|x86.Build.0 = Debug|Any CPU
		{C2B17D5F-7CB0-41DB-93EE-AD4FA7C796EC}.Release|Any CPU.ActiveCfg = Release|Any CPU
		{C2B17D5F-7CB0-41DB-93EE-AD4FA7C796EC}.Release|Any CPU.Build.0 = Release|Any CPU
		{C2B17D5F-7CB0-41DB-93EE-AD4FA7C796EC}.Release|x64.ActiveCfg = Release|Any CPU
		{C2B17D5F-7CB0-41DB-93EE-AD4FA7C796EC}.Release|x64.Build.0 = Release|Any CPU
		{C2B17D5F-7CB0-41DB-93EE-AD4FA7C796EC}.Release|x86.ActiveCfg = Release|Any CPU
		{C2B17D5F-7CB0-41DB-93EE-AD4FA7C796EC}.Release|x86.Build.0 = Release|Any CPU
		{2EB80161-5B70-4396-8E1A-474041FDCA5A}.Debug|Any CPU.ActiveCfg = Debug|Any CPU
		{2EB80161-5B70-4396-8E1A-474041FDCA5A}.Debug|Any CPU.Build.0 = Debug|Any CPU
		{2EB80161-5B70-4396-8E1A-474041FDCA5A}.Debug|x64.ActiveCfg = Debug|Any CPU
		{2EB80161-5B70-4396-8E1A-474041FDCA5A}.Debug|x64.Build.0 = Debug|Any CPU
		{2EB80161-5B70-4396-8E1A-474041FDCA5A}.Debug|x86.ActiveCfg = Debug|Any CPU
		{2EB80161-5B70-4396-8E1A-474041FDCA5A}.Debug|x86.Build.0 = Debug|Any CPU
		{2EB80161-5B70-4396-8E1A-474041FDCA5A}.Release|Any CPU.ActiveCfg = Release|Any CPU
		{2EB80161-5B70-4396-8E1A-474041FDCA5A}.Release|Any CPU.Build.0 = Release|Any CPU
		{2EB80161-5B70-4396-8E1A-474041FDCA5A}.Release|x64.ActiveCfg = Release|Any CPU
		{2EB80161-5B70-4396-8E1A-474041FDCA5A}.Release|x64.Build.0 = Release|Any CPU
		{2EB80161-5B70-4396-8E1A-474041FDCA5A}.Release|x86.ActiveCfg = Release|Any CPU
		{2EB80161-5B70-4396-8E1A-474041FDCA5A}.Release|x86.Build.0 = Release|Any CPU
	EndGlobalSection
	GlobalSection(SolutionProperties) = preSolution
		HideSolutionNode = FALSE
	EndGlobalSection
	GlobalSection(NestedProjects) = preSolution
		{5E0A987E-2B5C-4BA5-A73A-BB0A3BA096F8} = {AEC6EB74-4406-47BF-9B92-0BFFDFBA4BA4}
		{D18F1404-1342-4456-A51B-65CCC050B0DD} = {77951D19-0FD9-44B4-ADE8-ED2A74945E86}
		{C2B17D5F-7CB0-41DB-93EE-AD4FA7C796EC} = {77951D19-0FD9-44B4-ADE8-ED2A74945E86}
		{2EB80161-5B70-4396-8E1A-474041FDCA5A} = {AEC6EB74-4406-47BF-9B92-0BFFDFBA4BA4}
	EndGlobalSection
	GlobalSection(ExtensibilityGlobals) = postSolution
		SolutionGuid = {8856E055-D287-4DCB-A5E8-8E11D677B9FD}
	EndGlobalSection
EndGlobal
