
Microsoft Visual Studio Solution File, Format Version 12.00
# Visual Studio Version 16
VisualStudioVersion = 16.0.29306.81
MinimumVisualStudioVersion = 15.0.26124.0
Project("{2150E333-8FDC-42A3-9474-1A3956D46DE8}") = "src", "src", "{AEC6EB74-4406-47BF-9B92-0BFFDFBA4BA4}"
	ProjectSection(SolutionItems) = preProject
		..\fuel.csv = ..\fuel.csv
	EndProjectSection
EndProject
Project("{9A19103F-16F7-4668-BE54-9A1E7A4F7556}") = "GradeBook", "src\GradeBook\GradeBook.csproj", "{5E0A987E-2B5C-4BA5-A73A-BB0A3BA096F8}"
EndProject
Project("{2150E333-8FDC-42A3-9474-1A3956D46DE8}") = "test", "test", "{77951D19-0FD9-44B4-ADE8-ED2A74945E86}"
EndProject
Project("{9A19103F-16F7-4668-BE54-9A1E7A4F7556}") = "GradeBook.Tests", "test\GradeBook.Tests\GradeBook.Tests.csproj", "{D18F1404-1342-4456-A51B-65CCC050B0DD}"
EndProject
Project("{9A19103F-16F7-4668-BE54-9A1E7A4F7556}") = "NUnitTests", "NUnitTests\NUnitTests.csproj", "{C2B17D5F-7CB0-41DB-93EE-AD4FA7C796EC}"
EndProject
Project("{FAE04EC0-301F-11D3-BF4B-00C04F79EFBC}") = "ACM.BL", "ACM.BL\ACM.BL.csproj", "{2EB80161-5B70-4396-8E1A-474041FDCA5A}"
EndProject
Project("{FAE04EC0-301F-11D3-BF4B-00C04F79EFBC}") = "Common", "Common\Common.csproj", "{F551A300-A42A-4624-B840-3642EA7AE689}"
EndProject
Project("{9A19103F-16F7-4668-BE54-9A1E7A4F7556}") = "CommonTests", "test\CommonTests\CommonTests.csproj", "{B854826A-070E-48BE-9376-983F6EAFFCDF}"
EndProject
Project("{2150E333-8FDC-42A3-9474-1A3956D46DE8}") = "Common", "Common", "{7B2233ED-5081-41DD-8675-8F4AF3906B4A}"
EndProject
Project("{FAE04EC0-301F-11D3-BF4B-00C04F79EFBC}") = "Forms", "Forms\Forms.csproj", "{B0701847-3C83-41A1-9BAD-6FCDCFDD307A}"
EndProject
Project("{2150E333-8FDC-42A3-9474-1A3956D46DE8}") = "FrameworkWeb", "FrameworkWeb", "{5AD84452-7334-4235-AA2D-0031A81D56E7}"
EndProject
Project("{2150E333-8FDC-42A3-9474-1A3956D46DE8}") = "Apps", "Apps", "{7EF97D3C-DFDD-413A-AE45-77E9A9D10408}"
EndProject
Project("{9A19103F-16F7-4668-BE54-9A1E7A4F7556}") = "MSTest", "MSTest\MSTest.csproj", "{47BCFB11-D855-4673-874D-003CC8C0E517}"
EndProject
Project("{FAE04EC0-301F-11D3-BF4B-00C04F79EFBC}") = "WebNetFramework", "WebNetFramework\WebNetFramework.csproj", "{53517D3D-5454-42B0-88E9-BC4DF7DB52BD}"
EndProject
Project("{9A19103F-16F7-4668-BE54-9A1E7A4F7556}") = "BusinessSample", "BusinessSample\BusinessSample.csproj", "{D67C3E76-EC60-4E21-B6E3-1588365FDB98}"
EndProject
Project("{9A19103F-16F7-4668-BE54-9A1E7A4F7556}") = "Application.Data", "Application.Data\Application.Data.csproj", "{18103699-0E08-4681-B64D-6A0711A78DD8}"
	ProjectSection(ProjectDependencies) = postProject
		{F551A300-A42A-4624-B840-3642EA7AE689} = {F551A300-A42A-4624-B840-3642EA7AE689}
	EndProjectSection
EndProject
Project("{9A19103F-16F7-4668-BE54-9A1E7A4F7556}") = "BethanysPieShop", "BethanysPieShop\BethanysPieShop.csproj", "{1F7135F7-BD79-4AC2-A19F-3FE06014BEEF}"
EndProject
Project("{9A19103F-16F7-4668-BE54-9A1E7A4F7556}") = "TennisApp", "TennisApp\TennisApp.csproj", "{7B6094A8-8D66-4BC6-BE2E-3DE629B808A8}"
EndProject
Project("{9A19103F-16F7-4668-BE54-9A1E7A4F7556}") = "BusinessSample.UI", "BusinessSample.UI\BusinessSample.UI.csproj", "{A40C94E0-9F0E-45B4-AF98-58E5D4588D86}"
EndProject
Project("{FAE04EC0-301F-11D3-BF4B-00C04F79EFBC}") = "Application.Domain", "Application.Domain\Application.Domain.csproj", "{9947CC75-F655-44D5-9CC2-9CD19751198D}"
EndProject
Project("{FAE04EC0-301F-11D3-BF4B-00C04F79EFBC}") = "AppFramework.Data", "AppFramework.Data\AppFramework.Data.csproj", "{8EE68C63-A0B9-43F2-98FA-D28B4DAB663A}"
EndProject
Project("{FAE04EC0-301F-11D3-BF4B-00C04F79EFBC}") = "AppFramework.UI", "AppFramework.UI\AppFramework.UI.csproj", "{59508D5C-B0B9-4A01-9F85-C2651885A0F3}"
EndProject
Project("{9A19103F-16F7-4668-BE54-9A1E7A4F7556}") = "AppCore.ConsoleUI", "AppCore.Console\AppCore.ConsoleUI.csproj", "{9C36EA8E-6D7D-4DDC-BB40-C53EE1073129}"
EndProject
Project("{2150E333-8FDC-42A3-9474-1A3956D46DE8}") = "FrameworkApps", "FrameworkApps", "{F88CED1F-10B0-4395-842F-E9E67B3B0F25}"
EndProject
Project("{9A19103F-16F7-4668-BE54-9A1E7A4F7556}") = "AppCoreWPF.UI", "AppCoreWPF.UI\AppCoreWPF.UI.csproj", "{96CF9405-982F-4D4E-9CBA-53A04A411D50}"
EndProject
Project("{9A19103F-16F7-4668-BE54-9A1E7A4F7556}") = "AppCore.FormsUI", "AppCore.FormsUI\AppCore.FormsUI.csproj", "{5CE411C5-7F2D-4B68-B1C1-FEE9C7832A86}"
EndProject
Project("{2150E333-8FDC-42A3-9474-1A3956D46DE8}") = "CoreApps", "CoreApps", "{012968B6-0247-431A-8144-B15BEC43030D}"
EndProject
Project("{9A19103F-16F7-4668-BE54-9A1E7A4F7556}") = "AppCore.WebUI", "AppCore.WebUI\AppCore.WebUI.csproj", "{BFE1DB1F-5626-45D6-A7E4-5BAC891500FA}"
EndProject
Project("{9A19103F-16F7-4668-BE54-9A1E7A4F7556}") = "AppCore.Domain", "AppCore.Domain\AppCore.Domain.csproj", "{9F75F376-7417-43DE-8F19-07FEFFA4432C}"
EndProject
Project("{2150E333-8FDC-42A3-9474-1A3956D46DE8}") = "CoreWeb", "CoreWeb", "{8E434E67-301B-4A01-8571-A66118B9EB64}"
EndProject
Project("{FAE04EC0-301F-11D3-BF4B-00C04F79EFBC}") = "AppCore.Data.Tests", "AppCore.Data.Tests\AppCore.Data.Tests.csproj", "{535759A5-A517-4864-8DDD-8BEBE5956B4D}"
EndProject
Global
	GlobalSection(SolutionConfigurationPlatforms) = preSolution
		Debug|Any CPU = Debug|Any CPU
		Debug|ARM = Debug|ARM
		Debug|iPhone = Debug|iPhone
		Debug|iPhoneSimulator = Debug|iPhoneSimulator
		Debug|x64 = Debug|x64
		Debug|x86 = Debug|x86
		Release|Any CPU = Release|Any CPU
		Release|ARM = Release|ARM
		Release|iPhone = Release|iPhone
		Release|iPhoneSimulator = Release|iPhoneSimulator
		Release|x64 = Release|x64
		Release|x86 = Release|x86
	EndGlobalSection
	GlobalSection(ProjectConfigurationPlatforms) = postSolution
		{5E0A987E-2B5C-4BA5-A73A-BB0A3BA096F8}.Debug|Any CPU.ActiveCfg = Debug|Any CPU
		{5E0A987E-2B5C-4BA5-A73A-BB0A3BA096F8}.Debug|Any CPU.Build.0 = Debug|Any CPU
		{5E0A987E-2B5C-4BA5-A73A-BB0A3BA096F8}.Debug|ARM.ActiveCfg = Debug|Any CPU
		{5E0A987E-2B5C-4BA5-A73A-BB0A3BA096F8}.Debug|ARM.Build.0 = Debug|Any CPU
		{5E0A987E-2B5C-4BA5-A73A-BB0A3BA096F8}.Debug|iPhone.ActiveCfg = Debug|Any CPU
		{5E0A987E-2B5C-4BA5-A73A-BB0A3BA096F8}.Debug|iPhone.Build.0 = Debug|Any CPU
		{5E0A987E-2B5C-4BA5-A73A-BB0A3BA096F8}.Debug|iPhoneSimulator.ActiveCfg = Debug|Any CPU
		{5E0A987E-2B5C-4BA5-A73A-BB0A3BA096F8}.Debug|iPhoneSimulator.Build.0 = Debug|Any CPU
		{5E0A987E-2B5C-4BA5-A73A-BB0A3BA096F8}.Debug|x64.ActiveCfg = Debug|Any CPU
		{5E0A987E-2B5C-4BA5-A73A-BB0A3BA096F8}.Debug|x64.Build.0 = Debug|Any CPU
		{5E0A987E-2B5C-4BA5-A73A-BB0A3BA096F8}.Debug|x86.ActiveCfg = Debug|Any CPU
		{5E0A987E-2B5C-4BA5-A73A-BB0A3BA096F8}.Debug|x86.Build.0 = Debug|Any CPU
		{5E0A987E-2B5C-4BA5-A73A-BB0A3BA096F8}.Release|Any CPU.ActiveCfg = Release|Any CPU
		{5E0A987E-2B5C-4BA5-A73A-BB0A3BA096F8}.Release|Any CPU.Build.0 = Release|Any CPU
		{5E0A987E-2B5C-4BA5-A73A-BB0A3BA096F8}.Release|ARM.ActiveCfg = Release|Any CPU
		{5E0A987E-2B5C-4BA5-A73A-BB0A3BA096F8}.Release|ARM.Build.0 = Release|Any CPU
		{5E0A987E-2B5C-4BA5-A73A-BB0A3BA096F8}.Release|iPhone.ActiveCfg = Release|Any CPU
		{5E0A987E-2B5C-4BA5-A73A-BB0A3BA096F8}.Release|iPhone.Build.0 = Release|Any CPU
		{5E0A987E-2B5C-4BA5-A73A-BB0A3BA096F8}.Release|iPhoneSimulator.ActiveCfg = Release|Any CPU
		{5E0A987E-2B5C-4BA5-A73A-BB0A3BA096F8}.Release|iPhoneSimulator.Build.0 = Release|Any CPU
		{5E0A987E-2B5C-4BA5-A73A-BB0A3BA096F8}.Release|x64.ActiveCfg = Release|Any CPU
		{5E0A987E-2B5C-4BA5-A73A-BB0A3BA096F8}.Release|x64.Build.0 = Release|Any CPU
		{5E0A987E-2B5C-4BA5-A73A-BB0A3BA096F8}.Release|x86.ActiveCfg = Release|Any CPU
		{5E0A987E-2B5C-4BA5-A73A-BB0A3BA096F8}.Release|x86.Build.0 = Release|Any CPU
		{D18F1404-1342-4456-A51B-65CCC050B0DD}.Debug|Any CPU.ActiveCfg = Debug|Any CPU
		{D18F1404-1342-4456-A51B-65CCC050B0DD}.Debug|Any CPU.Build.0 = Debug|Any CPU
		{D18F1404-1342-4456-A51B-65CCC050B0DD}.Debug|ARM.ActiveCfg = Debug|Any CPU
		{D18F1404-1342-4456-A51B-65CCC050B0DD}.Debug|ARM.Build.0 = Debug|Any CPU
		{D18F1404-1342-4456-A51B-65CCC050B0DD}.Debug|iPhone.ActiveCfg = Debug|Any CPU
		{D18F1404-1342-4456-A51B-65CCC050B0DD}.Debug|iPhone.Build.0 = Debug|Any CPU
		{D18F1404-1342-4456-A51B-65CCC050B0DD}.Debug|iPhoneSimulator.ActiveCfg = Debug|Any CPU
		{D18F1404-1342-4456-A51B-65CCC050B0DD}.Debug|iPhoneSimulator.Build.0 = Debug|Any CPU
		{D18F1404-1342-4456-A51B-65CCC050B0DD}.Debug|x64.ActiveCfg = Debug|Any CPU
		{D18F1404-1342-4456-A51B-65CCC050B0DD}.Debug|x64.Build.0 = Debug|Any CPU
		{D18F1404-1342-4456-A51B-65CCC050B0DD}.Debug|x86.ActiveCfg = Debug|Any CPU
		{D18F1404-1342-4456-A51B-65CCC050B0DD}.Debug|x86.Build.0 = Debug|Any CPU
		{D18F1404-1342-4456-A51B-65CCC050B0DD}.Release|Any CPU.ActiveCfg = Release|Any CPU
		{D18F1404-1342-4456-A51B-65CCC050B0DD}.Release|Any CPU.Build.0 = Release|Any CPU
		{D18F1404-1342-4456-A51B-65CCC050B0DD}.Release|ARM.ActiveCfg = Release|Any CPU
		{D18F1404-1342-4456-A51B-65CCC050B0DD}.Release|ARM.Build.0 = Release|Any CPU
		{D18F1404-1342-4456-A51B-65CCC050B0DD}.Release|iPhone.ActiveCfg = Release|Any CPU
		{D18F1404-1342-4456-A51B-65CCC050B0DD}.Release|iPhone.Build.0 = Release|Any CPU
		{D18F1404-1342-4456-A51B-65CCC050B0DD}.Release|iPhoneSimulator.ActiveCfg = Release|Any CPU
		{D18F1404-1342-4456-A51B-65CCC050B0DD}.Release|iPhoneSimulator.Build.0 = Release|Any CPU
		{D18F1404-1342-4456-A51B-65CCC050B0DD}.Release|x64.ActiveCfg = Release|Any CPU
		{D18F1404-1342-4456-A51B-65CCC050B0DD}.Release|x64.Build.0 = Release|Any CPU
		{D18F1404-1342-4456-A51B-65CCC050B0DD}.Release|x86.ActiveCfg = Release|Any CPU
		{D18F1404-1342-4456-A51B-65CCC050B0DD}.Release|x86.Build.0 = Release|Any CPU
		{C2B17D5F-7CB0-41DB-93EE-AD4FA7C796EC}.Debug|Any CPU.ActiveCfg = Debug|Any CPU
		{C2B17D5F-7CB0-41DB-93EE-AD4FA7C796EC}.Debug|Any CPU.Build.0 = Debug|Any CPU
		{C2B17D5F-7CB0-41DB-93EE-AD4FA7C796EC}.Debug|ARM.ActiveCfg = Debug|Any CPU
		{C2B17D5F-7CB0-41DB-93EE-AD4FA7C796EC}.Debug|ARM.Build.0 = Debug|Any CPU
		{C2B17D5F-7CB0-41DB-93EE-AD4FA7C796EC}.Debug|iPhone.ActiveCfg = Debug|Any CPU
		{C2B17D5F-7CB0-41DB-93EE-AD4FA7C796EC}.Debug|iPhone.Build.0 = Debug|Any CPU
		{C2B17D5F-7CB0-41DB-93EE-AD4FA7C796EC}.Debug|iPhoneSimulator.ActiveCfg = Debug|Any CPU
		{C2B17D5F-7CB0-41DB-93EE-AD4FA7C796EC}.Debug|iPhoneSimulator.Build.0 = Debug|Any CPU
		{C2B17D5F-7CB0-41DB-93EE-AD4FA7C796EC}.Debug|x64.ActiveCfg = Debug|Any CPU
		{C2B17D5F-7CB0-41DB-93EE-AD4FA7C796EC}.Debug|x64.Build.0 = Debug|Any CPU
		{C2B17D5F-7CB0-41DB-93EE-AD4FA7C796EC}.Debug|x86.ActiveCfg = Debug|Any CPU
		{C2B17D5F-7CB0-41DB-93EE-AD4FA7C796EC}.Debug|x86.Build.0 = Debug|Any CPU
		{C2B17D5F-7CB0-41DB-93EE-AD4FA7C796EC}.Release|Any CPU.ActiveCfg = Release|Any CPU
		{C2B17D5F-7CB0-41DB-93EE-AD4FA7C796EC}.Release|Any CPU.Build.0 = Release|Any CPU
		{C2B17D5F-7CB0-41DB-93EE-AD4FA7C796EC}.Release|ARM.ActiveCfg = Release|Any CPU
		{C2B17D5F-7CB0-41DB-93EE-AD4FA7C796EC}.Release|ARM.Build.0 = Release|Any CPU
		{C2B17D5F-7CB0-41DB-93EE-AD4FA7C796EC}.Release|iPhone.ActiveCfg = Release|Any CPU
		{C2B17D5F-7CB0-41DB-93EE-AD4FA7C796EC}.Release|iPhone.Build.0 = Release|Any CPU
		{C2B17D5F-7CB0-41DB-93EE-AD4FA7C796EC}.Release|iPhoneSimulator.ActiveCfg = Release|Any CPU
		{C2B17D5F-7CB0-41DB-93EE-AD4FA7C796EC}.Release|iPhoneSimulator.Build.0 = Release|Any CPU
		{C2B17D5F-7CB0-41DB-93EE-AD4FA7C796EC}.Release|x64.ActiveCfg = Release|Any CPU
		{C2B17D5F-7CB0-41DB-93EE-AD4FA7C796EC}.Release|x64.Build.0 = Release|Any CPU
		{C2B17D5F-7CB0-41DB-93EE-AD4FA7C796EC}.Release|x86.ActiveCfg = Release|Any CPU
		{C2B17D5F-7CB0-41DB-93EE-AD4FA7C796EC}.Release|x86.Build.0 = Release|Any CPU
		{2EB80161-5B70-4396-8E1A-474041FDCA5A}.Debug|Any CPU.ActiveCfg = Debug|Any CPU
		{2EB80161-5B70-4396-8E1A-474041FDCA5A}.Debug|Any CPU.Build.0 = Debug|Any CPU
		{2EB80161-5B70-4396-8E1A-474041FDCA5A}.Debug|ARM.ActiveCfg = Debug|Any CPU
		{2EB80161-5B70-4396-8E1A-474041FDCA5A}.Debug|ARM.Build.0 = Debug|Any CPU
		{2EB80161-5B70-4396-8E1A-474041FDCA5A}.Debug|iPhone.ActiveCfg = Debug|Any CPU
		{2EB80161-5B70-4396-8E1A-474041FDCA5A}.Debug|iPhone.Build.0 = Debug|Any CPU
		{2EB80161-5B70-4396-8E1A-474041FDCA5A}.Debug|iPhoneSimulator.ActiveCfg = Debug|Any CPU
		{2EB80161-5B70-4396-8E1A-474041FDCA5A}.Debug|iPhoneSimulator.Build.0 = Debug|Any CPU
		{2EB80161-5B70-4396-8E1A-474041FDCA5A}.Debug|x64.ActiveCfg = Debug|Any CPU
		{2EB80161-5B70-4396-8E1A-474041FDCA5A}.Debug|x64.Build.0 = Debug|Any CPU
		{2EB80161-5B70-4396-8E1A-474041FDCA5A}.Debug|x86.ActiveCfg = Debug|Any CPU
		{2EB80161-5B70-4396-8E1A-474041FDCA5A}.Debug|x86.Build.0 = Debug|Any CPU
		{2EB80161-5B70-4396-8E1A-474041FDCA5A}.Release|Any CPU.ActiveCfg = Release|Any CPU
		{2EB80161-5B70-4396-8E1A-474041FDCA5A}.Release|Any CPU.Build.0 = Release|Any CPU
		{2EB80161-5B70-4396-8E1A-474041FDCA5A}.Release|ARM.ActiveCfg = Release|Any CPU
		{2EB80161-5B70-4396-8E1A-474041FDCA5A}.Release|ARM.Build.0 = Release|Any CPU
		{2EB80161-5B70-4396-8E1A-474041FDCA5A}.Release|iPhone.ActiveCfg = Release|Any CPU
		{2EB80161-5B70-4396-8E1A-474041FDCA5A}.Release|iPhone.Build.0 = Release|Any CPU
		{2EB80161-5B70-4396-8E1A-474041FDCA5A}.Release|iPhoneSimulator.ActiveCfg = Release|Any CPU
		{2EB80161-5B70-4396-8E1A-474041FDCA5A}.Release|iPhoneSimulator.Build.0 = Release|Any CPU
		{2EB80161-5B70-4396-8E1A-474041FDCA5A}.Release|x64.ActiveCfg = Release|Any CPU
		{2EB80161-5B70-4396-8E1A-474041FDCA5A}.Release|x64.Build.0 = Release|Any CPU
		{2EB80161-5B70-4396-8E1A-474041FDCA5A}.Release|x86.ActiveCfg = Release|Any CPU
		{2EB80161-5B70-4396-8E1A-474041FDCA5A}.Release|x86.Build.0 = Release|Any CPU
		{F551A300-A42A-4624-B840-3642EA7AE689}.Debug|Any CPU.ActiveCfg = Debug|Any CPU
		{F551A300-A42A-4624-B840-3642EA7AE689}.Debug|Any CPU.Build.0 = Debug|Any CPU
		{F551A300-A42A-4624-B840-3642EA7AE689}.Debug|ARM.ActiveCfg = Debug|Any CPU
		{F551A300-A42A-4624-B840-3642EA7AE689}.Debug|ARM.Build.0 = Debug|Any CPU
		{F551A300-A42A-4624-B840-3642EA7AE689}.Debug|iPhone.ActiveCfg = Debug|Any CPU
		{F551A300-A42A-4624-B840-3642EA7AE689}.Debug|iPhone.Build.0 = Debug|Any CPU
		{F551A300-A42A-4624-B840-3642EA7AE689}.Debug|iPhoneSimulator.ActiveCfg = Debug|Any CPU
		{F551A300-A42A-4624-B840-3642EA7AE689}.Debug|iPhoneSimulator.Build.0 = Debug|Any CPU
		{F551A300-A42A-4624-B840-3642EA7AE689}.Debug|x64.ActiveCfg = Debug|Any CPU
		{F551A300-A42A-4624-B840-3642EA7AE689}.Debug|x64.Build.0 = Debug|Any CPU
		{F551A300-A42A-4624-B840-3642EA7AE689}.Debug|x86.ActiveCfg = Debug|Any CPU
		{F551A300-A42A-4624-B840-3642EA7AE689}.Debug|x86.Build.0 = Debug|Any CPU
		{F551A300-A42A-4624-B840-3642EA7AE689}.Release|Any CPU.ActiveCfg = Release|Any CPU
		{F551A300-A42A-4624-B840-3642EA7AE689}.Release|Any CPU.Build.0 = Release|Any CPU
		{F551A300-A42A-4624-B840-3642EA7AE689}.Release|ARM.ActiveCfg = Release|Any CPU
		{F551A300-A42A-4624-B840-3642EA7AE689}.Release|ARM.Build.0 = Release|Any CPU
		{F551A300-A42A-4624-B840-3642EA7AE689}.Release|iPhone.ActiveCfg = Release|Any CPU
		{F551A300-A42A-4624-B840-3642EA7AE689}.Release|iPhone.Build.0 = Release|Any CPU
		{F551A300-A42A-4624-B840-3642EA7AE689}.Release|iPhoneSimulator.ActiveCfg = Release|Any CPU
		{F551A300-A42A-4624-B840-3642EA7AE689}.Release|iPhoneSimulator.Build.0 = Release|Any CPU
		{F551A300-A42A-4624-B840-3642EA7AE689}.Release|x64.ActiveCfg = Release|Any CPU
		{F551A300-A42A-4624-B840-3642EA7AE689}.Release|x64.Build.0 = Release|Any CPU
		{F551A300-A42A-4624-B840-3642EA7AE689}.Release|x86.ActiveCfg = Release|Any CPU
		{F551A300-A42A-4624-B840-3642EA7AE689}.Release|x86.Build.0 = Release|Any CPU
		{B854826A-070E-48BE-9376-983F6EAFFCDF}.Debug|Any CPU.ActiveCfg = Debug|Any CPU
		{B854826A-070E-48BE-9376-983F6EAFFCDF}.Debug|Any CPU.Build.0 = Debug|Any CPU
		{B854826A-070E-48BE-9376-983F6EAFFCDF}.Debug|ARM.ActiveCfg = Debug|Any CPU
		{B854826A-070E-48BE-9376-983F6EAFFCDF}.Debug|ARM.Build.0 = Debug|Any CPU
		{B854826A-070E-48BE-9376-983F6EAFFCDF}.Debug|iPhone.ActiveCfg = Debug|Any CPU
		{B854826A-070E-48BE-9376-983F6EAFFCDF}.Debug|iPhone.Build.0 = Debug|Any CPU
		{B854826A-070E-48BE-9376-983F6EAFFCDF}.Debug|iPhoneSimulator.ActiveCfg = Debug|Any CPU
		{B854826A-070E-48BE-9376-983F6EAFFCDF}.Debug|iPhoneSimulator.Build.0 = Debug|Any CPU
		{B854826A-070E-48BE-9376-983F6EAFFCDF}.Debug|x64.ActiveCfg = Debug|Any CPU
		{B854826A-070E-48BE-9376-983F6EAFFCDF}.Debug|x64.Build.0 = Debug|Any CPU
		{B854826A-070E-48BE-9376-983F6EAFFCDF}.Debug|x86.ActiveCfg = Debug|Any CPU
		{B854826A-070E-48BE-9376-983F6EAFFCDF}.Debug|x86.Build.0 = Debug|Any CPU
		{B854826A-070E-48BE-9376-983F6EAFFCDF}.Release|Any CPU.ActiveCfg = Release|Any CPU
		{B854826A-070E-48BE-9376-983F6EAFFCDF}.Release|Any CPU.Build.0 = Release|Any CPU
		{B854826A-070E-48BE-9376-983F6EAFFCDF}.Release|ARM.ActiveCfg = Release|Any CPU
		{B854826A-070E-48BE-9376-983F6EAFFCDF}.Release|ARM.Build.0 = Release|Any CPU
		{B854826A-070E-48BE-9376-983F6EAFFCDF}.Release|iPhone.ActiveCfg = Release|Any CPU
		{B854826A-070E-48BE-9376-983F6EAFFCDF}.Release|iPhone.Build.0 = Release|Any CPU
		{B854826A-070E-48BE-9376-983F6EAFFCDF}.Release|iPhoneSimulator.ActiveCfg = Release|Any CPU
		{B854826A-070E-48BE-9376-983F6EAFFCDF}.Release|iPhoneSimulator.Build.0 = Release|Any CPU
		{B854826A-070E-48BE-9376-983F6EAFFCDF}.Release|x64.ActiveCfg = Release|Any CPU
		{B854826A-070E-48BE-9376-983F6EAFFCDF}.Release|x64.Build.0 = Release|Any CPU
		{B854826A-070E-48BE-9376-983F6EAFFCDF}.Release|x86.ActiveCfg = Release|Any CPU
		{B854826A-070E-48BE-9376-983F6EAFFCDF}.Release|x86.Build.0 = Release|Any CPU
		{B0701847-3C83-41A1-9BAD-6FCDCFDD307A}.Debug|Any CPU.ActiveCfg = Debug|Any CPU
		{B0701847-3C83-41A1-9BAD-6FCDCFDD307A}.Debug|Any CPU.Build.0 = Debug|Any CPU
		{B0701847-3C83-41A1-9BAD-6FCDCFDD307A}.Debug|ARM.ActiveCfg = Debug|Any CPU
		{B0701847-3C83-41A1-9BAD-6FCDCFDD307A}.Debug|ARM.Build.0 = Debug|Any CPU
		{B0701847-3C83-41A1-9BAD-6FCDCFDD307A}.Debug|iPhone.ActiveCfg = Debug|Any CPU
		{B0701847-3C83-41A1-9BAD-6FCDCFDD307A}.Debug|iPhone.Build.0 = Debug|Any CPU
		{B0701847-3C83-41A1-9BAD-6FCDCFDD307A}.Debug|iPhoneSimulator.ActiveCfg = Debug|Any CPU
		{B0701847-3C83-41A1-9BAD-6FCDCFDD307A}.Debug|iPhoneSimulator.Build.0 = Debug|Any CPU
		{B0701847-3C83-41A1-9BAD-6FCDCFDD307A}.Debug|x64.ActiveCfg = Debug|Any CPU
		{B0701847-3C83-41A1-9BAD-6FCDCFDD307A}.Debug|x64.Build.0 = Debug|Any CPU
		{B0701847-3C83-41A1-9BAD-6FCDCFDD307A}.Debug|x86.ActiveCfg = Debug|Any CPU
		{B0701847-3C83-41A1-9BAD-6FCDCFDD307A}.Debug|x86.Build.0 = Debug|Any CPU
		{B0701847-3C83-41A1-9BAD-6FCDCFDD307A}.Release|Any CPU.ActiveCfg = Release|Any CPU
		{B0701847-3C83-41A1-9BAD-6FCDCFDD307A}.Release|Any CPU.Build.0 = Release|Any CPU
		{B0701847-3C83-41A1-9BAD-6FCDCFDD307A}.Release|ARM.ActiveCfg = Release|Any CPU
		{B0701847-3C83-41A1-9BAD-6FCDCFDD307A}.Release|ARM.Build.0 = Release|Any CPU
		{B0701847-3C83-41A1-9BAD-6FCDCFDD307A}.Release|iPhone.ActiveCfg = Release|Any CPU
		{B0701847-3C83-41A1-9BAD-6FCDCFDD307A}.Release|iPhone.Build.0 = Release|Any CPU
		{B0701847-3C83-41A1-9BAD-6FCDCFDD307A}.Release|iPhoneSimulator.ActiveCfg = Release|Any CPU
		{B0701847-3C83-41A1-9BAD-6FCDCFDD307A}.Release|iPhoneSimulator.Build.0 = Release|Any CPU
		{B0701847-3C83-41A1-9BAD-6FCDCFDD307A}.Release|x64.ActiveCfg = Release|Any CPU
		{B0701847-3C83-41A1-9BAD-6FCDCFDD307A}.Release|x64.Build.0 = Release|Any CPU
		{B0701847-3C83-41A1-9BAD-6FCDCFDD307A}.Release|x86.ActiveCfg = Release|Any CPU
		{B0701847-3C83-41A1-9BAD-6FCDCFDD307A}.Release|x86.Build.0 = Release|Any CPU
		{47BCFB11-D855-4673-874D-003CC8C0E517}.Debug|Any CPU.ActiveCfg = Debug|Any CPU
		{47BCFB11-D855-4673-874D-003CC8C0E517}.Debug|Any CPU.Build.0 = Debug|Any CPU
		{47BCFB11-D855-4673-874D-003CC8C0E517}.Debug|ARM.ActiveCfg = Debug|Any CPU
		{47BCFB11-D855-4673-874D-003CC8C0E517}.Debug|ARM.Build.0 = Debug|Any CPU
		{47BCFB11-D855-4673-874D-003CC8C0E517}.Debug|iPhone.ActiveCfg = Debug|Any CPU
		{47BCFB11-D855-4673-874D-003CC8C0E517}.Debug|iPhone.Build.0 = Debug|Any CPU
		{47BCFB11-D855-4673-874D-003CC8C0E517}.Debug|iPhoneSimulator.ActiveCfg = Debug|Any CPU
		{47BCFB11-D855-4673-874D-003CC8C0E517}.Debug|iPhoneSimulator.Build.0 = Debug|Any CPU
		{47BCFB11-D855-4673-874D-003CC8C0E517}.Debug|x64.ActiveCfg = Debug|Any CPU
		{47BCFB11-D855-4673-874D-003CC8C0E517}.Debug|x64.Build.0 = Debug|Any CPU
		{47BCFB11-D855-4673-874D-003CC8C0E517}.Debug|x86.ActiveCfg = Debug|Any CPU
		{47BCFB11-D855-4673-874D-003CC8C0E517}.Debug|x86.Build.0 = Debug|Any CPU
		{47BCFB11-D855-4673-874D-003CC8C0E517}.Release|Any CPU.ActiveCfg = Release|Any CPU
		{47BCFB11-D855-4673-874D-003CC8C0E517}.Release|Any CPU.Build.0 = Release|Any CPU
		{47BCFB11-D855-4673-874D-003CC8C0E517}.Release|ARM.ActiveCfg = Release|Any CPU
		{47BCFB11-D855-4673-874D-003CC8C0E517}.Release|ARM.Build.0 = Release|Any CPU
		{47BCFB11-D855-4673-874D-003CC8C0E517}.Release|iPhone.ActiveCfg = Release|Any CPU
		{47BCFB11-D855-4673-874D-003CC8C0E517}.Release|iPhone.Build.0 = Release|Any CPU
		{47BCFB11-D855-4673-874D-003CC8C0E517}.Release|iPhoneSimulator.ActiveCfg = Release|Any CPU
		{47BCFB11-D855-4673-874D-003CC8C0E517}.Release|iPhoneSimulator.Build.0 = Release|Any CPU
		{47BCFB11-D855-4673-874D-003CC8C0E517}.Release|x64.ActiveCfg = Release|Any CPU
		{47BCFB11-D855-4673-874D-003CC8C0E517}.Release|x64.Build.0 = Release|Any CPU
		{47BCFB11-D855-4673-874D-003CC8C0E517}.Release|x86.ActiveCfg = Release|Any CPU
		{47BCFB11-D855-4673-874D-003CC8C0E517}.Release|x86.Build.0 = Release|Any CPU
		{53517D3D-5454-42B0-88E9-BC4DF7DB52BD}.Debug|Any CPU.ActiveCfg = Debug|Any CPU
		{53517D3D-5454-42B0-88E9-BC4DF7DB52BD}.Debug|Any CPU.Build.0 = Debug|Any CPU
		{53517D3D-5454-42B0-88E9-BC4DF7DB52BD}.Debug|ARM.ActiveCfg = Debug|Any CPU
		{53517D3D-5454-42B0-88E9-BC4DF7DB52BD}.Debug|ARM.Build.0 = Debug|Any CPU
		{53517D3D-5454-42B0-88E9-BC4DF7DB52BD}.Debug|iPhone.ActiveCfg = Debug|Any CPU
		{53517D3D-5454-42B0-88E9-BC4DF7DB52BD}.Debug|iPhone.Build.0 = Debug|Any CPU
		{53517D3D-5454-42B0-88E9-BC4DF7DB52BD}.Debug|iPhoneSimulator.ActiveCfg = Debug|Any CPU
		{53517D3D-5454-42B0-88E9-BC4DF7DB52BD}.Debug|iPhoneSimulator.Build.0 = Debug|Any CPU
		{53517D3D-5454-42B0-88E9-BC4DF7DB52BD}.Debug|x64.ActiveCfg = Debug|Any CPU
		{53517D3D-5454-42B0-88E9-BC4DF7DB52BD}.Debug|x64.Build.0 = Debug|Any CPU
		{53517D3D-5454-42B0-88E9-BC4DF7DB52BD}.Debug|x86.ActiveCfg = Debug|Any CPU
		{53517D3D-5454-42B0-88E9-BC4DF7DB52BD}.Debug|x86.Build.0 = Debug|Any CPU
		{53517D3D-5454-42B0-88E9-BC4DF7DB52BD}.Release|Any CPU.ActiveCfg = Release|Any CPU
		{53517D3D-5454-42B0-88E9-BC4DF7DB52BD}.Release|Any CPU.Build.0 = Release|Any CPU
		{53517D3D-5454-42B0-88E9-BC4DF7DB52BD}.Release|ARM.ActiveCfg = Release|Any CPU
		{53517D3D-5454-42B0-88E9-BC4DF7DB52BD}.Release|ARM.Build.0 = Release|Any CPU
		{53517D3D-5454-42B0-88E9-BC4DF7DB52BD}.Release|iPhone.ActiveCfg = Release|Any CPU
		{53517D3D-5454-42B0-88E9-BC4DF7DB52BD}.Release|iPhone.Build.0 = Release|Any CPU
		{53517D3D-5454-42B0-88E9-BC4DF7DB52BD}.Release|iPhoneSimulator.ActiveCfg = Release|Any CPU
		{53517D3D-5454-42B0-88E9-BC4DF7DB52BD}.Release|iPhoneSimulator.Build.0 = Release|Any CPU
		{53517D3D-5454-42B0-88E9-BC4DF7DB52BD}.Release|x64.ActiveCfg = Release|Any CPU
		{53517D3D-5454-42B0-88E9-BC4DF7DB52BD}.Release|x64.Build.0 = Release|Any CPU
		{53517D3D-5454-42B0-88E9-BC4DF7DB52BD}.Release|x86.ActiveCfg = Release|Any CPU
		{53517D3D-5454-42B0-88E9-BC4DF7DB52BD}.Release|x86.Build.0 = Release|Any CPU
		{D67C3E76-EC60-4E21-B6E3-1588365FDB98}.Debug|Any CPU.ActiveCfg = Debug|Any CPU
		{D67C3E76-EC60-4E21-B6E3-1588365FDB98}.Debug|Any CPU.Build.0 = Debug|Any CPU
		{D67C3E76-EC60-4E21-B6E3-1588365FDB98}.Debug|ARM.ActiveCfg = Debug|Any CPU
		{D67C3E76-EC60-4E21-B6E3-1588365FDB98}.Debug|ARM.Build.0 = Debug|Any CPU
		{D67C3E76-EC60-4E21-B6E3-1588365FDB98}.Debug|iPhone.ActiveCfg = Debug|Any CPU
		{D67C3E76-EC60-4E21-B6E3-1588365FDB98}.Debug|iPhone.Build.0 = Debug|Any CPU
		{D67C3E76-EC60-4E21-B6E3-1588365FDB98}.Debug|iPhoneSimulator.ActiveCfg = Debug|Any CPU
		{D67C3E76-EC60-4E21-B6E3-1588365FDB98}.Debug|iPhoneSimulator.Build.0 = Debug|Any CPU
		{D67C3E76-EC60-4E21-B6E3-1588365FDB98}.Debug|x64.ActiveCfg = Debug|Any CPU
		{D67C3E76-EC60-4E21-B6E3-1588365FDB98}.Debug|x64.Build.0 = Debug|Any CPU
		{D67C3E76-EC60-4E21-B6E3-1588365FDB98}.Debug|x86.ActiveCfg = Debug|Any CPU
		{D67C3E76-EC60-4E21-B6E3-1588365FDB98}.Debug|x86.Build.0 = Debug|Any CPU
		{D67C3E76-EC60-4E21-B6E3-1588365FDB98}.Release|Any CPU.ActiveCfg = Release|Any CPU
		{D67C3E76-EC60-4E21-B6E3-1588365FDB98}.Release|Any CPU.Build.0 = Release|Any CPU
		{D67C3E76-EC60-4E21-B6E3-1588365FDB98}.Release|ARM.ActiveCfg = Release|Any CPU
		{D67C3E76-EC60-4E21-B6E3-1588365FDB98}.Release|ARM.Build.0 = Release|Any CPU
		{D67C3E76-EC60-4E21-B6E3-1588365FDB98}.Release|iPhone.ActiveCfg = Release|Any CPU
		{D67C3E76-EC60-4E21-B6E3-1588365FDB98}.Release|iPhone.Build.0 = Release|Any CPU
		{D67C3E76-EC60-4E21-B6E3-1588365FDB98}.Release|iPhoneSimulator.ActiveCfg = Release|Any CPU
		{D67C3E76-EC60-4E21-B6E3-1588365FDB98}.Release|iPhoneSimulator.Build.0 = Release|Any CPU
		{D67C3E76-EC60-4E21-B6E3-1588365FDB98}.Release|x64.ActiveCfg = Release|Any CPU
		{D67C3E76-EC60-4E21-B6E3-1588365FDB98}.Release|x64.Build.0 = Release|Any CPU
		{D67C3E76-EC60-4E21-B6E3-1588365FDB98}.Release|x86.ActiveCfg = Release|Any CPU
		{D67C3E76-EC60-4E21-B6E3-1588365FDB98}.Release|x86.Build.0 = Release|Any CPU
		{18103699-0E08-4681-B64D-6A0711A78DD8}.Debug|Any CPU.ActiveCfg = Debug|Any CPU
		{18103699-0E08-4681-B64D-6A0711A78DD8}.Debug|Any CPU.Build.0 = Debug|Any CPU
		{18103699-0E08-4681-B64D-6A0711A78DD8}.Debug|ARM.ActiveCfg = Debug|Any CPU
		{18103699-0E08-4681-B64D-6A0711A78DD8}.Debug|ARM.Build.0 = Debug|Any CPU
		{18103699-0E08-4681-B64D-6A0711A78DD8}.Debug|iPhone.ActiveCfg = Debug|Any CPU
		{18103699-0E08-4681-B64D-6A0711A78DD8}.Debug|iPhone.Build.0 = Debug|Any CPU
		{18103699-0E08-4681-B64D-6A0711A78DD8}.Debug|iPhoneSimulator.ActiveCfg = Debug|Any CPU
		{18103699-0E08-4681-B64D-6A0711A78DD8}.Debug|iPhoneSimulator.Build.0 = Debug|Any CPU
		{18103699-0E08-4681-B64D-6A0711A78DD8}.Debug|x64.ActiveCfg = Debug|Any CPU
		{18103699-0E08-4681-B64D-6A0711A78DD8}.Debug|x64.Build.0 = Debug|Any CPU
		{18103699-0E08-4681-B64D-6A0711A78DD8}.Debug|x86.ActiveCfg = Debug|Any CPU
		{18103699-0E08-4681-B64D-6A0711A78DD8}.Debug|x86.Build.0 = Debug|Any CPU
		{18103699-0E08-4681-B64D-6A0711A78DD8}.Release|Any CPU.ActiveCfg = Release|Any CPU
		{18103699-0E08-4681-B64D-6A0711A78DD8}.Release|Any CPU.Build.0 = Release|Any CPU
		{18103699-0E08-4681-B64D-6A0711A78DD8}.Release|ARM.ActiveCfg = Release|Any CPU
		{18103699-0E08-4681-B64D-6A0711A78DD8}.Release|ARM.Build.0 = Release|Any CPU
		{18103699-0E08-4681-B64D-6A0711A78DD8}.Release|iPhone.ActiveCfg = Release|Any CPU
		{18103699-0E08-4681-B64D-6A0711A78DD8}.Release|iPhone.Build.0 = Release|Any CPU
		{18103699-0E08-4681-B64D-6A0711A78DD8}.Release|iPhoneSimulator.ActiveCfg = Release|Any CPU
		{18103699-0E08-4681-B64D-6A0711A78DD8}.Release|iPhoneSimulator.Build.0 = Release|Any CPU
		{18103699-0E08-4681-B64D-6A0711A78DD8}.Release|x64.ActiveCfg = Release|Any CPU
		{18103699-0E08-4681-B64D-6A0711A78DD8}.Release|x64.Build.0 = Release|Any CPU
		{18103699-0E08-4681-B64D-6A0711A78DD8}.Release|x86.ActiveCfg = Release|Any CPU
		{18103699-0E08-4681-B64D-6A0711A78DD8}.Release|x86.Build.0 = Release|Any CPU
		{1F7135F7-BD79-4AC2-A19F-3FE06014BEEF}.Debug|Any CPU.ActiveCfg = Debug|Any CPU
		{1F7135F7-BD79-4AC2-A19F-3FE06014BEEF}.Debug|Any CPU.Build.0 = Debug|Any CPU
		{1F7135F7-BD79-4AC2-A19F-3FE06014BEEF}.Debug|ARM.ActiveCfg = Debug|Any CPU
		{1F7135F7-BD79-4AC2-A19F-3FE06014BEEF}.Debug|ARM.Build.0 = Debug|Any CPU
		{1F7135F7-BD79-4AC2-A19F-3FE06014BEEF}.Debug|iPhone.ActiveCfg = Debug|Any CPU
		{1F7135F7-BD79-4AC2-A19F-3FE06014BEEF}.Debug|iPhone.Build.0 = Debug|Any CPU
		{1F7135F7-BD79-4AC2-A19F-3FE06014BEEF}.Debug|iPhoneSimulator.ActiveCfg = Debug|Any CPU
		{1F7135F7-BD79-4AC2-A19F-3FE06014BEEF}.Debug|iPhoneSimulator.Build.0 = Debug|Any CPU
		{1F7135F7-BD79-4AC2-A19F-3FE06014BEEF}.Debug|x64.ActiveCfg = Debug|Any CPU
		{1F7135F7-BD79-4AC2-A19F-3FE06014BEEF}.Debug|x64.Build.0 = Debug|Any CPU
		{1F7135F7-BD79-4AC2-A19F-3FE06014BEEF}.Debug|x86.ActiveCfg = Debug|Any CPU
		{1F7135F7-BD79-4AC2-A19F-3FE06014BEEF}.Debug|x86.Build.0 = Debug|Any CPU
		{1F7135F7-BD79-4AC2-A19F-3FE06014BEEF}.Release|Any CPU.ActiveCfg = Release|Any CPU
		{1F7135F7-BD79-4AC2-A19F-3FE06014BEEF}.Release|Any CPU.Build.0 = Release|Any CPU
		{1F7135F7-BD79-4AC2-A19F-3FE06014BEEF}.Release|ARM.ActiveCfg = Release|Any CPU
		{1F7135F7-BD79-4AC2-A19F-3FE06014BEEF}.Release|ARM.Build.0 = Release|Any CPU
		{1F7135F7-BD79-4AC2-A19F-3FE06014BEEF}.Release|iPhone.ActiveCfg = Release|Any CPU
		{1F7135F7-BD79-4AC2-A19F-3FE06014BEEF}.Release|iPhone.Build.0 = Release|Any CPU
		{1F7135F7-BD79-4AC2-A19F-3FE06014BEEF}.Release|iPhoneSimulator.ActiveCfg = Release|Any CPU
		{1F7135F7-BD79-4AC2-A19F-3FE06014BEEF}.Release|iPhoneSimulator.Build.0 = Release|Any CPU
		{1F7135F7-BD79-4AC2-A19F-3FE06014BEEF}.Release|x64.ActiveCfg = Release|Any CPU
		{1F7135F7-BD79-4AC2-A19F-3FE06014BEEF}.Release|x64.Build.0 = Release|Any CPU
		{1F7135F7-BD79-4AC2-A19F-3FE06014BEEF}.Release|x86.ActiveCfg = Release|Any CPU
		{1F7135F7-BD79-4AC2-A19F-3FE06014BEEF}.Release|x86.Build.0 = Release|Any CPU
		{7B6094A8-8D66-4BC6-BE2E-3DE629B808A8}.Debug|Any CPU.ActiveCfg = Debug|Any CPU
		{7B6094A8-8D66-4BC6-BE2E-3DE629B808A8}.Debug|Any CPU.Build.0 = Debug|Any CPU
		{7B6094A8-8D66-4BC6-BE2E-3DE629B808A8}.Debug|ARM.ActiveCfg = Debug|Any CPU
		{7B6094A8-8D66-4BC6-BE2E-3DE629B808A8}.Debug|ARM.Build.0 = Debug|Any CPU
		{7B6094A8-8D66-4BC6-BE2E-3DE629B808A8}.Debug|iPhone.ActiveCfg = Debug|Any CPU
		{7B6094A8-8D66-4BC6-BE2E-3DE629B808A8}.Debug|iPhone.Build.0 = Debug|Any CPU
		{7B6094A8-8D66-4BC6-BE2E-3DE629B808A8}.Debug|iPhoneSimulator.ActiveCfg = Debug|Any CPU
		{7B6094A8-8D66-4BC6-BE2E-3DE629B808A8}.Debug|iPhoneSimulator.Build.0 = Debug|Any CPU
		{7B6094A8-8D66-4BC6-BE2E-3DE629B808A8}.Debug|x64.ActiveCfg = Debug|Any CPU
		{7B6094A8-8D66-4BC6-BE2E-3DE629B808A8}.Debug|x64.Build.0 = Debug|Any CPU
		{7B6094A8-8D66-4BC6-BE2E-3DE629B808A8}.Debug|x86.ActiveCfg = Debug|Any CPU
		{7B6094A8-8D66-4BC6-BE2E-3DE629B808A8}.Debug|x86.Build.0 = Debug|Any CPU
		{7B6094A8-8D66-4BC6-BE2E-3DE629B808A8}.Release|Any CPU.ActiveCfg = Release|Any CPU
		{7B6094A8-8D66-4BC6-BE2E-3DE629B808A8}.Release|Any CPU.Build.0 = Release|Any CPU
		{7B6094A8-8D66-4BC6-BE2E-3DE629B808A8}.Release|ARM.ActiveCfg = Release|Any CPU
		{7B6094A8-8D66-4BC6-BE2E-3DE629B808A8}.Release|ARM.Build.0 = Release|Any CPU
		{7B6094A8-8D66-4BC6-BE2E-3DE629B808A8}.Release|iPhone.ActiveCfg = Release|Any CPU
		{7B6094A8-8D66-4BC6-BE2E-3DE629B808A8}.Release|iPhone.Build.0 = Release|Any CPU
		{7B6094A8-8D66-4BC6-BE2E-3DE629B808A8}.Release|iPhoneSimulator.ActiveCfg = Release|Any CPU
		{7B6094A8-8D66-4BC6-BE2E-3DE629B808A8}.Release|iPhoneSimulator.Build.0 = Release|Any CPU
		{7B6094A8-8D66-4BC6-BE2E-3DE629B808A8}.Release|x64.ActiveCfg = Release|Any CPU
		{7B6094A8-8D66-4BC6-BE2E-3DE629B808A8}.Release|x64.Build.0 = Release|Any CPU
		{7B6094A8-8D66-4BC6-BE2E-3DE629B808A8}.Release|x86.ActiveCfg = Release|Any CPU
		{7B6094A8-8D66-4BC6-BE2E-3DE629B808A8}.Release|x86.Build.0 = Release|Any CPU
		{A40C94E0-9F0E-45B4-AF98-58E5D4588D86}.Debug|Any CPU.ActiveCfg = Debug|Any CPU
		{A40C94E0-9F0E-45B4-AF98-58E5D4588D86}.Debug|Any CPU.Build.0 = Debug|Any CPU
		{A40C94E0-9F0E-45B4-AF98-58E5D4588D86}.Debug|ARM.ActiveCfg = Debug|Any CPU
		{A40C94E0-9F0E-45B4-AF98-58E5D4588D86}.Debug|ARM.Build.0 = Debug|Any CPU
		{A40C94E0-9F0E-45B4-AF98-58E5D4588D86}.Debug|iPhone.ActiveCfg = Debug|Any CPU
		{A40C94E0-9F0E-45B4-AF98-58E5D4588D86}.Debug|iPhone.Build.0 = Debug|Any CPU
		{A40C94E0-9F0E-45B4-AF98-58E5D4588D86}.Debug|iPhoneSimulator.ActiveCfg = Debug|Any CPU
		{A40C94E0-9F0E-45B4-AF98-58E5D4588D86}.Debug|iPhoneSimulator.Build.0 = Debug|Any CPU
		{A40C94E0-9F0E-45B4-AF98-58E5D4588D86}.Debug|x64.ActiveCfg = Debug|Any CPU
		{A40C94E0-9F0E-45B4-AF98-58E5D4588D86}.Debug|x64.Build.0 = Debug|Any CPU
		{A40C94E0-9F0E-45B4-AF98-58E5D4588D86}.Debug|x86.ActiveCfg = Debug|Any CPU
		{A40C94E0-9F0E-45B4-AF98-58E5D4588D86}.Debug|x86.Build.0 = Debug|Any CPU
		{A40C94E0-9F0E-45B4-AF98-58E5D4588D86}.Release|Any CPU.ActiveCfg = Release|Any CPU
		{A40C94E0-9F0E-45B4-AF98-58E5D4588D86}.Release|Any CPU.Build.0 = Release|Any CPU
		{A40C94E0-9F0E-45B4-AF98-58E5D4588D86}.Release|ARM.ActiveCfg = Release|Any CPU
		{A40C94E0-9F0E-45B4-AF98-58E5D4588D86}.Release|ARM.Build.0 = Release|Any CPU
		{A40C94E0-9F0E-45B4-AF98-58E5D4588D86}.Release|iPhone.ActiveCfg = Release|Any CPU
		{A40C94E0-9F0E-45B4-AF98-58E5D4588D86}.Release|iPhone.Build.0 = Release|Any CPU
		{A40C94E0-9F0E-45B4-AF98-58E5D4588D86}.Release|iPhoneSimulator.ActiveCfg = Release|Any CPU
		{A40C94E0-9F0E-45B4-AF98-58E5D4588D86}.Release|iPhoneSimulator.Build.0 = Release|Any CPU
		{A40C94E0-9F0E-45B4-AF98-58E5D4588D86}.Release|x64.ActiveCfg = Release|Any CPU
		{A40C94E0-9F0E-45B4-AF98-58E5D4588D86}.Release|x64.Build.0 = Release|Any CPU
		{A40C94E0-9F0E-45B4-AF98-58E5D4588D86}.Release|x86.ActiveCfg = Release|Any CPU
		{A40C94E0-9F0E-45B4-AF98-58E5D4588D86}.Release|x86.Build.0 = Release|Any CPU
		{9947CC75-F655-44D5-9CC2-9CD19751198D}.Debug|Any CPU.ActiveCfg = Debug|Any CPU
		{9947CC75-F655-44D5-9CC2-9CD19751198D}.Debug|Any CPU.Build.0 = Debug|Any CPU
		{9947CC75-F655-44D5-9CC2-9CD19751198D}.Debug|ARM.ActiveCfg = Debug|Any CPU
		{9947CC75-F655-44D5-9CC2-9CD19751198D}.Debug|ARM.Build.0 = Debug|Any CPU
		{9947CC75-F655-44D5-9CC2-9CD19751198D}.Debug|iPhone.ActiveCfg = Debug|Any CPU
		{9947CC75-F655-44D5-9CC2-9CD19751198D}.Debug|iPhone.Build.0 = Debug|Any CPU
		{9947CC75-F655-44D5-9CC2-9CD19751198D}.Debug|iPhoneSimulator.ActiveCfg = Debug|Any CPU
		{9947CC75-F655-44D5-9CC2-9CD19751198D}.Debug|iPhoneSimulator.Build.0 = Debug|Any CPU
		{9947CC75-F655-44D5-9CC2-9CD19751198D}.Debug|x64.ActiveCfg = Debug|Any CPU
		{9947CC75-F655-44D5-9CC2-9CD19751198D}.Debug|x64.Build.0 = Debug|Any CPU
		{9947CC75-F655-44D5-9CC2-9CD19751198D}.Debug|x86.ActiveCfg = Debug|Any CPU
		{9947CC75-F655-44D5-9CC2-9CD19751198D}.Debug|x86.Build.0 = Debug|Any CPU
		{9947CC75-F655-44D5-9CC2-9CD19751198D}.Release|Any CPU.ActiveCfg = Release|Any CPU
		{9947CC75-F655-44D5-9CC2-9CD19751198D}.Release|Any CPU.Build.0 = Release|Any CPU
		{9947CC75-F655-44D5-9CC2-9CD19751198D}.Release|ARM.ActiveCfg = Release|Any CPU
		{9947CC75-F655-44D5-9CC2-9CD19751198D}.Release|ARM.Build.0 = Release|Any CPU
		{9947CC75-F655-44D5-9CC2-9CD19751198D}.Release|iPhone.ActiveCfg = Release|Any CPU
		{9947CC75-F655-44D5-9CC2-9CD19751198D}.Release|iPhone.Build.0 = Release|Any CPU
		{9947CC75-F655-44D5-9CC2-9CD19751198D}.Release|iPhoneSimulator.ActiveCfg = Release|Any CPU
		{9947CC75-F655-44D5-9CC2-9CD19751198D}.Release|iPhoneSimulator.Build.0 = Release|Any CPU
		{9947CC75-F655-44D5-9CC2-9CD19751198D}.Release|x64.ActiveCfg = Release|Any CPU
		{9947CC75-F655-44D5-9CC2-9CD19751198D}.Release|x64.Build.0 = Release|Any CPU
		{9947CC75-F655-44D5-9CC2-9CD19751198D}.Release|x86.ActiveCfg = Release|Any CPU
		{9947CC75-F655-44D5-9CC2-9CD19751198D}.Release|x86.Build.0 = Release|Any CPU
		{8EE68C63-A0B9-43F2-98FA-D28B4DAB663A}.Debug|Any CPU.ActiveCfg = Debug|Any CPU
		{8EE68C63-A0B9-43F2-98FA-D28B4DAB663A}.Debug|Any CPU.Build.0 = Debug|Any CPU
		{8EE68C63-A0B9-43F2-98FA-D28B4DAB663A}.Debug|ARM.ActiveCfg = Debug|Any CPU
		{8EE68C63-A0B9-43F2-98FA-D28B4DAB663A}.Debug|ARM.Build.0 = Debug|Any CPU
		{8EE68C63-A0B9-43F2-98FA-D28B4DAB663A}.Debug|iPhone.ActiveCfg = Debug|Any CPU
		{8EE68C63-A0B9-43F2-98FA-D28B4DAB663A}.Debug|iPhone.Build.0 = Debug|Any CPU
		{8EE68C63-A0B9-43F2-98FA-D28B4DAB663A}.Debug|iPhoneSimulator.ActiveCfg = Debug|Any CPU
		{8EE68C63-A0B9-43F2-98FA-D28B4DAB663A}.Debug|iPhoneSimulator.Build.0 = Debug|Any CPU
		{8EE68C63-A0B9-43F2-98FA-D28B4DAB663A}.Debug|x64.ActiveCfg = Debug|Any CPU
		{8EE68C63-A0B9-43F2-98FA-D28B4DAB663A}.Debug|x64.Build.0 = Debug|Any CPU
		{8EE68C63-A0B9-43F2-98FA-D28B4DAB663A}.Debug|x86.ActiveCfg = Debug|Any CPU
		{8EE68C63-A0B9-43F2-98FA-D28B4DAB663A}.Debug|x86.Build.0 = Debug|Any CPU
		{8EE68C63-A0B9-43F2-98FA-D28B4DAB663A}.Release|Any CPU.ActiveCfg = Release|Any CPU
		{8EE68C63-A0B9-43F2-98FA-D28B4DAB663A}.Release|Any CPU.Build.0 = Release|Any CPU
		{8EE68C63-A0B9-43F2-98FA-D28B4DAB663A}.Release|ARM.ActiveCfg = Release|Any CPU
		{8EE68C63-A0B9-43F2-98FA-D28B4DAB663A}.Release|ARM.Build.0 = Release|Any CPU
		{8EE68C63-A0B9-43F2-98FA-D28B4DAB663A}.Release|iPhone.ActiveCfg = Release|Any CPU
		{8EE68C63-A0B9-43F2-98FA-D28B4DAB663A}.Release|iPhone.Build.0 = Release|Any CPU
		{8EE68C63-A0B9-43F2-98FA-D28B4DAB663A}.Release|iPhoneSimulator.ActiveCfg = Release|Any CPU
		{8EE68C63-A0B9-43F2-98FA-D28B4DAB663A}.Release|iPhoneSimulator.Build.0 = Release|Any CPU
		{8EE68C63-A0B9-43F2-98FA-D28B4DAB663A}.Release|x64.ActiveCfg = Release|Any CPU
		{8EE68C63-A0B9-43F2-98FA-D28B4DAB663A}.Release|x64.Build.0 = Release|Any CPU
		{8EE68C63-A0B9-43F2-98FA-D28B4DAB663A}.Release|x86.ActiveCfg = Release|Any CPU
		{8EE68C63-A0B9-43F2-98FA-D28B4DAB663A}.Release|x86.Build.0 = Release|Any CPU
		{59508D5C-B0B9-4A01-9F85-C2651885A0F3}.Debug|Any CPU.ActiveCfg = Debug|Any CPU
		{59508D5C-B0B9-4A01-9F85-C2651885A0F3}.Debug|Any CPU.Build.0 = Debug|Any CPU
		{59508D5C-B0B9-4A01-9F85-C2651885A0F3}.Debug|ARM.ActiveCfg = Debug|Any CPU
		{59508D5C-B0B9-4A01-9F85-C2651885A0F3}.Debug|ARM.Build.0 = Debug|Any CPU
		{59508D5C-B0B9-4A01-9F85-C2651885A0F3}.Debug|iPhone.ActiveCfg = Debug|Any CPU
		{59508D5C-B0B9-4A01-9F85-C2651885A0F3}.Debug|iPhone.Build.0 = Debug|Any CPU
		{59508D5C-B0B9-4A01-9F85-C2651885A0F3}.Debug|iPhoneSimulator.ActiveCfg = Debug|Any CPU
		{59508D5C-B0B9-4A01-9F85-C2651885A0F3}.Debug|iPhoneSimulator.Build.0 = Debug|Any CPU
		{59508D5C-B0B9-4A01-9F85-C2651885A0F3}.Debug|x64.ActiveCfg = Debug|Any CPU
		{59508D5C-B0B9-4A01-9F85-C2651885A0F3}.Debug|x64.Build.0 = Debug|Any CPU
		{59508D5C-B0B9-4A01-9F85-C2651885A0F3}.Debug|x86.ActiveCfg = Debug|Any CPU
		{59508D5C-B0B9-4A01-9F85-C2651885A0F3}.Debug|x86.Build.0 = Debug|Any CPU
		{59508D5C-B0B9-4A01-9F85-C2651885A0F3}.Release|Any CPU.ActiveCfg = Release|Any CPU
		{59508D5C-B0B9-4A01-9F85-C2651885A0F3}.Release|Any CPU.Build.0 = Release|Any CPU
		{59508D5C-B0B9-4A01-9F85-C2651885A0F3}.Release|ARM.ActiveCfg = Release|Any CPU
		{59508D5C-B0B9-4A01-9F85-C2651885A0F3}.Release|ARM.Build.0 = Release|Any CPU
		{59508D5C-B0B9-4A01-9F85-C2651885A0F3}.Release|iPhone.ActiveCfg = Release|Any CPU
		{59508D5C-B0B9-4A01-9F85-C2651885A0F3}.Release|iPhone.Build.0 = Release|Any CPU
		{59508D5C-B0B9-4A01-9F85-C2651885A0F3}.Release|iPhoneSimulator.ActiveCfg = Release|Any CPU
		{59508D5C-B0B9-4A01-9F85-C2651885A0F3}.Release|iPhoneSimulator.Build.0 = Release|Any CPU
		{59508D5C-B0B9-4A01-9F85-C2651885A0F3}.Release|x64.ActiveCfg = Release|Any CPU
		{59508D5C-B0B9-4A01-9F85-C2651885A0F3}.Release|x64.Build.0 = Release|Any CPU
		{59508D5C-B0B9-4A01-9F85-C2651885A0F3}.Release|x86.ActiveCfg = Release|Any CPU
		{59508D5C-B0B9-4A01-9F85-C2651885A0F3}.Release|x86.Build.0 = Release|Any CPU
		{9C36EA8E-6D7D-4DDC-BB40-C53EE1073129}.Debug|Any CPU.ActiveCfg = Debug|Any CPU
		{9C36EA8E-6D7D-4DDC-BB40-C53EE1073129}.Debug|Any CPU.Build.0 = Debug|Any CPU
		{9C36EA8E-6D7D-4DDC-BB40-C53EE1073129}.Debug|ARM.ActiveCfg = Debug|Any CPU
		{9C36EA8E-6D7D-4DDC-BB40-C53EE1073129}.Debug|ARM.Build.0 = Debug|Any CPU
		{9C36EA8E-6D7D-4DDC-BB40-C53EE1073129}.Debug|iPhone.ActiveCfg = Debug|Any CPU
		{9C36EA8E-6D7D-4DDC-BB40-C53EE1073129}.Debug|iPhone.Build.0 = Debug|Any CPU
		{9C36EA8E-6D7D-4DDC-BB40-C53EE1073129}.Debug|iPhoneSimulator.ActiveCfg = Debug|Any CPU
		{9C36EA8E-6D7D-4DDC-BB40-C53EE1073129}.Debug|iPhoneSimulator.Build.0 = Debug|Any CPU
		{9C36EA8E-6D7D-4DDC-BB40-C53EE1073129}.Debug|x64.ActiveCfg = Debug|Any CPU
		{9C36EA8E-6D7D-4DDC-BB40-C53EE1073129}.Debug|x64.Build.0 = Debug|Any CPU
		{9C36EA8E-6D7D-4DDC-BB40-C53EE1073129}.Debug|x86.ActiveCfg = Debug|Any CPU
		{9C36EA8E-6D7D-4DDC-BB40-C53EE1073129}.Debug|x86.Build.0 = Debug|Any CPU
		{9C36EA8E-6D7D-4DDC-BB40-C53EE1073129}.Release|Any CPU.ActiveCfg = Release|Any CPU
		{9C36EA8E-6D7D-4DDC-BB40-C53EE1073129}.Release|Any CPU.Build.0 = Release|Any CPU
		{9C36EA8E-6D7D-4DDC-BB40-C53EE1073129}.Release|ARM.ActiveCfg = Release|Any CPU
		{9C36EA8E-6D7D-4DDC-BB40-C53EE1073129}.Release|ARM.Build.0 = Release|Any CPU
		{9C36EA8E-6D7D-4DDC-BB40-C53EE1073129}.Release|iPhone.ActiveCfg = Release|Any CPU
		{9C36EA8E-6D7D-4DDC-BB40-C53EE1073129}.Release|iPhone.Build.0 = Release|Any CPU
		{9C36EA8E-6D7D-4DDC-BB40-C53EE1073129}.Release|iPhoneSimulator.ActiveCfg = Release|Any CPU
		{9C36EA8E-6D7D-4DDC-BB40-C53EE1073129}.Release|iPhoneSimulator.Build.0 = Release|Any CPU
		{9C36EA8E-6D7D-4DDC-BB40-C53EE1073129}.Release|x64.ActiveCfg = Release|Any CPU
		{9C36EA8E-6D7D-4DDC-BB40-C53EE1073129}.Release|x64.Build.0 = Release|Any CPU
		{9C36EA8E-6D7D-4DDC-BB40-C53EE1073129}.Release|x86.ActiveCfg = Release|Any CPU
		{9C36EA8E-6D7D-4DDC-BB40-C53EE1073129}.Release|x86.Build.0 = Release|Any CPU
		{96CF9405-982F-4D4E-9CBA-53A04A411D50}.Debug|Any CPU.ActiveCfg = Debug|Any CPU
		{96CF9405-982F-4D4E-9CBA-53A04A411D50}.Debug|Any CPU.Build.0 = Debug|Any CPU
		{96CF9405-982F-4D4E-9CBA-53A04A411D50}.Debug|ARM.ActiveCfg = Debug|Any CPU
		{96CF9405-982F-4D4E-9CBA-53A04A411D50}.Debug|ARM.Build.0 = Debug|Any CPU
		{96CF9405-982F-4D4E-9CBA-53A04A411D50}.Debug|iPhone.ActiveCfg = Debug|Any CPU
		{96CF9405-982F-4D4E-9CBA-53A04A411D50}.Debug|iPhone.Build.0 = Debug|Any CPU
		{96CF9405-982F-4D4E-9CBA-53A04A411D50}.Debug|iPhoneSimulator.ActiveCfg = Debug|Any CPU
		{96CF9405-982F-4D4E-9CBA-53A04A411D50}.Debug|iPhoneSimulator.Build.0 = Debug|Any CPU
		{96CF9405-982F-4D4E-9CBA-53A04A411D50}.Debug|x64.ActiveCfg = Debug|Any CPU
		{96CF9405-982F-4D4E-9CBA-53A04A411D50}.Debug|x64.Build.0 = Debug|Any CPU
		{96CF9405-982F-4D4E-9CBA-53A04A411D50}.Debug|x86.ActiveCfg = Debug|Any CPU
		{96CF9405-982F-4D4E-9CBA-53A04A411D50}.Debug|x86.Build.0 = Debug|Any CPU
		{96CF9405-982F-4D4E-9CBA-53A04A411D50}.Release|Any CPU.ActiveCfg = Release|Any CPU
		{96CF9405-982F-4D4E-9CBA-53A04A411D50}.Release|Any CPU.Build.0 = Release|Any CPU
		{96CF9405-982F-4D4E-9CBA-53A04A411D50}.Release|ARM.ActiveCfg = Release|Any CPU
		{96CF9405-982F-4D4E-9CBA-53A04A411D50}.Release|ARM.Build.0 = Release|Any CPU
		{96CF9405-982F-4D4E-9CBA-53A04A411D50}.Release|iPhone.ActiveCfg = Release|Any CPU
		{96CF9405-982F-4D4E-9CBA-53A04A411D50}.Release|iPhone.Build.0 = Release|Any CPU
		{96CF9405-982F-4D4E-9CBA-53A04A411D50}.Release|iPhoneSimulator.ActiveCfg = Release|Any CPU
		{96CF9405-982F-4D4E-9CBA-53A04A411D50}.Release|iPhoneSimulator.Build.0 = Release|Any CPU
		{96CF9405-982F-4D4E-9CBA-53A04A411D50}.Release|x64.ActiveCfg = Release|Any CPU
		{96CF9405-982F-4D4E-9CBA-53A04A411D50}.Release|x64.Build.0 = Release|Any CPU
		{96CF9405-982F-4D4E-9CBA-53A04A411D50}.Release|x86.ActiveCfg = Release|Any CPU
		{96CF9405-982F-4D4E-9CBA-53A04A411D50}.Release|x86.Build.0 = Release|Any CPU
		{5CE411C5-7F2D-4B68-B1C1-FEE9C7832A86}.Debug|Any CPU.ActiveCfg = Debug|Any CPU
		{5CE411C5-7F2D-4B68-B1C1-FEE9C7832A86}.Debug|Any CPU.Build.0 = Debug|Any CPU
		{5CE411C5-7F2D-4B68-B1C1-FEE9C7832A86}.Debug|ARM.ActiveCfg = Debug|Any CPU
		{5CE411C5-7F2D-4B68-B1C1-FEE9C7832A86}.Debug|ARM.Build.0 = Debug|Any CPU
		{5CE411C5-7F2D-4B68-B1C1-FEE9C7832A86}.Debug|iPhone.ActiveCfg = Debug|Any CPU
		{5CE411C5-7F2D-4B68-B1C1-FEE9C7832A86}.Debug|iPhone.Build.0 = Debug|Any CPU
		{5CE411C5-7F2D-4B68-B1C1-FEE9C7832A86}.Debug|iPhoneSimulator.ActiveCfg = Debug|Any CPU
		{5CE411C5-7F2D-4B68-B1C1-FEE9C7832A86}.Debug|iPhoneSimulator.Build.0 = Debug|Any CPU
		{5CE411C5-7F2D-4B68-B1C1-FEE9C7832A86}.Debug|x64.ActiveCfg = Debug|Any CPU
		{5CE411C5-7F2D-4B68-B1C1-FEE9C7832A86}.Debug|x64.Build.0 = Debug|Any CPU
		{5CE411C5-7F2D-4B68-B1C1-FEE9C7832A86}.Debug|x86.ActiveCfg = Debug|Any CPU
		{5CE411C5-7F2D-4B68-B1C1-FEE9C7832A86}.Debug|x86.Build.0 = Debug|Any CPU
		{5CE411C5-7F2D-4B68-B1C1-FEE9C7832A86}.Release|Any CPU.ActiveCfg = Release|Any CPU
		{5CE411C5-7F2D-4B68-B1C1-FEE9C7832A86}.Release|Any CPU.Build.0 = Release|Any CPU
		{5CE411C5-7F2D-4B68-B1C1-FEE9C7832A86}.Release|ARM.ActiveCfg = Release|Any CPU
		{5CE411C5-7F2D-4B68-B1C1-FEE9C7832A86}.Release|ARM.Build.0 = Release|Any CPU
		{5CE411C5-7F2D-4B68-B1C1-FEE9C7832A86}.Release|iPhone.ActiveCfg = Release|Any CPU
		{5CE411C5-7F2D-4B68-B1C1-FEE9C7832A86}.Release|iPhone.Build.0 = Release|Any CPU
		{5CE411C5-7F2D-4B68-B1C1-FEE9C7832A86}.Release|iPhoneSimulator.ActiveCfg = Release|Any CPU
		{5CE411C5-7F2D-4B68-B1C1-FEE9C7832A86}.Release|iPhoneSimulator.Build.0 = Release|Any CPU
		{5CE411C5-7F2D-4B68-B1C1-FEE9C7832A86}.Release|x64.ActiveCfg = Release|Any CPU
		{5CE411C5-7F2D-4B68-B1C1-FEE9C7832A86}.Release|x64.Build.0 = Release|Any CPU
		{5CE411C5-7F2D-4B68-B1C1-FEE9C7832A86}.Release|x86.ActiveCfg = Release|Any CPU
		{5CE411C5-7F2D-4B68-B1C1-FEE9C7832A86}.Release|x86.Build.0 = Release|Any CPU
		{BFE1DB1F-5626-45D6-A7E4-5BAC891500FA}.Debug|Any CPU.ActiveCfg = Debug|Any CPU
		{BFE1DB1F-5626-45D6-A7E4-5BAC891500FA}.Debug|Any CPU.Build.0 = Debug|Any CPU
		{BFE1DB1F-5626-45D6-A7E4-5BAC891500FA}.Debug|ARM.ActiveCfg = Debug|Any CPU
		{BFE1DB1F-5626-45D6-A7E4-5BAC891500FA}.Debug|ARM.Build.0 = Debug|Any CPU
		{BFE1DB1F-5626-45D6-A7E4-5BAC891500FA}.Debug|iPhone.ActiveCfg = Debug|Any CPU
		{BFE1DB1F-5626-45D6-A7E4-5BAC891500FA}.Debug|iPhone.Build.0 = Debug|Any CPU
		{BFE1DB1F-5626-45D6-A7E4-5BAC891500FA}.Debug|iPhoneSimulator.ActiveCfg = Debug|Any CPU
		{BFE1DB1F-5626-45D6-A7E4-5BAC891500FA}.Debug|iPhoneSimulator.Build.0 = Debug|Any CPU
		{BFE1DB1F-5626-45D6-A7E4-5BAC891500FA}.Debug|x64.ActiveCfg = Debug|Any CPU
		{BFE1DB1F-5626-45D6-A7E4-5BAC891500FA}.Debug|x64.Build.0 = Debug|Any CPU
		{BFE1DB1F-5626-45D6-A7E4-5BAC891500FA}.Debug|x86.ActiveCfg = Debug|Any CPU
		{BFE1DB1F-5626-45D6-A7E4-5BAC891500FA}.Debug|x86.Build.0 = Debug|Any CPU
		{BFE1DB1F-5626-45D6-A7E4-5BAC891500FA}.Release|Any CPU.ActiveCfg = Release|Any CPU
		{BFE1DB1F-5626-45D6-A7E4-5BAC891500FA}.Release|Any CPU.Build.0 = Release|Any CPU
		{BFE1DB1F-5626-45D6-A7E4-5BAC891500FA}.Release|ARM.ActiveCfg = Release|Any CPU
		{BFE1DB1F-5626-45D6-A7E4-5BAC891500FA}.Release|ARM.Build.0 = Release|Any CPU
		{BFE1DB1F-5626-45D6-A7E4-5BAC891500FA}.Release|iPhone.ActiveCfg = Release|Any CPU
		{BFE1DB1F-5626-45D6-A7E4-5BAC891500FA}.Release|iPhone.Build.0 = Release|Any CPU
		{BFE1DB1F-5626-45D6-A7E4-5BAC891500FA}.Release|iPhoneSimulator.ActiveCfg = Release|Any CPU
		{BFE1DB1F-5626-45D6-A7E4-5BAC891500FA}.Release|iPhoneSimulator.Build.0 = Release|Any CPU
		{BFE1DB1F-5626-45D6-A7E4-5BAC891500FA}.Release|x64.ActiveCfg = Release|Any CPU
		{BFE1DB1F-5626-45D6-A7E4-5BAC891500FA}.Release|x64.Build.0 = Release|Any CPU
		{BFE1DB1F-5626-45D6-A7E4-5BAC891500FA}.Release|x86.ActiveCfg = Release|Any CPU
		{BFE1DB1F-5626-45D6-A7E4-5BAC891500FA}.Release|x86.Build.0 = Release|Any CPU
		{9F75F376-7417-43DE-8F19-07FEFFA4432C}.Debug|Any CPU.ActiveCfg = Debug|Any CPU
		{9F75F376-7417-43DE-8F19-07FEFFA4432C}.Debug|Any CPU.Build.0 = Debug|Any CPU
		{9F75F376-7417-43DE-8F19-07FEFFA4432C}.Debug|ARM.ActiveCfg = Debug|Any CPU
		{9F75F376-7417-43DE-8F19-07FEFFA4432C}.Debug|ARM.Build.0 = Debug|Any CPU
		{9F75F376-7417-43DE-8F19-07FEFFA4432C}.Debug|iPhone.ActiveCfg = Debug|Any CPU
		{9F75F376-7417-43DE-8F19-07FEFFA4432C}.Debug|iPhone.Build.0 = Debug|Any CPU
		{9F75F376-7417-43DE-8F19-07FEFFA4432C}.Debug|iPhoneSimulator.ActiveCfg = Debug|Any CPU
		{9F75F376-7417-43DE-8F19-07FEFFA4432C}.Debug|iPhoneSimulator.Build.0 = Debug|Any CPU
		{9F75F376-7417-43DE-8F19-07FEFFA4432C}.Debug|x64.ActiveCfg = Debug|Any CPU
		{9F75F376-7417-43DE-8F19-07FEFFA4432C}.Debug|x64.Build.0 = Debug|Any CPU
		{9F75F376-7417-43DE-8F19-07FEFFA4432C}.Debug|x86.ActiveCfg = Debug|Any CPU
		{9F75F376-7417-43DE-8F19-07FEFFA4432C}.Debug|x86.Build.0 = Debug|Any CPU
		{9F75F376-7417-43DE-8F19-07FEFFA4432C}.Release|Any CPU.ActiveCfg = Release|Any CPU
		{9F75F376-7417-43DE-8F19-07FEFFA4432C}.Release|Any CPU.Build.0 = Release|Any CPU
		{9F75F376-7417-43DE-8F19-07FEFFA4432C}.Release|ARM.ActiveCfg = Release|Any CPU
		{9F75F376-7417-43DE-8F19-07FEFFA4432C}.Release|ARM.Build.0 = Release|Any CPU
		{9F75F376-7417-43DE-8F19-07FEFFA4432C}.Release|iPhone.ActiveCfg = Release|Any CPU
		{9F75F376-7417-43DE-8F19-07FEFFA4432C}.Release|iPhone.Build.0 = Release|Any CPU
		{9F75F376-7417-43DE-8F19-07FEFFA4432C}.Release|iPhoneSimulator.ActiveCfg = Release|Any CPU
		{9F75F376-7417-43DE-8F19-07FEFFA4432C}.Release|iPhoneSimulator.Build.0 = Release|Any CPU
		{9F75F376-7417-43DE-8F19-07FEFFA4432C}.Release|x64.ActiveCfg = Release|Any CPU
		{9F75F376-7417-43DE-8F19-07FEFFA4432C}.Release|x64.Build.0 = Release|Any CPU
		{9F75F376-7417-43DE-8F19-07FEFFA4432C}.Release|x86.ActiveCfg = Release|Any CPU
		{9F75F376-7417-43DE-8F19-07FEFFA4432C}.Release|x86.Build.0 = Release|Any CPU
		{535759A5-A517-4864-8DDD-8BEBE5956B4D}.Debug|Any CPU.ActiveCfg = Debug|Any CPU
		{535759A5-A517-4864-8DDD-8BEBE5956B4D}.Debug|Any CPU.Build.0 = Debug|Any CPU
		{535759A5-A517-4864-8DDD-8BEBE5956B4D}.Debug|ARM.ActiveCfg = Debug|Any CPU
		{535759A5-A517-4864-8DDD-8BEBE5956B4D}.Debug|ARM.Build.0 = Debug|Any CPU
		{535759A5-A517-4864-8DDD-8BEBE5956B4D}.Debug|iPhone.ActiveCfg = Debug|Any CPU
		{535759A5-A517-4864-8DDD-8BEBE5956B4D}.Debug|iPhone.Build.0 = Debug|Any CPU
		{535759A5-A517-4864-8DDD-8BEBE5956B4D}.Debug|iPhoneSimulator.ActiveCfg = Debug|Any CPU
		{535759A5-A517-4864-8DDD-8BEBE5956B4D}.Debug|iPhoneSimulator.Build.0 = Debug|Any CPU
		{535759A5-A517-4864-8DDD-8BEBE5956B4D}.Debug|x64.ActiveCfg = Debug|Any CPU
		{535759A5-A517-4864-8DDD-8BEBE5956B4D}.Debug|x64.Build.0 = Debug|Any CPU
		{535759A5-A517-4864-8DDD-8BEBE5956B4D}.Debug|x86.ActiveCfg = Debug|Any CPU
		{535759A5-A517-4864-8DDD-8BEBE5956B4D}.Debug|x86.Build.0 = Debug|Any CPU
		{535759A5-A517-4864-8DDD-8BEBE5956B4D}.Release|Any CPU.ActiveCfg = Release|Any CPU
		{535759A5-A517-4864-8DDD-8BEBE5956B4D}.Release|Any CPU.Build.0 = Release|Any CPU
		{535759A5-A517-4864-8DDD-8BEBE5956B4D}.Release|ARM.ActiveCfg = Release|Any CPU
		{535759A5-A517-4864-8DDD-8BEBE5956B4D}.Release|ARM.Build.0 = Release|Any CPU
		{535759A5-A517-4864-8DDD-8BEBE5956B4D}.Release|iPhone.ActiveCfg = Release|Any CPU
		{535759A5-A517-4864-8DDD-8BEBE5956B4D}.Release|iPhone.Build.0 = Release|Any CPU
		{535759A5-A517-4864-8DDD-8BEBE5956B4D}.Release|iPhoneSimulator.ActiveCfg = Release|Any CPU
		{535759A5-A517-4864-8DDD-8BEBE5956B4D}.Release|iPhoneSimulator.Build.0 = Release|Any CPU
		{535759A5-A517-4864-8DDD-8BEBE5956B4D}.Release|x64.ActiveCfg = Release|Any CPU
		{535759A5-A517-4864-8DDD-8BEBE5956B4D}.Release|x64.Build.0 = Release|Any CPU
		{535759A5-A517-4864-8DDD-8BEBE5956B4D}.Release|x86.ActiveCfg = Release|Any CPU
		{535759A5-A517-4864-8DDD-8BEBE5956B4D}.Release|x86.Build.0 = Release|Any CPU
	EndGlobalSection
	GlobalSection(SolutionProperties) = preSolution
		HideSolutionNode = FALSE
	EndGlobalSection
	GlobalSection(NestedProjects) = preSolution
		{5E0A987E-2B5C-4BA5-A73A-BB0A3BA096F8} = {012968B6-0247-431A-8144-B15BEC43030D}
		{D18F1404-1342-4456-A51B-65CCC050B0DD} = {77951D19-0FD9-44B4-ADE8-ED2A74945E86}
		{C2B17D5F-7CB0-41DB-93EE-AD4FA7C796EC} = {77951D19-0FD9-44B4-ADE8-ED2A74945E86}
		{2EB80161-5B70-4396-8E1A-474041FDCA5A} = {F88CED1F-10B0-4395-842F-E9E67B3B0F25}
		{F551A300-A42A-4624-B840-3642EA7AE689} = {7B2233ED-5081-41DD-8675-8F4AF3906B4A}
		{B854826A-070E-48BE-9376-983F6EAFFCDF} = {77951D19-0FD9-44B4-ADE8-ED2A74945E86}
		{7B2233ED-5081-41DD-8675-8F4AF3906B4A} = {F88CED1F-10B0-4395-842F-E9E67B3B0F25}
		{B0701847-3C83-41A1-9BAD-6FCDCFDD307A} = {F88CED1F-10B0-4395-842F-E9E67B3B0F25}
		{5AD84452-7334-4235-AA2D-0031A81D56E7} = {F88CED1F-10B0-4395-842F-E9E67B3B0F25}
		{7EF97D3C-DFDD-413A-AE45-77E9A9D10408} = {AEC6EB74-4406-47BF-9B92-0BFFDFBA4BA4}
		{47BCFB11-D855-4673-874D-003CC8C0E517} = {77951D19-0FD9-44B4-ADE8-ED2A74945E86}
		{53517D3D-5454-42B0-88E9-BC4DF7DB52BD} = {5AD84452-7334-4235-AA2D-0031A81D56E7}
		{D67C3E76-EC60-4E21-B6E3-1588365FDB98} = {8E434E67-301B-4A01-8571-A66118B9EB64}
		{18103699-0E08-4681-B64D-6A0711A78DD8} = {012968B6-0247-431A-8144-B15BEC43030D}
		{1F7135F7-BD79-4AC2-A19F-3FE06014BEEF} = {8E434E67-301B-4A01-8571-A66118B9EB64}
		{7B6094A8-8D66-4BC6-BE2E-3DE629B808A8} = {8E434E67-301B-4A01-8571-A66118B9EB64}
		{A40C94E0-9F0E-45B4-AF98-58E5D4588D86} = {8E434E67-301B-4A01-8571-A66118B9EB64}
		{9947CC75-F655-44D5-9CC2-9CD19751198D} = {F88CED1F-10B0-4395-842F-E9E67B3B0F25}
		{8EE68C63-A0B9-43F2-98FA-D28B4DAB663A} = {F88CED1F-10B0-4395-842F-E9E67B3B0F25}
		{59508D5C-B0B9-4A01-9F85-C2651885A0F3} = {F88CED1F-10B0-4395-842F-E9E67B3B0F25}
		{9C36EA8E-6D7D-4DDC-BB40-C53EE1073129} = {012968B6-0247-431A-8144-B15BEC43030D}
		{F88CED1F-10B0-4395-842F-E9E67B3B0F25} = {7EF97D3C-DFDD-413A-AE45-77E9A9D10408}
		{96CF9405-982F-4D4E-9CBA-53A04A411D50} = {012968B6-0247-431A-8144-B15BEC43030D}
		{5CE411C5-7F2D-4B68-B1C1-FEE9C7832A86} = {012968B6-0247-431A-8144-B15BEC43030D}
		{012968B6-0247-431A-8144-B15BEC43030D} = {7EF97D3C-DFDD-413A-AE45-77E9A9D10408}
		{BFE1DB1F-5626-45D6-A7E4-5BAC891500FA} = {8E434E67-301B-4A01-8571-A66118B9EB64}
		{9F75F376-7417-43DE-8F19-07FEFFA4432C} = {012968B6-0247-431A-8144-B15BEC43030D}
		{8E434E67-301B-4A01-8571-A66118B9EB64} = {012968B6-0247-431A-8144-B15BEC43030D}
		{535759A5-A517-4864-8DDD-8BEBE5956B4D} = {77951D19-0FD9-44B4-ADE8-ED2A74945E86}
	EndGlobalSection
	GlobalSection(ExtensibilityGlobals) = postSolution
		SolutionGuid = {8856E055-D287-4DCB-A5E8-8E11D677B9FD}
	EndGlobalSection
EndGlobal
