
Microsoft Visual Studio Solution File, Format Version 12.00
# Visual Studio Version 16
VisualStudioVersion = 16.0.29306.81
MinimumVisualStudioVersion = 15.0.26124.0
Project("{9A19103F-16F7-4668-BE54-9A1E7A4F7556}") = "GradeBook", "src\GradeBook\GradeBook.csproj", "{5E0A987E-2B5C-4BA5-A73A-BB0A3BA096F8}"
EndProject
Project("{9A19103F-16F7-4668-BE54-9A1E7A4F7556}") = "GradeBook.Tests", "test\GradeBook.Tests\GradeBook.Tests.csproj", "{D18F1404-1342-4456-A51B-65CCC050B0DD}"
EndProject
Project("{9A19103F-16F7-4668-BE54-9A1E7A4F7556}") = "NUnitTests", "NUnitTests\NUnitTests.csproj", "{C2B17D5F-7CB0-41DB-93EE-AD4FA7C796EC}"
EndProject
Project("{FAE04EC0-301F-11D3-BF4B-00C04F79EFBC}") = "ACM.BL", "ACM.BL\ACM.BL.csproj", "{2EB80161-5B70-4396-8E1A-474041FDCA5A}"
EndProject
Project("{FAE04EC0-301F-11D3-BF4B-00C04F79EFBC}") = "Common", "Common\Common.csproj", "{F551A300-A42A-4624-B840-3642EA7AE689}"
EndProject
Project("{9A19103F-16F7-4668-BE54-9A1E7A4F7556}") = "CommonTests", "test\CommonTests\CommonTests.csproj", "{B854826A-070E-48BE-9376-983F6EAFFCDF}"
EndProject
Project("{FAE04EC0-301F-11D3-BF4B-00C04F79EFBC}") = "Forms", "Forms\Forms.csproj", "{B0701847-3C83-41A1-9BAD-6FCDCFDD307A}"
EndProject
Project("{2150E333-8FDC-42A3-9474-1A3956D46DE8}") = "FrameworkWeb", "FrameworkWeb", "{5AD84452-7334-4235-AA2D-0031A81D56E7}"
EndProject
Project("{9A19103F-16F7-4668-BE54-9A1E7A4F7556}") = "MSTest", "MSTest\MSTest.csproj", "{47BCFB11-D855-4673-874D-003CC8C0E517}"
EndProject
Project("{FAE04EC0-301F-11D3-BF4B-00C04F79EFBC}") = "WebNetFramework", "WebNetFramework\WebNetFramework.csproj", "{53517D3D-5454-42B0-88E9-BC4DF7DB52BD}"
EndProject
Project("{9A19103F-16F7-4668-BE54-9A1E7A4F7556}") = "BusinessSample", "BusinessSample\BusinessSample.csproj", "{D67C3E76-EC60-4E21-B6E3-1588365FDB98}"
EndProject
Project("{9A19103F-16F7-4668-BE54-9A1E7A4F7556}") = "Application.Data", "Application.Data\Application.Data.csproj", "{18103699-0E08-4681-B64D-6A0711A78DD8}"
	ProjectSection(ProjectDependencies) = postProject
		{F551A300-A42A-4624-B840-3642EA7AE689} = {F551A300-A42A-4624-B840-3642EA7AE689}
	EndProjectSection
EndProject
Project("{9A19103F-16F7-4668-BE54-9A1E7A4F7556}") = "BethanysPieShop", "BethanysPieShop\BethanysPieShop.csproj", "{1F7135F7-BD79-4AC2-A19F-3FE06014BEEF}"
EndProject
Project("{9A19103F-16F7-4668-BE54-9A1E7A4F7556}") = "TennisApp", "TennisApp\TennisApp.csproj", "{7B6094A8-8D66-4BC6-BE2E-3DE629B808A8}"
EndProject
Project("{9A19103F-16F7-4668-BE54-9A1E7A4F7556}") = "BusinessSample.UI", "BusinessSample.UI\BusinessSample.UI.csproj", "{A40C94E0-9F0E-45B4-AF98-58E5D4588D86}"
EndProject
Project("{FAE04EC0-301F-11D3-BF4B-00C04F79EFBC}") = "Application.Domain", "Application.Domain\Application.Domain.csproj", "{9947CC75-F655-44D5-9CC2-9CD19751198D}"
EndProject
Project("{FAE04EC0-301F-11D3-BF4B-00C04F79EFBC}") = "AppFramework.Data", "AppFramework.Data\AppFramework.Data.csproj", "{8EE68C63-A0B9-43F2-98FA-D28B4DAB663A}"
EndProject
Project("{FAE04EC0-301F-11D3-BF4B-00C04F79EFBC}") = "AppFramework.UI", "AppFramework.UI\AppFramework.UI.csproj", "{59508D5C-B0B9-4A01-9F85-C2651885A0F3}"
EndProject
Project("{9A19103F-16F7-4668-BE54-9A1E7A4F7556}") = "AppCore.ConsoleUI", "AppCore.Console\AppCore.ConsoleUI.csproj", "{9C36EA8E-6D7D-4DDC-BB40-C53EE1073129}"
EndProject
Project("{9A19103F-16F7-4668-BE54-9A1E7A4F7556}") = "AppCoreWPF.UI", "AppCoreWPF.UI\AppCoreWPF.UI.csproj", "{96CF9405-982F-4D4E-9CBA-53A04A411D50}"
EndProject
Project("{9A19103F-16F7-4668-BE54-9A1E7A4F7556}") = "AppCore.FormsUI", "AppCore.FormsUI\AppCore.FormsUI.csproj", "{5CE411C5-7F2D-4B68-B1C1-FEE9C7832A86}"
EndProject
Project("{9A19103F-16F7-4668-BE54-9A1E7A4F7556}") = "AppCore.WebUI", "AppCore.WebUI\AppCore.WebUI.csproj", "{BFE1DB1F-5626-45D6-A7E4-5BAC891500FA}"
EndProject
Project("{9A19103F-16F7-4668-BE54-9A1E7A4F7556}") = "AppCore.Domain", "AppCore.Domain\AppCore.Domain.csproj", "{9F75F376-7417-43DE-8F19-07FEFFA4432C}"
EndProject
Project("{2150E333-8FDC-42A3-9474-1A3956D46DE8}") = "CoreWeb", "CoreWeb", "{8E434E67-301B-4A01-8571-A66118B9EB64}"
EndProject
Project("{9A19103F-16F7-4668-BE54-9A1E7A4F7556}") = "AppCore.Data.Tests", "AppCore.Data.Tests\AppCore.Data.Tests.csproj", "{535759A5-A517-4864-8DDD-8BEBE5956B4D}"
EndProject
Project("{9A19103F-16F7-4668-BE54-9A1E7A4F7556}") = "CourseManager.Api", "CourseManager.Api\CourseManager.Api.csproj", "{E1DF7A81-AE34-42F3-B4EE-39135B298871}"
EndProject
Project("{9A19103F-16F7-4668-BE54-9A1E7A4F7556}") = "AppCore.Repository", "AppCore.Repository\AppCore.Repository.csproj", "{ADD7F18D-8638-48A3-BAB9-631E9BFD61F1}"
EndProject
Project("{9A19103F-16F7-4668-BE54-9A1E7A4F7556}") = "AppCore.Api.XunitTests", "AppCore.Api.XunitTests\AppCore.Api.XunitTests.csproj", "{6E46A15A-6CEA-45B0-9832-E6A66893F74F}"
EndProject
Project("{9A19103F-16F7-4668-BE54-9A1E7A4F7556}") = "AppCore.Entities", "AppCore.Entities\AppCore.Entities.csproj", "{C5CD1096-7202-45A8-842A-0256554CE70B}"
EndProject
Project("{2150E333-8FDC-42A3-9474-1A3956D46DE8}") = "1-Presentation", "1-Presentation", "{C7132880-C948-4BE8-A0A7-EE7724355263}"
EndProject
Project("{2150E333-8FDC-42A3-9474-1A3956D46DE8}") = "2-DataAccess", "2-DataAccess", "{F2A99F07-8877-4C6A-8516-642736A9E9F5}"
EndProject
Project("{2150E333-8FDC-42A3-9474-1A3956D46DE8}") = "3-Domain", "3-Domain", "{B94625A9-01F7-4BCF-A688-5E7C98CC21A3}"
EndProject
Project("{2150E333-8FDC-42A3-9474-1A3956D46DE8}") = "Core", "Core", "{6A7AA782-45C3-4BF5-BF40-89E5F9DDEF03}"
EndProject
Project("{2150E333-8FDC-42A3-9474-1A3956D46DE8}") = "Framework", "Framework", "{85124130-1EC2-4FEF-A605-3E6C457B9875}"
EndProject
Project("{2150E333-8FDC-42A3-9474-1A3956D46DE8}") = "Core", "Core", "{4042CD1A-4C52-440C-93B7-BF5E2108CA59}"
EndProject
Project("{2150E333-8FDC-42A3-9474-1A3956D46DE8}") = "Framework", "Framework", "{139592EF-FC18-40CB-B5F5-95FB62F1E155}"
EndProject
Project("{2150E333-8FDC-42A3-9474-1A3956D46DE8}") = "RawData", "RawData", "{BBD70FC2-BB53-4AF1-99FF-6CE6BA410967}"
	ProjectSection(SolutionItems) = preProject
		..\fuel.csv = ..\fuel.csv
	EndProjectSection
EndProject
Project("{2150E333-8FDC-42A3-9474-1A3956D46DE8}") = "DbContext", "DbContext", "{C7A1F741-9213-4CFB-849C-A7923C8FF510}"
EndProject
Project("{9A19103F-16F7-4668-BE54-9A1E7A4F7556}") = "AppCore.Controllers", "AppCore.Controllers\AppCore.Controllers.csproj", "{EA8EA786-B4D1-4119-A7D6-E06CA1A1081C}"
EndProject
Project("{2150E333-8FDC-42A3-9474-1A3956D46DE8}") = "UI", "UI", "{4B2871FF-5126-49ED-9280-AC435E176177}"
EndProject
Project("{2150E333-8FDC-42A3-9474-1A3956D46DE8}") = "Refactor", "Refactor", "{2EA094FF-963B-4FEF-92A8-6922CDD09EF9}"
EndProject
Global
	GlobalSection(SolutionConfigurationPlatforms) = preSolution
		Debug|Any CPU = Debug|Any CPU
		Debug|ARM = Debug|ARM
		Debug|iPhone = Debug|iPhone
		Debug|iPhoneSimulator = Debug|iPhoneSimulator
		Debug|x64 = Debug|x64
		Debug|x86 = Debug|x86
		Release|Any CPU = Release|Any CPU
		Release|ARM = Release|ARM
		Release|iPhone = Release|iPhone
		Release|iPhoneSimulator = Release|iPhoneSimulator
		Release|x64 = Release|x64
		Release|x86 = Release|x86
	EndGlobalSection
	GlobalSection(ProjectConfigurationPlatforms) = postSolution
		{5E0A987E-2B5C-4BA5-A73A-BB0A3BA096F8}.Debug|Any CPU.ActiveCfg = Debug|Any CPU
		{5E0A987E-2B5C-4BA5-A73A-BB0A3BA096F8}.Debug|Any CPU.Build.0 = Debug|Any CPU
		{5E0A987E-2B5C-4BA5-A73A-BB0A3BA096F8}.Debug|ARM.ActiveCfg = Debug|Any CPU
		{5E0A987E-2B5C-4BA5-A73A-BB0A3BA096F8}.Debug|ARM.Build.0 = Debug|Any CPU
		{5E0A987E-2B5C-4BA5-A73A-BB0A3BA096F8}.Debug|iPhone.ActiveCfg = Debug|Any CPU
		{5E0A987E-2B5C-4BA5-A73A-BB0A3BA096F8}.Debug|iPhone.Build.0 = Debug|Any CPU
		{5E0A987E-2B5C-4BA5-A73A-BB0A3BA096F8}.Debug|iPhoneSimulator.ActiveCfg = Debug|Any CPU
		{5E0A987E-2B5C-4BA5-A73A-BB0A3BA096F8}.Debug|iPhoneSimulator.Build.0 = Debug|Any CPU
		{5E0A987E-2B5C-4BA5-A73A-BB0A3BA096F8}.Debug|x64.ActiveCfg = Debug|Any CPU
		{5E0A987E-2B5C-4BA5-A73A-BB0A3BA096F8}.Debug|x64.Build.0 = Debug|Any CPU
		{5E0A987E-2B5C-4BA5-A73A-BB0A3BA096F8}.Debug|x86.ActiveCfg = Debug|Any CPU
		{5E0A987E-2B5C-4BA5-A73A-BB0A3BA096F8}.Debug|x86.Build.0 = Debug|Any CPU
		{5E0A987E-2B5C-4BA5-A73A-BB0A3BA096F8}.Release|Any CPU.ActiveCfg = Release|Any CPU
		{5E0A987E-2B5C-4BA5-A73A-BB0A3BA096F8}.Release|Any CPU.Build.0 = Release|Any CPU
		{5E0A987E-2B5C-4BA5-A73A-BB0A3BA096F8}.Release|ARM.ActiveCfg = Release|Any CPU
		{5E0A987E-2B5C-4BA5-A73A-BB0A3BA096F8}.Release|ARM.Build.0 = Release|Any CPU
		{5E0A987E-2B5C-4BA5-A73A-BB0A3BA096F8}.Release|iPhone.ActiveCfg = Release|Any CPU
		{5E0A987E-2B5C-4BA5-A73A-BB0A3BA096F8}.Release|iPhone.Build.0 = Release|Any CPU
		{5E0A987E-2B5C-4BA5-A73A-BB0A3BA096F8}.Release|iPhoneSimulator.ActiveCfg = Release|Any CPU
		{5E0A987E-2B5C-4BA5-A73A-BB0A3BA096F8}.Release|iPhoneSimulator.Build.0 = Release|Any CPU
		{5E0A987E-2B5C-4BA5-A73A-BB0A3BA096F8}.Release|x64.ActiveCfg = Release|Any CPU
		{5E0A987E-2B5C-4BA5-A73A-BB0A3BA096F8}.Release|x64.Build.0 = Release|Any CPU
		{5E0A987E-2B5C-4BA5-A73A-BB0A3BA096F8}.Release|x86.ActiveCfg = Release|Any CPU
		{5E0A987E-2B5C-4BA5-A73A-BB0A3BA096F8}.Release|x86.Build.0 = Release|Any CPU
		{D18F1404-1342-4456-A51B-65CCC050B0DD}.Debug|Any CPU.ActiveCfg = Debug|Any CPU
		{D18F1404-1342-4456-A51B-65CCC050B0DD}.Debug|Any CPU.Build.0 = Debug|Any CPU
		{D18F1404-1342-4456-A51B-65CCC050B0DD}.Debug|ARM.ActiveCfg = Debug|Any CPU
		{D18F1404-1342-4456-A51B-65CCC050B0DD}.Debug|ARM.Build.0 = Debug|Any CPU
		{D18F1404-1342-4456-A51B-65CCC050B0DD}.Debug|iPhone.ActiveCfg = Debug|Any CPU
		{D18F1404-1342-4456-A51B-65CCC050B0DD}.Debug|iPhone.Build.0 = Debug|Any CPU
		{D18F1404-1342-4456-A51B-65CCC050B0DD}.Debug|iPhoneSimulator.ActiveCfg = Debug|Any CPU
		{D18F1404-1342-4456-A51B-65CCC050B0DD}.Debug|iPhoneSimulator.Build.0 = Debug|Any CPU
		{D18F1404-1342-4456-A51B-65CCC050B0DD}.Debug|x64.ActiveCfg = Debug|Any CPU
		{D18F1404-1342-4456-A51B-65CCC050B0DD}.Debug|x64.Build.0 = Debug|Any CPU
		{D18F1404-1342-4456-A51B-65CCC050B0DD}.Debug|x86.ActiveCfg = Debug|Any CPU
		{D18F1404-1342-4456-A51B-65CCC050B0DD}.Debug|x86.Build.0 = Debug|Any CPU
		{D18F1404-1342-4456-A51B-65CCC050B0DD}.Release|Any CPU.ActiveCfg = Release|Any CPU
		{D18F1404-1342-4456-A51B-65CCC050B0DD}.Release|Any CPU.Build.0 = Release|Any CPU
		{D18F1404-1342-4456-A51B-65CCC050B0DD}.Release|ARM.ActiveCfg = Release|Any CPU
		{D18F1404-1342-4456-A51B-65CCC050B0DD}.Release|ARM.Build.0 = Release|Any CPU
		{D18F1404-1342-4456-A51B-65CCC050B0DD}.Release|iPhone.ActiveCfg = Release|Any CPU
		{D18F1404-1342-4456-A51B-65CCC050B0DD}.Release|iPhone.Build.0 = Release|Any CPU
		{D18F1404-1342-4456-A51B-65CCC050B0DD}.Release|iPhoneSimulator.ActiveCfg = Release|Any CPU
		{D18F1404-1342-4456-A51B-65CCC050B0DD}.Release|iPhoneSimulator.Build.0 = Release|Any CPU
		{D18F1404-1342-4456-A51B-65CCC050B0DD}.Release|x64.ActiveCfg = Release|Any CPU
		{D18F1404-1342-4456-A51B-65CCC050B0DD}.Release|x64.Build.0 = Release|Any CPU
		{D18F1404-1342-4456-A51B-65CCC050B0DD}.Release|x86.ActiveCfg = Release|Any CPU
		{D18F1404-1342-4456-A51B-65CCC050B0DD}.Release|x86.Build.0 = Release|Any CPU
		{C2B17D5F-7CB0-41DB-93EE-AD4FA7C796EC}.Debug|Any CPU.ActiveCfg = Debug|Any CPU
		{C2B17D5F-7CB0-41DB-93EE-AD4FA7C796EC}.Debug|Any CPU.Build.0 = Debug|Any CPU
		{C2B17D5F-7CB0-41DB-93EE-AD4FA7C796EC}.Debug|ARM.ActiveCfg = Debug|Any CPU
		{C2B17D5F-7CB0-41DB-93EE-AD4FA7C796EC}.Debug|ARM.Build.0 = Debug|Any CPU
		{C2B17D5F-7CB0-41DB-93EE-AD4FA7C796EC}.Debug|iPhone.ActiveCfg = Debug|Any CPU
		{C2B17D5F-7CB0-41DB-93EE-AD4FA7C796EC}.Debug|iPhone.Build.0 = Debug|Any CPU
		{C2B17D5F-7CB0-41DB-93EE-AD4FA7C796EC}.Debug|iPhoneSimulator.ActiveCfg = Debug|Any CPU
		{C2B17D5F-7CB0-41DB-93EE-AD4FA7C796EC}.Debug|iPhoneSimulator.Build.0 = Debug|Any CPU
		{C2B17D5F-7CB0-41DB-93EE-AD4FA7C796EC}.Debug|x64.ActiveCfg = Debug|Any CPU
		{C2B17D5F-7CB0-41DB-93EE-AD4FA7C796EC}.Debug|x64.Build.0 = Debug|Any CPU
		{C2B17D5F-7CB0-41DB-93EE-AD4FA7C796EC}.Debug|x86.ActiveCfg = Debug|Any CPU
		{C2B17D5F-7CB0-41DB-93EE-AD4FA7C796EC}.Debug|x86.Build.0 = Debug|Any CPU
		{C2B17D5F-7CB0-41DB-93EE-AD4FA7C796EC}.Release|Any CPU.ActiveCfg = Release|Any CPU
		{C2B17D5F-7CB0-41DB-93EE-AD4FA7C796EC}.Release|Any CPU.Build.0 = Release|Any CPU
		{C2B17D5F-7CB0-41DB-93EE-AD4FA7C796EC}.Release|ARM.ActiveCfg = Release|Any CPU
		{C2B17D5F-7CB0-41DB-93EE-AD4FA7C796EC}.Release|ARM.Build.0 = Release|Any CPU
		{C2B17D5F-7CB0-41DB-93EE-AD4FA7C796EC}.Release|iPhone.ActiveCfg = Release|Any CPU
		{C2B17D5F-7CB0-41DB-93EE-AD4FA7C796EC}.Release|iPhone.Build.0 = Release|Any CPU
		{C2B17D5F-7CB0-41DB-93EE-AD4FA7C796EC}.Release|iPhoneSimulator.ActiveCfg = Release|Any CPU
		{C2B17D5F-7CB0-41DB-93EE-AD4FA7C796EC}.Release|iPhoneSimulator.Build.0 = Release|Any CPU
		{C2B17D5F-7CB0-41DB-93EE-AD4FA7C796EC}.Release|x64.ActiveCfg = Release|Any CPU
		{C2B17D5F-7CB0-41DB-93EE-AD4FA7C796EC}.Release|x64.Build.0 = Release|Any CPU
		{C2B17D5F-7CB0-41DB-93EE-AD4FA7C796EC}.Release|x86.ActiveCfg = Release|Any CPU
		{C2B17D5F-7CB0-41DB-93EE-AD4FA7C796EC}.Release|x86.Build.0 = Release|Any CPU
		{2EB80161-5B70-4396-8E1A-474041FDCA5A}.Debug|Any CPU.ActiveCfg = Debug|Any CPU
		{2EB80161-5B70-4396-8E1A-474041FDCA5A}.Debug|Any CPU.Build.0 = Debug|Any CPU
		{2EB80161-5B70-4396-8E1A-474041FDCA5A}.Debug|ARM.ActiveCfg = Debug|Any CPU
		{2EB80161-5B70-4396-8E1A-474041FDCA5A}.Debug|ARM.Build.0 = Debug|Any CPU
		{2EB80161-5B70-4396-8E1A-474041FDCA5A}.Debug|iPhone.ActiveCfg = Debug|Any CPU
		{2EB80161-5B70-4396-8E1A-474041FDCA5A}.Debug|iPhone.Build.0 = Debug|Any CPU
		{2EB80161-5B70-4396-8E1A-474041FDCA5A}.Debug|iPhoneSimulator.ActiveCfg = Debug|Any CPU
		{2EB80161-5B70-4396-8E1A-474041FDCA5A}.Debug|iPhoneSimulator.Build.0 = Debug|Any CPU
		{2EB80161-5B70-4396-8E1A-474041FDCA5A}.Debug|x64.ActiveCfg = Debug|Any CPU
		{2EB80161-5B70-4396-8E1A-474041FDCA5A}.Debug|x64.Build.0 = Debug|Any CPU
		{2EB80161-5B70-4396-8E1A-474041FDCA5A}.Debug|x86.ActiveCfg = Debug|Any CPU
		{2EB80161-5B70-4396-8E1A-474041FDCA5A}.Debug|x86.Build.0 = Debug|Any CPU
		{2EB80161-5B70-4396-8E1A-474041FDCA5A}.Release|Any CPU.ActiveCfg = Release|Any CPU
		{2EB80161-5B70-4396-8E1A-474041FDCA5A}.Release|Any CPU.Build.0 = Release|Any CPU
		{2EB80161-5B70-4396-8E1A-474041FDCA5A}.Release|ARM.ActiveCfg = Release|Any CPU
		{2EB80161-5B70-4396-8E1A-474041FDCA5A}.Release|ARM.Build.0 = Release|Any CPU
		{2EB80161-5B70-4396-8E1A-474041FDCA5A}.Release|iPhone.ActiveCfg = Release|Any CPU
		{2EB80161-5B70-4396-8E1A-474041FDCA5A}.Release|iPhone.Build.0 = Release|Any CPU
		{2EB80161-5B70-4396-8E1A-474041FDCA5A}.Release|iPhoneSimulator.ActiveCfg = Release|Any CPU
		{2EB80161-5B70-4396-8E1A-474041FDCA5A}.Release|iPhoneSimulator.Build.0 = Release|Any CPU
		{2EB80161-5B70-4396-8E1A-474041FDCA5A}.Release|x64.ActiveCfg = Release|Any CPU
		{2EB80161-5B70-4396-8E1A-474041FDCA5A}.Release|x64.Build.0 = Release|Any CPU
		{2EB80161-5B70-4396-8E1A-474041FDCA5A}.Release|x86.ActiveCfg = Release|Any CPU
		{2EB80161-5B70-4396-8E1A-474041FDCA5A}.Release|x86.Build.0 = Release|Any CPU
		{F551A300-A42A-4624-B840-3642EA7AE689}.Debug|Any CPU.ActiveCfg = Debug|Any CPU
		{F551A300-A42A-4624-B840-3642EA7AE689}.Debug|Any CPU.Build.0 = Debug|Any CPU
		{F551A300-A42A-4624-B840-3642EA7AE689}.Debug|ARM.ActiveCfg = Debug|Any CPU
		{F551A300-A42A-4624-B840-3642EA7AE689}.Debug|ARM.Build.0 = Debug|Any CPU
		{F551A300-A42A-4624-B840-3642EA7AE689}.Debug|iPhone.ActiveCfg = Debug|Any CPU
		{F551A300-A42A-4624-B840-3642EA7AE689}.Debug|iPhone.Build.0 = Debug|Any CPU
		{F551A300-A42A-4624-B840-3642EA7AE689}.Debug|iPhoneSimulator.ActiveCfg = Debug|Any CPU
		{F551A300-A42A-4624-B840-3642EA7AE689}.Debug|iPhoneSimulator.Build.0 = Debug|Any CPU
		{F551A300-A42A-4624-B840-3642EA7AE689}.Debug|x64.ActiveCfg = Debug|Any CPU
		{F551A300-A42A-4624-B840-3642EA7AE689}.Debug|x64.Build.0 = Debug|Any CPU
		{F551A300-A42A-4624-B840-3642EA7AE689}.Debug|x86.ActiveCfg = Debug|Any CPU
		{F551A300-A42A-4624-B840-3642EA7AE689}.Debug|x86.Build.0 = Debug|Any CPU
		{F551A300-A42A-4624-B840-3642EA7AE689}.Release|Any CPU.ActiveCfg = Release|Any CPU
		{F551A300-A42A-4624-B840-3642EA7AE689}.Release|Any CPU.Build.0 = Release|Any CPU
		{F551A300-A42A-4624-B840-3642EA7AE689}.Release|ARM.ActiveCfg = Release|Any CPU
		{F551A300-A42A-4624-B840-3642EA7AE689}.Release|ARM.Build.0 = Release|Any CPU
		{F551A300-A42A-4624-B840-3642EA7AE689}.Release|iPhone.ActiveCfg = Release|Any CPU
		{F551A300-A42A-4624-B840-3642EA7AE689}.Release|iPhone.Build.0 = Release|Any CPU
		{F551A300-A42A-4624-B840-3642EA7AE689}.Release|iPhoneSimulator.ActiveCfg = Release|Any CPU
		{F551A300-A42A-4624-B840-3642EA7AE689}.Release|iPhoneSimulator.Build.0 = Release|Any CPU
		{F551A300-A42A-4624-B840-3642EA7AE689}.Release|x64.ActiveCfg = Release|Any CPU
		{F551A300-A42A-4624-B840-3642EA7AE689}.Release|x64.Build.0 = Release|Any CPU
		{F551A300-A42A-4624-B840-3642EA7AE689}.Release|x86.ActiveCfg = Release|Any CPU
		{F551A300-A42A-4624-B840-3642EA7AE689}.Release|x86.Build.0 = Release|Any CPU
		{B854826A-070E-48BE-9376-983F6EAFFCDF}.Debug|Any CPU.ActiveCfg = Debug|Any CPU
		{B854826A-070E-48BE-9376-983F6EAFFCDF}.Debug|Any CPU.Build.0 = Debug|Any CPU
		{B854826A-070E-48BE-9376-983F6EAFFCDF}.Debug|ARM.ActiveCfg = Debug|Any CPU
		{B854826A-070E-48BE-9376-983F6EAFFCDF}.Debug|ARM.Build.0 = Debug|Any CPU
		{B854826A-070E-48BE-9376-983F6EAFFCDF}.Debug|iPhone.ActiveCfg = Debug|Any CPU
		{B854826A-070E-48BE-9376-983F6EAFFCDF}.Debug|iPhone.Build.0 = Debug|Any CPU
		{B854826A-070E-48BE-9376-983F6EAFFCDF}.Debug|iPhoneSimulator.ActiveCfg = Debug|Any CPU
		{B854826A-070E-48BE-9376-983F6EAFFCDF}.Debug|iPhoneSimulator.Build.0 = Debug|Any CPU
		{B854826A-070E-48BE-9376-983F6EAFFCDF}.Debug|x64.ActiveCfg = Debug|Any CPU
		{B854826A-070E-48BE-9376-983F6EAFFCDF}.Debug|x64.Build.0 = Debug|Any CPU
		{B854826A-070E-48BE-9376-983F6EAFFCDF}.Debug|x86.ActiveCfg = Debug|Any CPU
		{B854826A-070E-48BE-9376-983F6EAFFCDF}.Debug|x86.Build.0 = Debug|Any CPU
		{B854826A-070E-48BE-9376-983F6EAFFCDF}.Release|Any CPU.ActiveCfg = Release|Any CPU
		{B854826A-070E-48BE-9376-983F6EAFFCDF}.Release|Any CPU.Build.0 = Release|Any CPU
		{B854826A-070E-48BE-9376-983F6EAFFCDF}.Release|ARM.ActiveCfg = Release|Any CPU
		{B854826A-070E-48BE-9376-983F6EAFFCDF}.Release|ARM.Build.0 = Release|Any CPU
		{B854826A-070E-48BE-9376-983F6EAFFCDF}.Release|iPhone.ActiveCfg = Release|Any CPU
		{B854826A-070E-48BE-9376-983F6EAFFCDF}.Release|iPhone.Build.0 = Release|Any CPU
		{B854826A-070E-48BE-9376-983F6EAFFCDF}.Release|iPhoneSimulator.ActiveCfg = Release|Any CPU
		{B854826A-070E-48BE-9376-983F6EAFFCDF}.Release|iPhoneSimulator.Build.0 = Release|Any CPU
		{B854826A-070E-48BE-9376-983F6EAFFCDF}.Release|x64.ActiveCfg = Release|Any CPU
		{B854826A-070E-48BE-9376-983F6EAFFCDF}.Release|x64.Build.0 = Release|Any CPU
		{B854826A-070E-48BE-9376-983F6EAFFCDF}.Release|x86.ActiveCfg = Release|Any CPU
		{B854826A-070E-48BE-9376-983F6EAFFCDF}.Release|x86.Build.0 = Release|Any CPU
		{B0701847-3C83-41A1-9BAD-6FCDCFDD307A}.Debug|Any CPU.ActiveCfg = Debug|Any CPU
		{B0701847-3C83-41A1-9BAD-6FCDCFDD307A}.Debug|Any CPU.Build.0 = Debug|Any CPU
		{B0701847-3C83-41A1-9BAD-6FCDCFDD307A}.Debug|ARM.ActiveCfg = Debug|Any CPU
		{B0701847-3C83-41A1-9BAD-6FCDCFDD307A}.Debug|ARM.Build.0 = Debug|Any CPU
		{B0701847-3C83-41A1-9BAD-6FCDCFDD307A}.Debug|iPhone.ActiveCfg = Debug|Any CPU
		{B0701847-3C83-41A1-9BAD-6FCDCFDD307A}.Debug|iPhone.Build.0 = Debug|Any CPU
		{B0701847-3C83-41A1-9BAD-6FCDCFDD307A}.Debug|iPhoneSimulator.ActiveCfg = Debug|Any CPU
		{B0701847-3C83-41A1-9BAD-6FCDCFDD307A}.Debug|iPhoneSimulator.Build.0 = Debug|Any CPU
		{B0701847-3C83-41A1-9BAD-6FCDCFDD307A}.Debug|x64.ActiveCfg = Debug|Any CPU
		{B0701847-3C83-41A1-9BAD-6FCDCFDD307A}.Debug|x64.Build.0 = Debug|Any CPU
		{B0701847-3C83-41A1-9BAD-6FCDCFDD307A}.Debug|x86.ActiveCfg = Debug|Any CPU
		{B0701847-3C83-41A1-9BAD-6FCDCFDD307A}.Debug|x86.Build.0 = Debug|Any CPU
		{B0701847-3C83-41A1-9BAD-6FCDCFDD307A}.Release|Any CPU.ActiveCfg = Release|Any CPU
		{B0701847-3C83-41A1-9BAD-6FCDCFDD307A}.Release|Any CPU.Build.0 = Release|Any CPU
		{B0701847-3C83-41A1-9BAD-6FCDCFDD307A}.Release|ARM.ActiveCfg = Release|Any CPU
		{B0701847-3C83-41A1-9BAD-6FCDCFDD307A}.Release|ARM.Build.0 = Release|Any CPU
		{B0701847-3C83-41A1-9BAD-6FCDCFDD307A}.Release|iPhone.ActiveCfg = Release|Any CPU
		{B0701847-3C83-41A1-9BAD-6FCDCFDD307A}.Release|iPhone.Build.0 = Release|Any CPU
		{B0701847-3C83-41A1-9BAD-6FCDCFDD307A}.Release|iPhoneSimulator.ActiveCfg = Release|Any CPU
		{B0701847-3C83-41A1-9BAD-6FCDCFDD307A}.Release|iPhoneSimulator.Build.0 = Release|Any CPU
		{B0701847-3C83-41A1-9BAD-6FCDCFDD307A}.Release|x64.ActiveCfg = Release|Any CPU
		{B0701847-3C83-41A1-9BAD-6FCDCFDD307A}.Release|x64.Build.0 = Release|Any CPU
		{B0701847-3C83-41A1-9BAD-6FCDCFDD307A}.Release|x86.ActiveCfg = Release|Any CPU
		{B0701847-3C83-41A1-9BAD-6FCDCFDD307A}.Release|x86.Build.0 = Release|Any CPU
		{47BCFB11-D855-4673-874D-003CC8C0E517}.Debug|Any CPU.ActiveCfg = Debug|Any CPU
		{47BCFB11-D855-4673-874D-003CC8C0E517}.Debug|Any CPU.Build.0 = Debug|Any CPU
		{47BCFB11-D855-4673-874D-003CC8C0E517}.Debug|ARM.ActiveCfg = Debug|Any CPU
		{47BCFB11-D855-4673-874D-003CC8C0E517}.Debug|ARM.Build.0 = Debug|Any CPU
		{47BCFB11-D855-4673-874D-003CC8C0E517}.Debug|iPhone.ActiveCfg = Debug|Any CPU
		{47BCFB11-D855-4673-874D-003CC8C0E517}.Debug|iPhone.Build.0 = Debug|Any CPU
		{47BCFB11-D855-4673-874D-003CC8C0E517}.Debug|iPhoneSimulator.ActiveCfg = Debug|Any CPU
		{47BCFB11-D855-4673-874D-003CC8C0E517}.Debug|iPhoneSimulator.Build.0 = Debug|Any CPU
		{47BCFB11-D855-4673-874D-003CC8C0E517}.Debug|x64.ActiveCfg = Debug|Any CPU
		{47BCFB11-D855-4673-874D-003CC8C0E517}.Debug|x64.Build.0 = Debug|Any CPU
		{47BCFB11-D855-4673-874D-003CC8C0E517}.Debug|x86.ActiveCfg = Debug|Any CPU
		{47BCFB11-D855-4673-874D-003CC8C0E517}.Debug|x86.Build.0 = Debug|Any CPU
		{47BCFB11-D855-4673-874D-003CC8C0E517}.Release|Any CPU.ActiveCfg = Release|Any CPU
		{47BCFB11-D855-4673-874D-003CC8C0E517}.Release|Any CPU.Build.0 = Release|Any CPU
		{47BCFB11-D855-4673-874D-003CC8C0E517}.Release|ARM.ActiveCfg = Release|Any CPU
		{47BCFB11-D855-4673-874D-003CC8C0E517}.Release|ARM.Build.0 = Release|Any CPU
		{47BCFB11-D855-4673-874D-003CC8C0E517}.Release|iPhone.ActiveCfg = Release|Any CPU
		{47BCFB11-D855-4673-874D-003CC8C0E517}.Release|iPhone.Build.0 = Release|Any CPU
		{47BCFB11-D855-4673-874D-003CC8C0E517}.Release|iPhoneSimulator.ActiveCfg = Release|Any CPU
		{47BCFB11-D855-4673-874D-003CC8C0E517}.Release|iPhoneSimulator.Build.0 = Release|Any CPU
		{47BCFB11-D855-4673-874D-003CC8C0E517}.Release|x64.ActiveCfg = Release|Any CPU
		{47BCFB11-D855-4673-874D-003CC8C0E517}.Release|x64.Build.0 = Release|Any CPU
		{47BCFB11-D855-4673-874D-003CC8C0E517}.Release|x86.ActiveCfg = Release|Any CPU
		{47BCFB11-D855-4673-874D-003CC8C0E517}.Release|x86.Build.0 = Release|Any CPU
		{53517D3D-5454-42B0-88E9-BC4DF7DB52BD}.Debug|Any CPU.ActiveCfg = Debug|Any CPU
		{53517D3D-5454-42B0-88E9-BC4DF7DB52BD}.Debug|Any CPU.Build.0 = Debug|Any CPU
		{53517D3D-5454-42B0-88E9-BC4DF7DB52BD}.Debug|ARM.ActiveCfg = Debug|Any CPU
		{53517D3D-5454-42B0-88E9-BC4DF7DB52BD}.Debug|ARM.Build.0 = Debug|Any CPU
		{53517D3D-5454-42B0-88E9-BC4DF7DB52BD}.Debug|iPhone.ActiveCfg = Debug|Any CPU
		{53517D3D-5454-42B0-88E9-BC4DF7DB52BD}.Debug|iPhone.Build.0 = Debug|Any CPU
		{53517D3D-5454-42B0-88E9-BC4DF7DB52BD}.Debug|iPhoneSimulator.ActiveCfg = Debug|Any CPU
		{53517D3D-5454-42B0-88E9-BC4DF7DB52BD}.Debug|iPhoneSimulator.Build.0 = Debug|Any CPU
		{53517D3D-5454-42B0-88E9-BC4DF7DB52BD}.Debug|x64.ActiveCfg = Debug|Any CPU
		{53517D3D-5454-42B0-88E9-BC4DF7DB52BD}.Debug|x64.Build.0 = Debug|Any CPU
		{53517D3D-5454-42B0-88E9-BC4DF7DB52BD}.Debug|x86.ActiveCfg = Debug|Any CPU
		{53517D3D-5454-42B0-88E9-BC4DF7DB52BD}.Debug|x86.Build.0 = Debug|Any CPU
		{53517D3D-5454-42B0-88E9-BC4DF7DB52BD}.Release|Any CPU.ActiveCfg = Release|Any CPU
		{53517D3D-5454-42B0-88E9-BC4DF7DB52BD}.Release|Any CPU.Build.0 = Release|Any CPU
		{53517D3D-5454-42B0-88E9-BC4DF7DB52BD}.Release|ARM.ActiveCfg = Release|Any CPU
		{53517D3D-5454-42B0-88E9-BC4DF7DB52BD}.Release|ARM.Build.0 = Release|Any CPU
		{53517D3D-5454-42B0-88E9-BC4DF7DB52BD}.Release|iPhone.ActiveCfg = Release|Any CPU
		{53517D3D-5454-42B0-88E9-BC4DF7DB52BD}.Release|iPhone.Build.0 = Release|Any CPU
		{53517D3D-5454-42B0-88E9-BC4DF7DB52BD}.Release|iPhoneSimulator.ActiveCfg = Release|Any CPU
		{53517D3D-5454-42B0-88E9-BC4DF7DB52BD}.Release|iPhoneSimulator.Build.0 = Release|Any CPU
		{53517D3D-5454-42B0-88E9-BC4DF7DB52BD}.Release|x64.ActiveCfg = Release|Any CPU
		{53517D3D-5454-42B0-88E9-BC4DF7DB52BD}.Release|x64.Build.0 = Release|Any CPU
		{53517D3D-5454-42B0-88E9-BC4DF7DB52BD}.Release|x86.ActiveCfg = Release|Any CPU
		{53517D3D-5454-42B0-88E9-BC4DF7DB52BD}.Release|x86.Build.0 = Release|Any CPU
		{D67C3E76-EC60-4E21-B6E3-1588365FDB98}.Debug|Any CPU.ActiveCfg = Debug|Any CPU
		{D67C3E76-EC60-4E21-B6E3-1588365FDB98}.Debug|Any CPU.Build.0 = Debug|Any CPU
		{D67C3E76-EC60-4E21-B6E3-1588365FDB98}.Debug|ARM.ActiveCfg = Debug|Any CPU
		{D67C3E76-EC60-4E21-B6E3-1588365FDB98}.Debug|ARM.Build.0 = Debug|Any CPU
		{D67C3E76-EC60-4E21-B6E3-1588365FDB98}.Debug|iPhone.ActiveCfg = Debug|Any CPU
		{D67C3E76-EC60-4E21-B6E3-1588365FDB98}.Debug|iPhone.Build.0 = Debug|Any CPU
		{D67C3E76-EC60-4E21-B6E3-1588365FDB98}.Debug|iPhoneSimulator.ActiveCfg = Debug|Any CPU
		{D67C3E76-EC60-4E21-B6E3-1588365FDB98}.Debug|iPhoneSimulator.Build.0 = Debug|Any CPU
		{D67C3E76-EC60-4E21-B6E3-1588365FDB98}.Debug|x64.ActiveCfg = Debug|Any CPU
		{D67C3E76-EC60-4E21-B6E3-1588365FDB98}.Debug|x64.Build.0 = Debug|Any CPU
		{D67C3E76-EC60-4E21-B6E3-1588365FDB98}.Debug|x86.ActiveCfg = Debug|Any CPU
		{D67C3E76-EC60-4E21-B6E3-1588365FDB98}.Debug|x86.Build.0 = Debug|Any CPU
		{D67C3E76-EC60-4E21-B6E3-1588365FDB98}.Release|Any CPU.ActiveCfg = Release|Any CPU
		{D67C3E76-EC60-4E21-B6E3-1588365FDB98}.Release|Any CPU.Build.0 = Release|Any CPU
		{D67C3E76-EC60-4E21-B6E3-1588365FDB98}.Release|ARM.ActiveCfg = Release|Any CPU
		{D67C3E76-EC60-4E21-B6E3-1588365FDB98}.Release|ARM.Build.0 = Release|Any CPU
		{D67C3E76-EC60-4E21-B6E3-1588365FDB98}.Release|iPhone.ActiveCfg = Release|Any CPU
		{D67C3E76-EC60-4E21-B6E3-1588365FDB98}.Release|iPhone.Build.0 = Release|Any CPU
		{D67C3E76-EC60-4E21-B6E3-1588365FDB98}.Release|iPhoneSimulator.ActiveCfg = Release|Any CPU
		{D67C3E76-EC60-4E21-B6E3-1588365FDB98}.Release|iPhoneSimulator.Build.0 = Release|Any CPU
		{D67C3E76-EC60-4E21-B6E3-1588365FDB98}.Release|x64.ActiveCfg = Release|Any CPU
		{D67C3E76-EC60-4E21-B6E3-1588365FDB98}.Release|x64.Build.0 = Release|Any CPU
		{D67C3E76-EC60-4E21-B6E3-1588365FDB98}.Release|x86.ActiveCfg = Release|Any CPU
		{D67C3E76-EC60-4E21-B6E3-1588365FDB98}.Release|x86.Build.0 = Release|Any CPU
		{18103699-0E08-4681-B64D-6A0711A78DD8}.Debug|Any CPU.ActiveCfg = Debug|Any CPU
		{18103699-0E08-4681-B64D-6A0711A78DD8}.Debug|Any CPU.Build.0 = Debug|Any CPU
		{18103699-0E08-4681-B64D-6A0711A78DD8}.Debug|ARM.ActiveCfg = Debug|Any CPU
		{18103699-0E08-4681-B64D-6A0711A78DD8}.Debug|ARM.Build.0 = Debug|Any CPU
		{18103699-0E08-4681-B64D-6A0711A78DD8}.Debug|iPhone.ActiveCfg = Debug|Any CPU
		{18103699-0E08-4681-B64D-6A0711A78DD8}.Debug|iPhone.Build.0 = Debug|Any CPU
		{18103699-0E08-4681-B64D-6A0711A78DD8}.Debug|iPhoneSimulator.ActiveCfg = Debug|Any CPU
		{18103699-0E08-4681-B64D-6A0711A78DD8}.Debug|iPhoneSimulator.Build.0 = Debug|Any CPU
		{18103699-0E08-4681-B64D-6A0711A78DD8}.Debug|x64.ActiveCfg = Debug|Any CPU
		{18103699-0E08-4681-B64D-6A0711A78DD8}.Debug|x64.Build.0 = Debug|Any CPU
		{18103699-0E08-4681-B64D-6A0711A78DD8}.Debug|x86.ActiveCfg = Debug|Any CPU
		{18103699-0E08-4681-B64D-6A0711A78DD8}.Debug|x86.Build.0 = Debug|Any CPU
		{18103699-0E08-4681-B64D-6A0711A78DD8}.Release|Any CPU.ActiveCfg = Release|Any CPU
		{18103699-0E08-4681-B64D-6A0711A78DD8}.Release|Any CPU.Build.0 = Release|Any CPU
		{18103699-0E08-4681-B64D-6A0711A78DD8}.Release|ARM.ActiveCfg = Release|Any CPU
		{18103699-0E08-4681-B64D-6A0711A78DD8}.Release|ARM.Build.0 = Release|Any CPU
		{18103699-0E08-4681-B64D-6A0711A78DD8}.Release|iPhone.ActiveCfg = Release|Any CPU
		{18103699-0E08-4681-B64D-6A0711A78DD8}.Release|iPhone.Build.0 = Release|Any CPU
		{18103699-0E08-4681-B64D-6A0711A78DD8}.Release|iPhoneSimulator.ActiveCfg = Release|Any CPU
		{18103699-0E08-4681-B64D-6A0711A78DD8}.Release|iPhoneSimulator.Build.0 = Release|Any CPU
		{18103699-0E08-4681-B64D-6A0711A78DD8}.Release|x64.ActiveCfg = Release|Any CPU
		{18103699-0E08-4681-B64D-6A0711A78DD8}.Release|x64.Build.0 = Release|Any CPU
		{18103699-0E08-4681-B64D-6A0711A78DD8}.Release|x86.ActiveCfg = Release|Any CPU
		{18103699-0E08-4681-B64D-6A0711A78DD8}.Release|x86.Build.0 = Release|Any CPU
		{1F7135F7-BD79-4AC2-A19F-3FE06014BEEF}.Debug|Any CPU.ActiveCfg = Debug|Any CPU
		{1F7135F7-BD79-4AC2-A19F-3FE06014BEEF}.Debug|Any CPU.Build.0 = Debug|Any CPU
		{1F7135F7-BD79-4AC2-A19F-3FE06014BEEF}.Debug|ARM.ActiveCfg = Debug|Any CPU
		{1F7135F7-BD79-4AC2-A19F-3FE06014BEEF}.Debug|ARM.Build.0 = Debug|Any CPU
		{1F7135F7-BD79-4AC2-A19F-3FE06014BEEF}.Debug|iPhone.ActiveCfg = Debug|Any CPU
		{1F7135F7-BD79-4AC2-A19F-3FE06014BEEF}.Debug|iPhone.Build.0 = Debug|Any CPU
		{1F7135F7-BD79-4AC2-A19F-3FE06014BEEF}.Debug|iPhoneSimulator.ActiveCfg = Debug|Any CPU
		{1F7135F7-BD79-4AC2-A19F-3FE06014BEEF}.Debug|iPhoneSimulator.Build.0 = Debug|Any CPU
		{1F7135F7-BD79-4AC2-A19F-3FE06014BEEF}.Debug|x64.ActiveCfg = Debug|Any CPU
		{1F7135F7-BD79-4AC2-A19F-3FE06014BEEF}.Debug|x64.Build.0 = Debug|Any CPU
		{1F7135F7-BD79-4AC2-A19F-3FE06014BEEF}.Debug|x86.ActiveCfg = Debug|Any CPU
		{1F7135F7-BD79-4AC2-A19F-3FE06014BEEF}.Debug|x86.Build.0 = Debug|Any CPU
		{1F7135F7-BD79-4AC2-A19F-3FE06014BEEF}.Release|Any CPU.ActiveCfg = Release|Any CPU
		{1F7135F7-BD79-4AC2-A19F-3FE06014BEEF}.Release|Any CPU.Build.0 = Release|Any CPU
		{1F7135F7-BD79-4AC2-A19F-3FE06014BEEF}.Release|ARM.ActiveCfg = Release|Any CPU
		{1F7135F7-BD79-4AC2-A19F-3FE06014BEEF}.Release|ARM.Build.0 = Release|Any CPU
		{1F7135F7-BD79-4AC2-A19F-3FE06014BEEF}.Release|iPhone.ActiveCfg = Release|Any CPU
		{1F7135F7-BD79-4AC2-A19F-3FE06014BEEF}.Release|iPhone.Build.0 = Release|Any CPU
		{1F7135F7-BD79-4AC2-A19F-3FE06014BEEF}.Release|iPhoneSimulator.ActiveCfg = Release|Any CPU
		{1F7135F7-BD79-4AC2-A19F-3FE06014BEEF}.Release|iPhoneSimulator.Build.0 = Release|Any CPU
		{1F7135F7-BD79-4AC2-A19F-3FE06014BEEF}.Release|x64.ActiveCfg = Release|Any CPU
		{1F7135F7-BD79-4AC2-A19F-3FE06014BEEF}.Release|x64.Build.0 = Release|Any CPU
		{1F7135F7-BD79-4AC2-A19F-3FE06014BEEF}.Release|x86.ActiveCfg = Release|Any CPU
		{1F7135F7-BD79-4AC2-A19F-3FE06014BEEF}.Release|x86.Build.0 = Release|Any CPU
		{7B6094A8-8D66-4BC6-BE2E-3DE629B808A8}.Debug|Any CPU.ActiveCfg = Debug|Any CPU
		{7B6094A8-8D66-4BC6-BE2E-3DE629B808A8}.Debug|Any CPU.Build.0 = Debug|Any CPU
		{7B6094A8-8D66-4BC6-BE2E-3DE629B808A8}.Debug|ARM.ActiveCfg = Debug|Any CPU
		{7B6094A8-8D66-4BC6-BE2E-3DE629B808A8}.Debug|ARM.Build.0 = Debug|Any CPU
		{7B6094A8-8D66-4BC6-BE2E-3DE629B808A8}.Debug|iPhone.ActiveCfg = Debug|Any CPU
		{7B6094A8-8D66-4BC6-BE2E-3DE629B808A8}.Debug|iPhone.Build.0 = Debug|Any CPU
		{7B6094A8-8D66-4BC6-BE2E-3DE629B808A8}.Debug|iPhoneSimulator.ActiveCfg = Debug|Any CPU
		{7B6094A8-8D66-4BC6-BE2E-3DE629B808A8}.Debug|iPhoneSimulator.Build.0 = Debug|Any CPU
		{7B6094A8-8D66-4BC6-BE2E-3DE629B808A8}.Debug|x64.ActiveCfg = Debug|Any CPU
		{7B6094A8-8D66-4BC6-BE2E-3DE629B808A8}.Debug|x64.Build.0 = Debug|Any CPU
		{7B6094A8-8D66-4BC6-BE2E-3DE629B808A8}.Debug|x86.ActiveCfg = Debug|Any CPU
		{7B6094A8-8D66-4BC6-BE2E-3DE629B808A8}.Debug|x86.Build.0 = Debug|Any CPU
		{7B6094A8-8D66-4BC6-BE2E-3DE629B808A8}.Release|Any CPU.ActiveCfg = Release|Any CPU
		{7B6094A8-8D66-4BC6-BE2E-3DE629B808A8}.Release|Any CPU.Build.0 = Release|Any CPU
		{7B6094A8-8D66-4BC6-BE2E-3DE629B808A8}.Release|ARM.ActiveCfg = Release|Any CPU
		{7B6094A8-8D66-4BC6-BE2E-3DE629B808A8}.Release|ARM.Build.0 = Release|Any CPU
		{7B6094A8-8D66-4BC6-BE2E-3DE629B808A8}.Release|iPhone.ActiveCfg = Release|Any CPU
		{7B6094A8-8D66-4BC6-BE2E-3DE629B808A8}.Release|iPhone.Build.0 = Release|Any CPU
		{7B6094A8-8D66-4BC6-BE2E-3DE629B808A8}.Release|iPhoneSimulator.ActiveCfg = Release|Any CPU
		{7B6094A8-8D66-4BC6-BE2E-3DE629B808A8}.Release|iPhoneSimulator.Build.0 = Release|Any CPU
		{7B6094A8-8D66-4BC6-BE2E-3DE629B808A8}.Release|x64.ActiveCfg = Release|Any CPU
		{7B6094A8-8D66-4BC6-BE2E-3DE629B808A8}.Release|x64.Build.0 = Release|Any CPU
		{7B6094A8-8D66-4BC6-BE2E-3DE629B808A8}.Release|x86.ActiveCfg = Release|Any CPU
		{7B6094A8-8D66-4BC6-BE2E-3DE629B808A8}.Release|x86.Build.0 = Release|Any CPU
		{A40C94E0-9F0E-45B4-AF98-58E5D4588D86}.Debug|Any CPU.ActiveCfg = Debug|Any CPU
		{A40C94E0-9F0E-45B4-AF98-58E5D4588D86}.Debug|Any CPU.Build.0 = Debug|Any CPU
		{A40C94E0-9F0E-45B4-AF98-58E5D4588D86}.Debug|ARM.ActiveCfg = Debug|Any CPU
		{A40C94E0-9F0E-45B4-AF98-58E5D4588D86}.Debug|ARM.Build.0 = Debug|Any CPU
		{A40C94E0-9F0E-45B4-AF98-58E5D4588D86}.Debug|iPhone.ActiveCfg = Debug|Any CPU
		{A40C94E0-9F0E-45B4-AF98-58E5D4588D86}.Debug|iPhone.Build.0 = Debug|Any CPU
		{A40C94E0-9F0E-45B4-AF98-58E5D4588D86}.Debug|iPhoneSimulator.ActiveCfg = Debug|Any CPU
		{A40C94E0-9F0E-45B4-AF98-58E5D4588D86}.Debug|iPhoneSimulator.Build.0 = Debug|Any CPU
		{A40C94E0-9F0E-45B4-AF98-58E5D4588D86}.Debug|x64.ActiveCfg = Debug|Any CPU
		{A40C94E0-9F0E-45B4-AF98-58E5D4588D86}.Debug|x64.Build.0 = Debug|Any CPU
		{A40C94E0-9F0E-45B4-AF98-58E5D4588D86}.Debug|x86.ActiveCfg = Debug|Any CPU
		{A40C94E0-9F0E-45B4-AF98-58E5D4588D86}.Debug|x86.Build.0 = Debug|Any CPU
		{A40C94E0-9F0E-45B4-AF98-58E5D4588D86}.Release|Any CPU.ActiveCfg = Release|Any CPU
		{A40C94E0-9F0E-45B4-AF98-58E5D4588D86}.Release|Any CPU.Build.0 = Release|Any CPU
		{A40C94E0-9F0E-45B4-AF98-58E5D4588D86}.Release|ARM.ActiveCfg = Release|Any CPU
		{A40C94E0-9F0E-45B4-AF98-58E5D4588D86}.Release|ARM.Build.0 = Release|Any CPU
		{A40C94E0-9F0E-45B4-AF98-58E5D4588D86}.Release|iPhone.ActiveCfg = Release|Any CPU
		{A40C94E0-9F0E-45B4-AF98-58E5D4588D86}.Release|iPhone.Build.0 = Release|Any CPU
		{A40C94E0-9F0E-45B4-AF98-58E5D4588D86}.Release|iPhoneSimulator.ActiveCfg = Release|Any CPU
		{A40C94E0-9F0E-45B4-AF98-58E5D4588D86}.Release|iPhoneSimulator.Build.0 = Release|Any CPU
		{A40C94E0-9F0E-45B4-AF98-58E5D4588D86}.Release|x64.ActiveCfg = Release|Any CPU
		{A40C94E0-9F0E-45B4-AF98-58E5D4588D86}.Release|x64.Build.0 = Release|Any CPU
		{A40C94E0-9F0E-45B4-AF98-58E5D4588D86}.Release|x86.ActiveCfg = Release|Any CPU
		{A40C94E0-9F0E-45B4-AF98-58E5D4588D86}.Release|x86.Build.0 = Release|Any CPU
		{9947CC75-F655-44D5-9CC2-9CD19751198D}.Debug|Any CPU.ActiveCfg = Debug|Any CPU
		{9947CC75-F655-44D5-9CC2-9CD19751198D}.Debug|Any CPU.Build.0 = Debug|Any CPU
		{9947CC75-F655-44D5-9CC2-9CD19751198D}.Debug|ARM.ActiveCfg = Debug|Any CPU
		{9947CC75-F655-44D5-9CC2-9CD19751198D}.Debug|ARM.Build.0 = Debug|Any CPU
		{9947CC75-F655-44D5-9CC2-9CD19751198D}.Debug|iPhone.ActiveCfg = Debug|Any CPU
		{9947CC75-F655-44D5-9CC2-9CD19751198D}.Debug|iPhone.Build.0 = Debug|Any CPU
		{9947CC75-F655-44D5-9CC2-9CD19751198D}.Debug|iPhoneSimulator.ActiveCfg = Debug|Any CPU
		{9947CC75-F655-44D5-9CC2-9CD19751198D}.Debug|iPhoneSimulator.Build.0 = Debug|Any CPU
		{9947CC75-F655-44D5-9CC2-9CD19751198D}.Debug|x64.ActiveCfg = Debug|Any CPU
		{9947CC75-F655-44D5-9CC2-9CD19751198D}.Debug|x64.Build.0 = Debug|Any CPU
		{9947CC75-F655-44D5-9CC2-9CD19751198D}.Debug|x86.ActiveCfg = Debug|Any CPU
		{9947CC75-F655-44D5-9CC2-9CD19751198D}.Debug|x86.Build.0 = Debug|Any CPU
		{9947CC75-F655-44D5-9CC2-9CD19751198D}.Release|Any CPU.ActiveCfg = Release|Any CPU
		{9947CC75-F655-44D5-9CC2-9CD19751198D}.Release|Any CPU.Build.0 = Release|Any CPU
		{9947CC75-F655-44D5-9CC2-9CD19751198D}.Release|ARM.ActiveCfg = Release|Any CPU
		{9947CC75-F655-44D5-9CC2-9CD19751198D}.Release|ARM.Build.0 = Release|Any CPU
		{9947CC75-F655-44D5-9CC2-9CD19751198D}.Release|iPhone.ActiveCfg = Release|Any CPU
		{9947CC75-F655-44D5-9CC2-9CD19751198D}.Release|iPhone.Build.0 = Release|Any CPU
		{9947CC75-F655-44D5-9CC2-9CD19751198D}.Release|iPhoneSimulator.ActiveCfg = Release|Any CPU
		{9947CC75-F655-44D5-9CC2-9CD19751198D}.Release|iPhoneSimulator.Build.0 = Release|Any CPU
		{9947CC75-F655-44D5-9CC2-9CD19751198D}.Release|x64.ActiveCfg = Release|Any CPU
		{9947CC75-F655-44D5-9CC2-9CD19751198D}.Release|x64.Build.0 = Release|Any CPU
		{9947CC75-F655-44D5-9CC2-9CD19751198D}.Release|x86.ActiveCfg = Release|Any CPU
		{9947CC75-F655-44D5-9CC2-9CD19751198D}.Release|x86.Build.0 = Release|Any CPU
		{8EE68C63-A0B9-43F2-98FA-D28B4DAB663A}.Debug|Any CPU.ActiveCfg = Debug|Any CPU
		{8EE68C63-A0B9-43F2-98FA-D28B4DAB663A}.Debug|Any CPU.Build.0 = Debug|Any CPU
		{8EE68C63-A0B9-43F2-98FA-D28B4DAB663A}.Debug|ARM.ActiveCfg = Debug|Any CPU
		{8EE68C63-A0B9-43F2-98FA-D28B4DAB663A}.Debug|ARM.Build.0 = Debug|Any CPU
		{8EE68C63-A0B9-43F2-98FA-D28B4DAB663A}.Debug|iPhone.ActiveCfg = Debug|Any CPU
		{8EE68C63-A0B9-43F2-98FA-D28B4DAB663A}.Debug|iPhone.Build.0 = Debug|Any CPU
		{8EE68C63-A0B9-43F2-98FA-D28B4DAB663A}.Debug|iPhoneSimulator.ActiveCfg = Debug|Any CPU
		{8EE68C63-A0B9-43F2-98FA-D28B4DAB663A}.Debug|iPhoneSimulator.Build.0 = Debug|Any CPU
		{8EE68C63-A0B9-43F2-98FA-D28B4DAB663A}.Debug|x64.ActiveCfg = Debug|Any CPU
		{8EE68C63-A0B9-43F2-98FA-D28B4DAB663A}.Debug|x64.Build.0 = Debug|Any CPU
		{8EE68C63-A0B9-43F2-98FA-D28B4DAB663A}.Debug|x86.ActiveCfg = Debug|Any CPU
		{8EE68C63-A0B9-43F2-98FA-D28B4DAB663A}.Debug|x86.Build.0 = Debug|Any CPU
		{8EE68C63-A0B9-43F2-98FA-D28B4DAB663A}.Release|Any CPU.ActiveCfg = Release|Any CPU
		{8EE68C63-A0B9-43F2-98FA-D28B4DAB663A}.Release|Any CPU.Build.0 = Release|Any CPU
		{8EE68C63-A0B9-43F2-98FA-D28B4DAB663A}.Release|ARM.ActiveCfg = Release|Any CPU
		{8EE68C63-A0B9-43F2-98FA-D28B4DAB663A}.Release|ARM.Build.0 = Release|Any CPU
		{8EE68C63-A0B9-43F2-98FA-D28B4DAB663A}.Release|iPhone.ActiveCfg = Release|Any CPU
		{8EE68C63-A0B9-43F2-98FA-D28B4DAB663A}.Release|iPhone.Build.0 = Release|Any CPU
		{8EE68C63-A0B9-43F2-98FA-D28B4DAB663A}.Release|iPhoneSimulator.ActiveCfg = Release|Any CPU
		{8EE68C63-A0B9-43F2-98FA-D28B4DAB663A}.Release|iPhoneSimulator.Build.0 = Release|Any CPU
		{8EE68C63-A0B9-43F2-98FA-D28B4DAB663A}.Release|x64.ActiveCfg = Release|Any CPU
		{8EE68C63-A0B9-43F2-98FA-D28B4DAB663A}.Release|x64.Build.0 = Release|Any CPU
		{8EE68C63-A0B9-43F2-98FA-D28B4DAB663A}.Release|x86.ActiveCfg = Release|Any CPU
		{8EE68C63-A0B9-43F2-98FA-D28B4DAB663A}.Release|x86.Build.0 = Release|Any CPU
		{59508D5C-B0B9-4A01-9F85-C2651885A0F3}.Debug|Any CPU.ActiveCfg = Debug|Any CPU
		{59508D5C-B0B9-4A01-9F85-C2651885A0F3}.Debug|Any CPU.Build.0 = Debug|Any CPU
		{59508D5C-B0B9-4A01-9F85-C2651885A0F3}.Debug|ARM.ActiveCfg = Debug|Any CPU
		{59508D5C-B0B9-4A01-9F85-C2651885A0F3}.Debug|ARM.Build.0 = Debug|Any CPU
		{59508D5C-B0B9-4A01-9F85-C2651885A0F3}.Debug|iPhone.ActiveCfg = Debug|Any CPU
		{59508D5C-B0B9-4A01-9F85-C2651885A0F3}.Debug|iPhone.Build.0 = Debug|Any CPU
		{59508D5C-B0B9-4A01-9F85-C2651885A0F3}.Debug|iPhoneSimulator.ActiveCfg = Debug|Any CPU
		{59508D5C-B0B9-4A01-9F85-C2651885A0F3}.Debug|iPhoneSimulator.Build.0 = Debug|Any CPU
		{59508D5C-B0B9-4A01-9F85-C2651885A0F3}.Debug|x64.ActiveCfg = Debug|Any CPU
		{59508D5C-B0B9-4A01-9F85-C2651885A0F3}.Debug|x64.Build.0 = Debug|Any CPU
		{59508D5C-B0B9-4A01-9F85-C2651885A0F3}.Debug|x86.ActiveCfg = Debug|Any CPU
		{59508D5C-B0B9-4A01-9F85-C2651885A0F3}.Debug|x86.Build.0 = Debug|Any CPU
		{59508D5C-B0B9-4A01-9F85-C2651885A0F3}.Release|Any CPU.ActiveCfg = Release|Any CPU
		{59508D5C-B0B9-4A01-9F85-C2651885A0F3}.Release|Any CPU.Build.0 = Release|Any CPU
		{59508D5C-B0B9-4A01-9F85-C2651885A0F3}.Release|ARM.ActiveCfg = Release|Any CPU
		{59508D5C-B0B9-4A01-9F85-C2651885A0F3}.Release|ARM.Build.0 = Release|Any CPU
		{59508D5C-B0B9-4A01-9F85-C2651885A0F3}.Release|iPhone.ActiveCfg = Release|Any CPU
		{59508D5C-B0B9-4A01-9F85-C2651885A0F3}.Release|iPhone.Build.0 = Release|Any CPU
		{59508D5C-B0B9-4A01-9F85-C2651885A0F3}.Release|iPhoneSimulator.ActiveCfg = Release|Any CPU
		{59508D5C-B0B9-4A01-9F85-C2651885A0F3}.Release|iPhoneSimulator.Build.0 = Release|Any CPU
		{59508D5C-B0B9-4A01-9F85-C2651885A0F3}.Release|x64.ActiveCfg = Release|Any CPU
		{59508D5C-B0B9-4A01-9F85-C2651885A0F3}.Release|x64.Build.0 = Release|Any CPU
		{59508D5C-B0B9-4A01-9F85-C2651885A0F3}.Release|x86.ActiveCfg = Release|Any CPU
		{59508D5C-B0B9-4A01-9F85-C2651885A0F3}.Release|x86.Build.0 = Release|Any CPU
		{9C36EA8E-6D7D-4DDC-BB40-C53EE1073129}.Debug|Any CPU.ActiveCfg = Debug|Any CPU
		{9C36EA8E-6D7D-4DDC-BB40-C53EE1073129}.Debug|Any CPU.Build.0 = Debug|Any CPU
		{9C36EA8E-6D7D-4DDC-BB40-C53EE1073129}.Debug|ARM.ActiveCfg = Debug|Any CPU
		{9C36EA8E-6D7D-4DDC-BB40-C53EE1073129}.Debug|ARM.Build.0 = Debug|Any CPU
		{9C36EA8E-6D7D-4DDC-BB40-C53EE1073129}.Debug|iPhone.ActiveCfg = Debug|Any CPU
		{9C36EA8E-6D7D-4DDC-BB40-C53EE1073129}.Debug|iPhone.Build.0 = Debug|Any CPU
		{9C36EA8E-6D7D-4DDC-BB40-C53EE1073129}.Debug|iPhoneSimulator.ActiveCfg = Debug|Any CPU
		{9C36EA8E-6D7D-4DDC-BB40-C53EE1073129}.Debug|iPhoneSimulator.Build.0 = Debug|Any CPU
		{9C36EA8E-6D7D-4DDC-BB40-C53EE1073129}.Debug|x64.ActiveCfg = Debug|Any CPU
		{9C36EA8E-6D7D-4DDC-BB40-C53EE1073129}.Debug|x64.Build.0 = Debug|Any CPU
		{9C36EA8E-6D7D-4DDC-BB40-C53EE1073129}.Debug|x86.ActiveCfg = Debug|Any CPU
		{9C36EA8E-6D7D-4DDC-BB40-C53EE1073129}.Debug|x86.Build.0 = Debug|Any CPU
		{9C36EA8E-6D7D-4DDC-BB40-C53EE1073129}.Release|Any CPU.ActiveCfg = Release|Any CPU
		{9C36EA8E-6D7D-4DDC-BB40-C53EE1073129}.Release|Any CPU.Build.0 = Release|Any CPU
		{9C36EA8E-6D7D-4DDC-BB40-C53EE1073129}.Release|ARM.ActiveCfg = Release|Any CPU
		{9C36EA8E-6D7D-4DDC-BB40-C53EE1073129}.Release|ARM.Build.0 = Release|Any CPU
		{9C36EA8E-6D7D-4DDC-BB40-C53EE1073129}.Release|iPhone.ActiveCfg = Release|Any CPU
		{9C36EA8E-6D7D-4DDC-BB40-C53EE1073129}.Release|iPhone.Build.0 = Release|Any CPU
		{9C36EA8E-6D7D-4DDC-BB40-C53EE1073129}.Release|iPhoneSimulator.ActiveCfg = Release|Any CPU
		{9C36EA8E-6D7D-4DDC-BB40-C53EE1073129}.Release|iPhoneSimulator.Build.0 = Release|Any CPU
		{9C36EA8E-6D7D-4DDC-BB40-C53EE1073129}.Release|x64.ActiveCfg = Release|Any CPU
		{9C36EA8E-6D7D-4DDC-BB40-C53EE1073129}.Release|x64.Build.0 = Release|Any CPU
		{9C36EA8E-6D7D-4DDC-BB40-C53EE1073129}.Release|x86.ActiveCfg = Release|Any CPU
		{9C36EA8E-6D7D-4DDC-BB40-C53EE1073129}.Release|x86.Build.0 = Release|Any CPU
		{96CF9405-982F-4D4E-9CBA-53A04A411D50}.Debug|Any CPU.ActiveCfg = Debug|Any CPU
		{96CF9405-982F-4D4E-9CBA-53A04A411D50}.Debug|Any CPU.Build.0 = Debug|Any CPU
		{96CF9405-982F-4D4E-9CBA-53A04A411D50}.Debug|ARM.ActiveCfg = Debug|Any CPU
		{96CF9405-982F-4D4E-9CBA-53A04A411D50}.Debug|ARM.Build.0 = Debug|Any CPU
		{96CF9405-982F-4D4E-9CBA-53A04A411D50}.Debug|iPhone.ActiveCfg = Debug|Any CPU
		{96CF9405-982F-4D4E-9CBA-53A04A411D50}.Debug|iPhone.Build.0 = Debug|Any CPU
		{96CF9405-982F-4D4E-9CBA-53A04A411D50}.Debug|iPhoneSimulator.ActiveCfg = Debug|Any CPU
		{96CF9405-982F-4D4E-9CBA-53A04A411D50}.Debug|iPhoneSimulator.Build.0 = Debug|Any CPU
		{96CF9405-982F-4D4E-9CBA-53A04A411D50}.Debug|x64.ActiveCfg = Debug|Any CPU
		{96CF9405-982F-4D4E-9CBA-53A04A411D50}.Debug|x64.Build.0 = Debug|Any CPU
		{96CF9405-982F-4D4E-9CBA-53A04A411D50}.Debug|x86.ActiveCfg = Debug|Any CPU
		{96CF9405-982F-4D4E-9CBA-53A04A411D50}.Debug|x86.Build.0 = Debug|Any CPU
		{96CF9405-982F-4D4E-9CBA-53A04A411D50}.Release|Any CPU.ActiveCfg = Release|Any CPU
		{96CF9405-982F-4D4E-9CBA-53A04A411D50}.Release|Any CPU.Build.0 = Release|Any CPU
		{96CF9405-982F-4D4E-9CBA-53A04A411D50}.Release|ARM.ActiveCfg = Release|Any CPU
		{96CF9405-982F-4D4E-9CBA-53A04A411D50}.Release|ARM.Build.0 = Release|Any CPU
		{96CF9405-982F-4D4E-9CBA-53A04A411D50}.Release|iPhone.ActiveCfg = Release|Any CPU
		{96CF9405-982F-4D4E-9CBA-53A04A411D50}.Release|iPhone.Build.0 = Release|Any CPU
		{96CF9405-982F-4D4E-9CBA-53A04A411D50}.Release|iPhoneSimulator.ActiveCfg = Release|Any CPU
		{96CF9405-982F-4D4E-9CBA-53A04A411D50}.Release|iPhoneSimulator.Build.0 = Release|Any CPU
		{96CF9405-982F-4D4E-9CBA-53A04A411D50}.Release|x64.ActiveCfg = Release|Any CPU
		{96CF9405-982F-4D4E-9CBA-53A04A411D50}.Release|x64.Build.0 = Release|Any CPU
		{96CF9405-982F-4D4E-9CBA-53A04A411D50}.Release|x86.ActiveCfg = Release|Any CPU
		{96CF9405-982F-4D4E-9CBA-53A04A411D50}.Release|x86.Build.0 = Release|Any CPU
		{5CE411C5-7F2D-4B68-B1C1-FEE9C7832A86}.Debug|Any CPU.ActiveCfg = Debug|Any CPU
		{5CE411C5-7F2D-4B68-B1C1-FEE9C7832A86}.Debug|Any CPU.Build.0 = Debug|Any CPU
		{5CE411C5-7F2D-4B68-B1C1-FEE9C7832A86}.Debug|ARM.ActiveCfg = Debug|Any CPU
		{5CE411C5-7F2D-4B68-B1C1-FEE9C7832A86}.Debug|ARM.Build.0 = Debug|Any CPU
		{5CE411C5-7F2D-4B68-B1C1-FEE9C7832A86}.Debug|iPhone.ActiveCfg = Debug|Any CPU
		{5CE411C5-7F2D-4B68-B1C1-FEE9C7832A86}.Debug|iPhone.Build.0 = Debug|Any CPU
		{5CE411C5-7F2D-4B68-B1C1-FEE9C7832A86}.Debug|iPhoneSimulator.ActiveCfg = Debug|Any CPU
		{5CE411C5-7F2D-4B68-B1C1-FEE9C7832A86}.Debug|iPhoneSimulator.Build.0 = Debug|Any CPU
		{5CE411C5-7F2D-4B68-B1C1-FEE9C7832A86}.Debug|x64.ActiveCfg = Debug|Any CPU
		{5CE411C5-7F2D-4B68-B1C1-FEE9C7832A86}.Debug|x64.Build.0 = Debug|Any CPU
		{5CE411C5-7F2D-4B68-B1C1-FEE9C7832A86}.Debug|x86.ActiveCfg = Debug|Any CPU
		{5CE411C5-7F2D-4B68-B1C1-FEE9C7832A86}.Debug|x86.Build.0 = Debug|Any CPU
		{5CE411C5-7F2D-4B68-B1C1-FEE9C7832A86}.Release|Any CPU.ActiveCfg = Release|Any CPU
		{5CE411C5-7F2D-4B68-B1C1-FEE9C7832A86}.Release|Any CPU.Build.0 = Release|Any CPU
		{5CE411C5-7F2D-4B68-B1C1-FEE9C7832A86}.Release|ARM.ActiveCfg = Release|Any CPU
		{5CE411C5-7F2D-4B68-B1C1-FEE9C7832A86}.Release|ARM.Build.0 = Release|Any CPU
		{5CE411C5-7F2D-4B68-B1C1-FEE9C7832A86}.Release|iPhone.ActiveCfg = Release|Any CPU
		{5CE411C5-7F2D-4B68-B1C1-FEE9C7832A86}.Release|iPhone.Build.0 = Release|Any CPU
		{5CE411C5-7F2D-4B68-B1C1-FEE9C7832A86}.Release|iPhoneSimulator.ActiveCfg = Release|Any CPU
		{5CE411C5-7F2D-4B68-B1C1-FEE9C7832A86}.Release|iPhoneSimulator.Build.0 = Release|Any CPU
		{5CE411C5-7F2D-4B68-B1C1-FEE9C7832A86}.Release|x64.ActiveCfg = Release|Any CPU
		{5CE411C5-7F2D-4B68-B1C1-FEE9C7832A86}.Release|x64.Build.0 = Release|Any CPU
		{5CE411C5-7F2D-4B68-B1C1-FEE9C7832A86}.Release|x86.ActiveCfg = Release|Any CPU
		{5CE411C5-7F2D-4B68-B1C1-FEE9C7832A86}.Release|x86.Build.0 = Release|Any CPU
		{BFE1DB1F-5626-45D6-A7E4-5BAC891500FA}.Debug|Any CPU.ActiveCfg = Debug|Any CPU
		{BFE1DB1F-5626-45D6-A7E4-5BAC891500FA}.Debug|Any CPU.Build.0 = Debug|Any CPU
		{BFE1DB1F-5626-45D6-A7E4-5BAC891500FA}.Debug|ARM.ActiveCfg = Debug|Any CPU
		{BFE1DB1F-5626-45D6-A7E4-5BAC891500FA}.Debug|ARM.Build.0 = Debug|Any CPU
		{BFE1DB1F-5626-45D6-A7E4-5BAC891500FA}.Debug|iPhone.ActiveCfg = Debug|Any CPU
		{BFE1DB1F-5626-45D6-A7E4-5BAC891500FA}.Debug|iPhone.Build.0 = Debug|Any CPU
		{BFE1DB1F-5626-45D6-A7E4-5BAC891500FA}.Debug|iPhoneSimulator.ActiveCfg = Debug|Any CPU
		{BFE1DB1F-5626-45D6-A7E4-5BAC891500FA}.Debug|iPhoneSimulator.Build.0 = Debug|Any CPU
		{BFE1DB1F-5626-45D6-A7E4-5BAC891500FA}.Debug|x64.ActiveCfg = Debug|Any CPU
		{BFE1DB1F-5626-45D6-A7E4-5BAC891500FA}.Debug|x64.Build.0 = Debug|Any CPU
		{BFE1DB1F-5626-45D6-A7E4-5BAC891500FA}.Debug|x86.ActiveCfg = Debug|Any CPU
		{BFE1DB1F-5626-45D6-A7E4-5BAC891500FA}.Debug|x86.Build.0 = Debug|Any CPU
		{BFE1DB1F-5626-45D6-A7E4-5BAC891500FA}.Release|Any CPU.ActiveCfg = Release|Any CPU
		{BFE1DB1F-5626-45D6-A7E4-5BAC891500FA}.Release|Any CPU.Build.0 = Release|Any CPU
		{BFE1DB1F-5626-45D6-A7E4-5BAC891500FA}.Release|ARM.ActiveCfg = Release|Any CPU
		{BFE1DB1F-5626-45D6-A7E4-5BAC891500FA}.Release|ARM.Build.0 = Release|Any CPU
		{BFE1DB1F-5626-45D6-A7E4-5BAC891500FA}.Release|iPhone.ActiveCfg = Release|Any CPU
		{BFE1DB1F-5626-45D6-A7E4-5BAC891500FA}.Release|iPhone.Build.0 = Release|Any CPU
		{BFE1DB1F-5626-45D6-A7E4-5BAC891500FA}.Release|iPhoneSimulator.ActiveCfg = Release|Any CPU
		{BFE1DB1F-5626-45D6-A7E4-5BAC891500FA}.Release|iPhoneSimulator.Build.0 = Release|Any CPU
		{BFE1DB1F-5626-45D6-A7E4-5BAC891500FA}.Release|x64.ActiveCfg = Release|Any CPU
		{BFE1DB1F-5626-45D6-A7E4-5BAC891500FA}.Release|x64.Build.0 = Release|Any CPU
		{BFE1DB1F-5626-45D6-A7E4-5BAC891500FA}.Release|x86.ActiveCfg = Release|Any CPU
		{BFE1DB1F-5626-45D6-A7E4-5BAC891500FA}.Release|x86.Build.0 = Release|Any CPU
		{9F75F376-7417-43DE-8F19-07FEFFA4432C}.Debug|Any CPU.ActiveCfg = Debug|Any CPU
		{9F75F376-7417-43DE-8F19-07FEFFA4432C}.Debug|Any CPU.Build.0 = Debug|Any CPU
		{9F75F376-7417-43DE-8F19-07FEFFA4432C}.Debug|ARM.ActiveCfg = Debug|Any CPU
		{9F75F376-7417-43DE-8F19-07FEFFA4432C}.Debug|ARM.Build.0 = Debug|Any CPU
		{9F75F376-7417-43DE-8F19-07FEFFA4432C}.Debug|iPhone.ActiveCfg = Debug|Any CPU
		{9F75F376-7417-43DE-8F19-07FEFFA4432C}.Debug|iPhone.Build.0 = Debug|Any CPU
		{9F75F376-7417-43DE-8F19-07FEFFA4432C}.Debug|iPhoneSimulator.ActiveCfg = Debug|Any CPU
		{9F75F376-7417-43DE-8F19-07FEFFA4432C}.Debug|iPhoneSimulator.Build.0 = Debug|Any CPU
		{9F75F376-7417-43DE-8F19-07FEFFA4432C}.Debug|x64.ActiveCfg = Debug|Any CPU
		{9F75F376-7417-43DE-8F19-07FEFFA4432C}.Debug|x64.Build.0 = Debug|Any CPU
		{9F75F376-7417-43DE-8F19-07FEFFA4432C}.Debug|x86.ActiveCfg = Debug|Any CPU
		{9F75F376-7417-43DE-8F19-07FEFFA4432C}.Debug|x86.Build.0 = Debug|Any CPU
		{9F75F376-7417-43DE-8F19-07FEFFA4432C}.Release|Any CPU.ActiveCfg = Release|Any CPU
		{9F75F376-7417-43DE-8F19-07FEFFA4432C}.Release|Any CPU.Build.0 = Release|Any CPU
		{9F75F376-7417-43DE-8F19-07FEFFA4432C}.Release|ARM.ActiveCfg = Release|Any CPU
		{9F75F376-7417-43DE-8F19-07FEFFA4432C}.Release|ARM.Build.0 = Release|Any CPU
		{9F75F376-7417-43DE-8F19-07FEFFA4432C}.Release|iPhone.ActiveCfg = Release|Any CPU
		{9F75F376-7417-43DE-8F19-07FEFFA4432C}.Release|iPhone.Build.0 = Release|Any CPU
		{9F75F376-7417-43DE-8F19-07FEFFA4432C}.Release|iPhoneSimulator.ActiveCfg = Release|Any CPU
		{9F75F376-7417-43DE-8F19-07FEFFA4432C}.Release|iPhoneSimulator.Build.0 = Release|Any CPU
		{9F75F376-7417-43DE-8F19-07FEFFA4432C}.Release|x64.ActiveCfg = Release|Any CPU
		{9F75F376-7417-43DE-8F19-07FEFFA4432C}.Release|x64.Build.0 = Release|Any CPU
		{9F75F376-7417-43DE-8F19-07FEFFA4432C}.Release|x86.ActiveCfg = Release|Any CPU
		{9F75F376-7417-43DE-8F19-07FEFFA4432C}.Release|x86.Build.0 = Release|Any CPU
		{535759A5-A517-4864-8DDD-8BEBE5956B4D}.Debug|Any CPU.ActiveCfg = Debug|Any CPU
		{535759A5-A517-4864-8DDD-8BEBE5956B4D}.Debug|Any CPU.Build.0 = Debug|Any CPU
		{535759A5-A517-4864-8DDD-8BEBE5956B4D}.Debug|ARM.ActiveCfg = Debug|Any CPU
		{535759A5-A517-4864-8DDD-8BEBE5956B4D}.Debug|ARM.Build.0 = Debug|Any CPU
		{535759A5-A517-4864-8DDD-8BEBE5956B4D}.Debug|iPhone.ActiveCfg = Debug|Any CPU
		{535759A5-A517-4864-8DDD-8BEBE5956B4D}.Debug|iPhone.Build.0 = Debug|Any CPU
		{535759A5-A517-4864-8DDD-8BEBE5956B4D}.Debug|iPhoneSimulator.ActiveCfg = Debug|Any CPU
		{535759A5-A517-4864-8DDD-8BEBE5956B4D}.Debug|iPhoneSimulator.Build.0 = Debug|Any CPU
		{535759A5-A517-4864-8DDD-8BEBE5956B4D}.Debug|x64.ActiveCfg = Debug|Any CPU
		{535759A5-A517-4864-8DDD-8BEBE5956B4D}.Debug|x64.Build.0 = Debug|Any CPU
		{535759A5-A517-4864-8DDD-8BEBE5956B4D}.Debug|x86.ActiveCfg = Debug|Any CPU
		{535759A5-A517-4864-8DDD-8BEBE5956B4D}.Debug|x86.Build.0 = Debug|Any CPU
		{535759A5-A517-4864-8DDD-8BEBE5956B4D}.Release|Any CPU.ActiveCfg = Release|Any CPU
		{535759A5-A517-4864-8DDD-8BEBE5956B4D}.Release|Any CPU.Build.0 = Release|Any CPU
		{535759A5-A517-4864-8DDD-8BEBE5956B4D}.Release|ARM.ActiveCfg = Release|Any CPU
		{535759A5-A517-4864-8DDD-8BEBE5956B4D}.Release|ARM.Build.0 = Release|Any CPU
		{535759A5-A517-4864-8DDD-8BEBE5956B4D}.Release|iPhone.ActiveCfg = Release|Any CPU
		{535759A5-A517-4864-8DDD-8BEBE5956B4D}.Release|iPhone.Build.0 = Release|Any CPU
		{535759A5-A517-4864-8DDD-8BEBE5956B4D}.Release|iPhoneSimulator.ActiveCfg = Release|Any CPU
		{535759A5-A517-4864-8DDD-8BEBE5956B4D}.Release|iPhoneSimulator.Build.0 = Release|Any CPU
		{535759A5-A517-4864-8DDD-8BEBE5956B4D}.Release|x64.ActiveCfg = Release|Any CPU
		{535759A5-A517-4864-8DDD-8BEBE5956B4D}.Release|x64.Build.0 = Release|Any CPU
		{535759A5-A517-4864-8DDD-8BEBE5956B4D}.Release|x86.ActiveCfg = Release|Any CPU
		{535759A5-A517-4864-8DDD-8BEBE5956B4D}.Release|x86.Build.0 = Release|Any CPU
		{E1DF7A81-AE34-42F3-B4EE-39135B298871}.Debug|Any CPU.ActiveCfg = Debug|Any CPU
		{E1DF7A81-AE34-42F3-B4EE-39135B298871}.Debug|Any CPU.Build.0 = Debug|Any CPU
		{E1DF7A81-AE34-42F3-B4EE-39135B298871}.Debug|ARM.ActiveCfg = Debug|Any CPU
		{E1DF7A81-AE34-42F3-B4EE-39135B298871}.Debug|ARM.Build.0 = Debug|Any CPU
		{E1DF7A81-AE34-42F3-B4EE-39135B298871}.Debug|iPhone.ActiveCfg = Debug|Any CPU
		{E1DF7A81-AE34-42F3-B4EE-39135B298871}.Debug|iPhone.Build.0 = Debug|Any CPU
		{E1DF7A81-AE34-42F3-B4EE-39135B298871}.Debug|iPhoneSimulator.ActiveCfg = Debug|Any CPU
		{E1DF7A81-AE34-42F3-B4EE-39135B298871}.Debug|iPhoneSimulator.Build.0 = Debug|Any CPU
		{E1DF7A81-AE34-42F3-B4EE-39135B298871}.Debug|x64.ActiveCfg = Debug|Any CPU
		{E1DF7A81-AE34-42F3-B4EE-39135B298871}.Debug|x64.Build.0 = Debug|Any CPU
		{E1DF7A81-AE34-42F3-B4EE-39135B298871}.Debug|x86.ActiveCfg = Debug|Any CPU
		{E1DF7A81-AE34-42F3-B4EE-39135B298871}.Debug|x86.Build.0 = Debug|Any CPU
		{E1DF7A81-AE34-42F3-B4EE-39135B298871}.Release|Any CPU.ActiveCfg = Release|Any CPU
		{E1DF7A81-AE34-42F3-B4EE-39135B298871}.Release|Any CPU.Build.0 = Release|Any CPU
		{E1DF7A81-AE34-42F3-B4EE-39135B298871}.Release|ARM.ActiveCfg = Release|Any CPU
		{E1DF7A81-AE34-42F3-B4EE-39135B298871}.Release|ARM.Build.0 = Release|Any CPU
		{E1DF7A81-AE34-42F3-B4EE-39135B298871}.Release|iPhone.ActiveCfg = Release|Any CPU
		{E1DF7A81-AE34-42F3-B4EE-39135B298871}.Release|iPhone.Build.0 = Release|Any CPU
		{E1DF7A81-AE34-42F3-B4EE-39135B298871}.Release|iPhoneSimulator.ActiveCfg = Release|Any CPU
		{E1DF7A81-AE34-42F3-B4EE-39135B298871}.Release|iPhoneSimulator.Build.0 = Release|Any CPU
		{E1DF7A81-AE34-42F3-B4EE-39135B298871}.Release|x64.ActiveCfg = Release|Any CPU
		{E1DF7A81-AE34-42F3-B4EE-39135B298871}.Release|x64.Build.0 = Release|Any CPU
		{E1DF7A81-AE34-42F3-B4EE-39135B298871}.Release|x86.ActiveCfg = Release|Any CPU
		{E1DF7A81-AE34-42F3-B4EE-39135B298871}.Release|x86.Build.0 = Release|Any CPU
		{ADD7F18D-8638-48A3-BAB9-631E9BFD61F1}.Debug|Any CPU.ActiveCfg = Debug|Any CPU
		{ADD7F18D-8638-48A3-BAB9-631E9BFD61F1}.Debug|Any CPU.Build.0 = Debug|Any CPU
		{ADD7F18D-8638-48A3-BAB9-631E9BFD61F1}.Debug|ARM.ActiveCfg = Debug|Any CPU
		{ADD7F18D-8638-48A3-BAB9-631E9BFD61F1}.Debug|ARM.Build.0 = Debug|Any CPU
		{ADD7F18D-8638-48A3-BAB9-631E9BFD61F1}.Debug|iPhone.ActiveCfg = Debug|Any CPU
		{ADD7F18D-8638-48A3-BAB9-631E9BFD61F1}.Debug|iPhone.Build.0 = Debug|Any CPU
		{ADD7F18D-8638-48A3-BAB9-631E9BFD61F1}.Debug|iPhoneSimulator.ActiveCfg = Debug|Any CPU
		{ADD7F18D-8638-48A3-BAB9-631E9BFD61F1}.Debug|iPhoneSimulator.Build.0 = Debug|Any CPU
		{ADD7F18D-8638-48A3-BAB9-631E9BFD61F1}.Debug|x64.ActiveCfg = Debug|Any CPU
		{ADD7F18D-8638-48A3-BAB9-631E9BFD61F1}.Debug|x64.Build.0 = Debug|Any CPU
		{ADD7F18D-8638-48A3-BAB9-631E9BFD61F1}.Debug|x86.ActiveCfg = Debug|Any CPU
		{ADD7F18D-8638-48A3-BAB9-631E9BFD61F1}.Debug|x86.Build.0 = Debug|Any CPU
		{ADD7F18D-8638-48A3-BAB9-631E9BFD61F1}.Release|Any CPU.ActiveCfg = Release|Any CPU
		{ADD7F18D-8638-48A3-BAB9-631E9BFD61F1}.Release|Any CPU.Build.0 = Release|Any CPU
		{ADD7F18D-8638-48A3-BAB9-631E9BFD61F1}.Release|ARM.ActiveCfg = Release|Any CPU
		{ADD7F18D-8638-48A3-BAB9-631E9BFD61F1}.Release|ARM.Build.0 = Release|Any CPU
		{ADD7F18D-8638-48A3-BAB9-631E9BFD61F1}.Release|iPhone.ActiveCfg = Release|Any CPU
		{ADD7F18D-8638-48A3-BAB9-631E9BFD61F1}.Release|iPhone.Build.0 = Release|Any CPU
		{ADD7F18D-8638-48A3-BAB9-631E9BFD61F1}.Release|iPhoneSimulator.ActiveCfg = Release|Any CPU
		{ADD7F18D-8638-48A3-BAB9-631E9BFD61F1}.Release|iPhoneSimulator.Build.0 = Release|Any CPU
		{ADD7F18D-8638-48A3-BAB9-631E9BFD61F1}.Release|x64.ActiveCfg = Release|Any CPU
		{ADD7F18D-8638-48A3-BAB9-631E9BFD61F1}.Release|x64.Build.0 = Release|Any CPU
		{ADD7F18D-8638-48A3-BAB9-631E9BFD61F1}.Release|x86.ActiveCfg = Release|Any CPU
		{ADD7F18D-8638-48A3-BAB9-631E9BFD61F1}.Release|x86.Build.0 = Release|Any CPU
		{6E46A15A-6CEA-45B0-9832-E6A66893F74F}.Debug|Any CPU.ActiveCfg = Debug|Any CPU
		{6E46A15A-6CEA-45B0-9832-E6A66893F74F}.Debug|Any CPU.Build.0 = Debug|Any CPU
		{6E46A15A-6CEA-45B0-9832-E6A66893F74F}.Debug|ARM.ActiveCfg = Debug|Any CPU
		{6E46A15A-6CEA-45B0-9832-E6A66893F74F}.Debug|ARM.Build.0 = Debug|Any CPU
		{6E46A15A-6CEA-45B0-9832-E6A66893F74F}.Debug|iPhone.ActiveCfg = Debug|Any CPU
		{6E46A15A-6CEA-45B0-9832-E6A66893F74F}.Debug|iPhone.Build.0 = Debug|Any CPU
		{6E46A15A-6CEA-45B0-9832-E6A66893F74F}.Debug|iPhoneSimulator.ActiveCfg = Debug|Any CPU
		{6E46A15A-6CEA-45B0-9832-E6A66893F74F}.Debug|iPhoneSimulator.Build.0 = Debug|Any CPU
		{6E46A15A-6CEA-45B0-9832-E6A66893F74F}.Debug|x64.ActiveCfg = Debug|Any CPU
		{6E46A15A-6CEA-45B0-9832-E6A66893F74F}.Debug|x64.Build.0 = Debug|Any CPU
		{6E46A15A-6CEA-45B0-9832-E6A66893F74F}.Debug|x86.ActiveCfg = Debug|Any CPU
		{6E46A15A-6CEA-45B0-9832-E6A66893F74F}.Debug|x86.Build.0 = Debug|Any CPU
		{6E46A15A-6CEA-45B0-9832-E6A66893F74F}.Release|Any CPU.ActiveCfg = Release|Any CPU
		{6E46A15A-6CEA-45B0-9832-E6A66893F74F}.Release|Any CPU.Build.0 = Release|Any CPU
		{6E46A15A-6CEA-45B0-9832-E6A66893F74F}.Release|ARM.ActiveCfg = Release|Any CPU
		{6E46A15A-6CEA-45B0-9832-E6A66893F74F}.Release|ARM.Build.0 = Release|Any CPU
		{6E46A15A-6CEA-45B0-9832-E6A66893F74F}.Release|iPhone.ActiveCfg = Release|Any CPU
		{6E46A15A-6CEA-45B0-9832-E6A66893F74F}.Release|iPhone.Build.0 = Release|Any CPU
		{6E46A15A-6CEA-45B0-9832-E6A66893F74F}.Release|iPhoneSimulator.ActiveCfg = Release|Any CPU
		{6E46A15A-6CEA-45B0-9832-E6A66893F74F}.Release|iPhoneSimulator.Build.0 = Release|Any CPU
		{6E46A15A-6CEA-45B0-9832-E6A66893F74F}.Release|x64.ActiveCfg = Release|Any CPU
		{6E46A15A-6CEA-45B0-9832-E6A66893F74F}.Release|x64.Build.0 = Release|Any CPU
		{6E46A15A-6CEA-45B0-9832-E6A66893F74F}.Release|x86.ActiveCfg = Release|Any CPU
		{6E46A15A-6CEA-45B0-9832-E6A66893F74F}.Release|x86.Build.0 = Release|Any CPU
		{C5CD1096-7202-45A8-842A-0256554CE70B}.Debug|Any CPU.ActiveCfg = Debug|Any CPU
		{C5CD1096-7202-45A8-842A-0256554CE70B}.Debug|Any CPU.Build.0 = Debug|Any CPU
		{C5CD1096-7202-45A8-842A-0256554CE70B}.Debug|ARM.ActiveCfg = Debug|Any CPU
		{C5CD1096-7202-45A8-842A-0256554CE70B}.Debug|ARM.Build.0 = Debug|Any CPU
		{C5CD1096-7202-45A8-842A-0256554CE70B}.Debug|iPhone.ActiveCfg = Debug|Any CPU
		{C5CD1096-7202-45A8-842A-0256554CE70B}.Debug|iPhone.Build.0 = Debug|Any CPU
		{C5CD1096-7202-45A8-842A-0256554CE70B}.Debug|iPhoneSimulator.ActiveCfg = Debug|Any CPU
		{C5CD1096-7202-45A8-842A-0256554CE70B}.Debug|iPhoneSimulator.Build.0 = Debug|Any CPU
		{C5CD1096-7202-45A8-842A-0256554CE70B}.Debug|x64.ActiveCfg = Debug|Any CPU
		{C5CD1096-7202-45A8-842A-0256554CE70B}.Debug|x64.Build.0 = Debug|Any CPU
		{C5CD1096-7202-45A8-842A-0256554CE70B}.Debug|x86.ActiveCfg = Debug|Any CPU
		{C5CD1096-7202-45A8-842A-0256554CE70B}.Debug|x86.Build.0 = Debug|Any CPU
		{C5CD1096-7202-45A8-842A-0256554CE70B}.Release|Any CPU.ActiveCfg = Release|Any CPU
		{C5CD1096-7202-45A8-842A-0256554CE70B}.Release|Any CPU.Build.0 = Release|Any CPU
		{C5CD1096-7202-45A8-842A-0256554CE70B}.Release|ARM.ActiveCfg = Release|Any CPU
		{C5CD1096-7202-45A8-842A-0256554CE70B}.Release|ARM.Build.0 = Release|Any CPU
		{C5CD1096-7202-45A8-842A-0256554CE70B}.Release|iPhone.ActiveCfg = Release|Any CPU
		{C5CD1096-7202-45A8-842A-0256554CE70B}.Release|iPhone.Build.0 = Release|Any CPU
		{C5CD1096-7202-45A8-842A-0256554CE70B}.Release|iPhoneSimulator.ActiveCfg = Release|Any CPU
		{C5CD1096-7202-45A8-842A-0256554CE70B}.Release|iPhoneSimulator.Build.0 = Release|Any CPU
		{C5CD1096-7202-45A8-842A-0256554CE70B}.Release|x64.ActiveCfg = Release|Any CPU
		{C5CD1096-7202-45A8-842A-0256554CE70B}.Release|x64.Build.0 = Release|Any CPU
		{C5CD1096-7202-45A8-842A-0256554CE70B}.Release|x86.ActiveCfg = Release|Any CPU
		{C5CD1096-7202-45A8-842A-0256554CE70B}.Release|x86.Build.0 = Release|Any CPU
		{EA8EA786-B4D1-4119-A7D6-E06CA1A1081C}.Debug|Any CPU.ActiveCfg = Debug|Any CPU
		{EA8EA786-B4D1-4119-A7D6-E06CA1A1081C}.Debug|Any CPU.Build.0 = Debug|Any CPU
		{EA8EA786-B4D1-4119-A7D6-E06CA1A1081C}.Debug|ARM.ActiveCfg = Debug|Any CPU
		{EA8EA786-B4D1-4119-A7D6-E06CA1A1081C}.Debug|ARM.Build.0 = Debug|Any CPU
		{EA8EA786-B4D1-4119-A7D6-E06CA1A1081C}.Debug|iPhone.ActiveCfg = Debug|Any CPU
		{EA8EA786-B4D1-4119-A7D6-E06CA1A1081C}.Debug|iPhone.Build.0 = Debug|Any CPU
		{EA8EA786-B4D1-4119-A7D6-E06CA1A1081C}.Debug|iPhoneSimulator.ActiveCfg = Debug|Any CPU
		{EA8EA786-B4D1-4119-A7D6-E06CA1A1081C}.Debug|iPhoneSimulator.Build.0 = Debug|Any CPU
		{EA8EA786-B4D1-4119-A7D6-E06CA1A1081C}.Debug|x64.ActiveCfg = Debug|Any CPU
		{EA8EA786-B4D1-4119-A7D6-E06CA1A1081C}.Debug|x64.Build.0 = Debug|Any CPU
		{EA8EA786-B4D1-4119-A7D6-E06CA1A1081C}.Debug|x86.ActiveCfg = Debug|Any CPU
		{EA8EA786-B4D1-4119-A7D6-E06CA1A1081C}.Debug|x86.Build.0 = Debug|Any CPU
		{EA8EA786-B4D1-4119-A7D6-E06CA1A1081C}.Release|Any CPU.ActiveCfg = Release|Any CPU
		{EA8EA786-B4D1-4119-A7D6-E06CA1A1081C}.Release|Any CPU.Build.0 = Release|Any CPU
		{EA8EA786-B4D1-4119-A7D6-E06CA1A1081C}.Release|ARM.ActiveCfg = Release|Any CPU
		{EA8EA786-B4D1-4119-A7D6-E06CA1A1081C}.Release|ARM.Build.0 = Release|Any CPU
		{EA8EA786-B4D1-4119-A7D6-E06CA1A1081C}.Release|iPhone.ActiveCfg = Release|Any CPU
		{EA8EA786-B4D1-4119-A7D6-E06CA1A1081C}.Release|iPhone.Build.0 = Release|Any CPU
		{EA8EA786-B4D1-4119-A7D6-E06CA1A1081C}.Release|iPhoneSimulator.ActiveCfg = Release|Any CPU
		{EA8EA786-B4D1-4119-A7D6-E06CA1A1081C}.Release|iPhoneSimulator.Build.0 = Release|Any CPU
		{EA8EA786-B4D1-4119-A7D6-E06CA1A1081C}.Release|x64.ActiveCfg = Release|Any CPU
		{EA8EA786-B4D1-4119-A7D6-E06CA1A1081C}.Release|x64.Build.0 = Release|Any CPU
		{EA8EA786-B4D1-4119-A7D6-E06CA1A1081C}.Release|x86.ActiveCfg = Release|Any CPU
		{EA8EA786-B4D1-4119-A7D6-E06CA1A1081C}.Release|x86.Build.0 = Release|Any CPU
	EndGlobalSection
	GlobalSection(SolutionProperties) = preSolution
		HideSolutionNode = FALSE
	EndGlobalSection
	GlobalSection(NestedProjects) = preSolution
		{5E0A987E-2B5C-4BA5-A73A-BB0A3BA096F8} = {2EA094FF-963B-4FEF-92A8-6922CDD09EF9}
		{D18F1404-1342-4456-A51B-65CCC050B0DD} = {2EA094FF-963B-4FEF-92A8-6922CDD09EF9}
		{C2B17D5F-7CB0-41DB-93EE-AD4FA7C796EC} = {F2A99F07-8877-4C6A-8516-642736A9E9F5}
		{2EB80161-5B70-4396-8E1A-474041FDCA5A} = {139592EF-FC18-40CB-B5F5-95FB62F1E155}
		{F551A300-A42A-4624-B840-3642EA7AE689} = {139592EF-FC18-40CB-B5F5-95FB62F1E155}
		{B854826A-070E-48BE-9376-983F6EAFFCDF} = {139592EF-FC18-40CB-B5F5-95FB62F1E155}
		{B0701847-3C83-41A1-9BAD-6FCDCFDD307A} = {85124130-1EC2-4FEF-A605-3E6C457B9875}
		{5AD84452-7334-4235-AA2D-0031A81D56E7} = {85124130-1EC2-4FEF-A605-3E6C457B9875}
		{47BCFB11-D855-4673-874D-003CC8C0E517} = {F2A99F07-8877-4C6A-8516-642736A9E9F5}
		{53517D3D-5454-42B0-88E9-BC4DF7DB52BD} = {5AD84452-7334-4235-AA2D-0031A81D56E7}
		{D67C3E76-EC60-4E21-B6E3-1588365FDB98} = {8E434E67-301B-4A01-8571-A66118B9EB64}
		{18103699-0E08-4681-B64D-6A0711A78DD8} = {C7A1F741-9213-4CFB-849C-A7923C8FF510}
		{1F7135F7-BD79-4AC2-A19F-3FE06014BEEF} = {8E434E67-301B-4A01-8571-A66118B9EB64}
		{7B6094A8-8D66-4BC6-BE2E-3DE629B808A8} = {8E434E67-301B-4A01-8571-A66118B9EB64}
		{A40C94E0-9F0E-45B4-AF98-58E5D4588D86} = {8E434E67-301B-4A01-8571-A66118B9EB64}
		{9947CC75-F655-44D5-9CC2-9CD19751198D} = {139592EF-FC18-40CB-B5F5-95FB62F1E155}
		{8EE68C63-A0B9-43F2-98FA-D28B4DAB663A} = {139592EF-FC18-40CB-B5F5-95FB62F1E155}
		{59508D5C-B0B9-4A01-9F85-C2651885A0F3} = {85124130-1EC2-4FEF-A605-3E6C457B9875}
		{9C36EA8E-6D7D-4DDC-BB40-C53EE1073129} = {4B2871FF-5126-49ED-9280-AC435E176177}
		{96CF9405-982F-4D4E-9CBA-53A04A411D50} = {4B2871FF-5126-49ED-9280-AC435E176177}
		{5CE411C5-7F2D-4B68-B1C1-FEE9C7832A86} = {4B2871FF-5126-49ED-9280-AC435E176177}
		{BFE1DB1F-5626-45D6-A7E4-5BAC891500FA} = {8E434E67-301B-4A01-8571-A66118B9EB64}
		{9F75F376-7417-43DE-8F19-07FEFFA4432C} = {4042CD1A-4C52-440C-93B7-BF5E2108CA59}
		{8E434E67-301B-4A01-8571-A66118B9EB64} = {4B2871FF-5126-49ED-9280-AC435E176177}
		{535759A5-A517-4864-8DDD-8BEBE5956B4D} = {C7A1F741-9213-4CFB-849C-A7923C8FF510}
		{E1DF7A81-AE34-42F3-B4EE-39135B298871} = {8E434E67-301B-4A01-8571-A66118B9EB64}
		{ADD7F18D-8638-48A3-BAB9-631E9BFD61F1} = {F2A99F07-8877-4C6A-8516-642736A9E9F5}
		{6E46A15A-6CEA-45B0-9832-E6A66893F74F} = {4B2871FF-5126-49ED-9280-AC435E176177}
		{C5CD1096-7202-45A8-842A-0256554CE70B} = {4042CD1A-4C52-440C-93B7-BF5E2108CA59}
		{6A7AA782-45C3-4BF5-BF40-89E5F9DDEF03} = {C7132880-C948-4BE8-A0A7-EE7724355263}
		{85124130-1EC2-4FEF-A605-3E6C457B9875} = {C7132880-C948-4BE8-A0A7-EE7724355263}
		{4042CD1A-4C52-440C-93B7-BF5E2108CA59} = {B94625A9-01F7-4BCF-A688-5E7C98CC21A3}
		{139592EF-FC18-40CB-B5F5-95FB62F1E155} = {B94625A9-01F7-4BCF-A688-5E7C98CC21A3}
		{BBD70FC2-BB53-4AF1-99FF-6CE6BA410967} = {B94625A9-01F7-4BCF-A688-5E7C98CC21A3}
		{C7A1F741-9213-4CFB-849C-A7923C8FF510} = {4042CD1A-4C52-440C-93B7-BF5E2108CA59}
		{EA8EA786-B4D1-4119-A7D6-E06CA1A1081C} = {6A7AA782-45C3-4BF5-BF40-89E5F9DDEF03}
		{4B2871FF-5126-49ED-9280-AC435E176177} = {6A7AA782-45C3-4BF5-BF40-89E5F9DDEF03}
		{2EA094FF-963B-4FEF-92A8-6922CDD09EF9} = {6A7AA782-45C3-4BF5-BF40-89E5F9DDEF03}
	EndGlobalSection
	GlobalSection(ExtensibilityGlobals) = postSolution
		SolutionGuid = {8856E055-D287-4DCB-A5E8-8E11D677B9FD}
	EndGlobalSection
EndGlobal
