
Microsoft Visual Studio Solution File, Format Version 12.00
# Visual Studio 15
VisualStudioVersion = 15.0.28307.705
MinimumVisualStudioVersion = 10.0.40219.1
Project("{FAE04EC0-301F-11D3-BF4B-00C04F79EFBC}") = "CodeMerge", "CodeMerge\CodeMerge.csproj", "{DA1F2727-E10B-4427-8C34-8D1C1E840B12}"
EndProject
Global
	GlobalSection(SolutionConfigurationPlatforms) = preSolution
		Debug|ARM = Debug|ARM
		Debug|ARM64 = Debug|ARM64
		Debug|x64 = Debug|x64
		Debug|x86 = Debug|x86
		Release|ARM = Release|ARM
		Release|ARM64 = Release|ARM64
		Release|x64 = Release|x64
		Release|x86 = Release|x86
	EndGlobalSection
	GlobalSection(ProjectConfigurationPlatforms) = postSolution
		{DA1F2727-E10B-4427-8C34-8D1C1E840B12}.Debug|ARM.ActiveCfg = Debug|ARM
		{DA1F2727-E10B-4427-8C34-8D1C1E840B12}.Debug|ARM.Build.0 = Debug|ARM
		{DA1F2727-E10B-4427-8C34-8D1C1E840B12}.Debug|ARM.Deploy.0 = Debug|ARM
		{DA1F2727-E10B-4427-8C34-8D1C1E840B12}.Debug|ARM64.ActiveCfg = Debug|ARM64
		{DA1F2727-E10B-4427-8C34-8D1C1E840B12}.Debug|ARM64.Build.0 = Debug|ARM64
		{DA1F2727-E10B-4427-8C34-8D1C1E840B12}.Debug|ARM64.Deploy.0 = Debug|ARM64
		{DA1F2727-E10B-4427-8C34-8D1C1E840B12}.Debug|x64.ActiveCfg = Debug|x64
		{DA1F2727-E10B-4427-8C34-8D1C1E840B12}.Debug|x64.Build.0 = Debug|x64
		{DA1F2727-E10B-4427-8C34-8D1C1E840B12}.Debug|x64.Deploy.0 = Debug|x64
		{DA1F2727-E10B-4427-8C34-8D1C1E840B12}.Debug|x86.ActiveCfg = Debug|x86
		{DA1F2727-E10B-4427-8C34-8D1C1E840B12}.Debug|x86.Build.0 = Debug|x86
		{DA1F2727-E10B-4427-8C34-8D1C1E840B12}.Debug|x86.Deploy.0 = Debug|x86
		{DA1F2727-E10B-4427-8C34-8D1C1E840B12}.Release|ARM.ActiveCfg = Release|ARM
		{DA1F2727-E10B-4427-8C34-8D1C1E840B12}.Release|ARM.Build.0 = Release|ARM
		{DA1F2727-E10B-4427-8C34-8D1C1E840B12}.Release|ARM.Deploy.0 = Release|ARM
		{DA1F2727-E10B-4427-8C34-8D1C1E840B12}.Release|ARM64.ActiveCfg = Release|ARM64
		{DA1F2727-E10B-4427-8C34-8D1C1E840B12}.Release|ARM64.Build.0 = Release|ARM64
		{DA1F2727-E10B-4427-8C34-8D1C1E840B12}.Release|ARM64.Deploy.0 = Release|ARM64
		{DA1F2727-E10B-4427-8C34-8D1C1E840B12}.Release|x64.ActiveCfg = Release|x64
		{DA1F2727-E10B-4427-8C34-8D1C1E840B12}.Release|x64.Build.0 = Release|x64
		{DA1F2727-E10B-4427-8C34-8D1C1E840B12}.Release|x64.Deploy.0 = Release|x64
		{DA1F2727-E10B-4427-8C34-8D1C1E840B12}.Release|x86.ActiveCfg = Release|x86
		{DA1F2727-E10B-4427-8C34-8D1C1E840B12}.Release|x86.Build.0 = Release|x86
		{DA1F2727-E10B-4427-8C34-8D1C1E840B12}.Release|x86.Deploy.0 = Release|x86
	EndGlobalSection
	GlobalSection(SolutionProperties) = preSolution
		HideSolutionNode = FALSE
	EndGlobalSection
	GlobalSection(ExtensibilityGlobals) = postSolution
		SolutionGuid = {91073A6D-A85D-4363-9044-12E87A8B4E95}
	EndGlobalSection
EndGlobal
